
Microsoft Visual Studio Solution File, Format Version 12.00
# Visual Studio 15
VisualStudioVersion = 15.0.28307.329
MinimumVisualStudioVersion = 10.0.40219.1
Project("{FAE04EC0-301F-11D3-BF4B-00C04F79EFBC}") = "SaaS.Repository.Pattern", "Shared\SaaS.Repository.Pattern\SaaS.Repository.Pattern.csproj", "{65E322FD-4DFD-4EA9-BBFB-2BDA112CCB57}"
EndProject
Project("{FAE04EC0-301F-11D3-BF4B-00C04F79EFBC}") = "SaaS.Data.Entities", "Shared\SaaS.Data.Entities\SaaS.Data.Entities.csproj", "{E4C589CC-B762-4EF5-A951-F8455314204E}"
EndProject
Project("{FAE04EC0-301F-11D3-BF4B-00C04F79EFBC}") = "SaaS.Repository.Pattern.EF6", "Shared\SaaS.Repository.Pattern.EF6\SaaS.Repository.Pattern.EF6.csproj", "{CA3A183E-DB09-4403-8945-FC0C0514C718}"
EndProject
Project("{FAE04EC0-301F-11D3-BF4B-00C04F79EFBC}") = "SaaS.Identity", "Shared\SaaS.Identity\SaaS.Identity.csproj", "{B92AD5A5-EF14-43AD-90CC-ECEA8F2013BD}"
EndProject
Project("{FAE04EC0-301F-11D3-BF4B-00C04F79EFBC}") = "SaaS.Common", "Shared\SaaS.Common\SaaS.Common.csproj", "{0192B426-B217-4A98-A482-C562B0D2F4F5}"
EndProject
Project("{FAE04EC0-301F-11D3-BF4B-00C04F79EFBC}") = "Upclick.Api.Client", "Shared\Upclick.Api.Client\Upclick.Api.Client.csproj", "{8AC3B67E-A719-4EB9-AF9A-485F66DC31E1}"
EndProject
Project("{FAE04EC0-301F-11D3-BF4B-00C04F79EFBC}") = "SaaS.Api.Admin", "Web.Api\SaaS.Api.Admin\SaaS.Api.Admin.csproj", "{A78F9D31-8C99-4392-8479-3CC3E6DCDFE8}"
EndProject
Project("{FAE04EC0-301F-11D3-BF4B-00C04F79EFBC}") = "SaaS.UI.Admin", "Web.Api\SaaS.UI.Admin\SaaS.UI.Admin.csproj", "{36B5D26F-020C-4520-97BF-13958E9F6DED}"
EndProject
Project("{FAE04EC0-301F-11D3-BF4B-00C04F79EFBC}") = "SaaS.Identity.Admin", "Shared\SaaS.Identity.Admin\SaaS.Identity.Admin.csproj", "{2EB6A5A7-C7B5-4550-A6E7-54763A6F84D9}"
EndProject
Project("{FAE04EC0-301F-11D3-BF4B-00C04F79EFBC}") = "SaaS.Data.Entities.Admin", "Shared\SaaS.Data.Entities.Admin\SaaS.Data.Entities.Admin.csproj", "{48719CDE-9A92-422D-888F-ADF8CE66A63E}"
EndProject
Project("{FAE04EC0-301F-11D3-BF4B-00C04F79EFBC}") = "SaaS.Api.Core", "Shared\SaaS.Api.Core\SaaS.Api.Core.csproj", "{003D88D9-C0AB-4BEE-971E-5D9361A5BBFF}"
EndProject
Project("{FAE04EC0-301F-11D3-BF4B-00C04F79EFBC}") = "SaaS.Notification", "Shared\SaaS.Notification\SaaS.Notification.csproj", "{AB4C0BAA-407A-447D-A8AA-3CB7C0D8EAE1}"
EndProject
Project("{FAE04EC0-301F-11D3-BF4B-00C04F79EFBC}") = "SaaS.Api.Models", "Shared\SaaS.Api.Models\SaaS.Api.Models.csproj", "{E14BF87F-6BCE-4925-BCCB-7958B90E7989}"
EndProject
Project("{FAE04EC0-301F-11D3-BF4B-00C04F79EFBC}") = "SaaS.Api.Client", "Shared\SaaS.Api.Client\SaaS.Api.Client.csproj", "{25BD0832-83FD-4EE2-ACEE-6FC91643D222}"
EndProject
Project("{FAE04EC0-301F-11D3-BF4B-00C04F79EFBC}") = "SaaS.Mailer", "Shared\SaaS.Mailer\SaaS.Mailer.csproj", "{5DC7DC14-0DC4-4708-927E-B930F656C5B7}"
EndProject
Global
	GlobalSection(SolutionConfigurationPlatforms) = preSolution
		LuluSoftDebug|Any CPU = LuluSoftDebug|Any CPU
		LuluSoftDevel|Any CPU = LuluSoftDevel|Any CPU
		LuluSoftRelease|Any CPU = LuluSoftRelease|Any CPU
		LuluSoftStage|Any CPU = LuluSoftStage|Any CPU
		PdfForgeDebug|Any CPU = PdfForgeDebug|Any CPU
		PdfForgeDevel|Any CPU = PdfForgeDevel|Any CPU
		PdfForgeRelease|Any CPU = PdfForgeRelease|Any CPU
		PdfForgeStage|Any CPU = PdfForgeStage|Any CPU
		PdfSamDebug|Any CPU = PdfSamDebug|Any CPU
		PdfSamRelease|Any CPU = PdfSamRelease|Any CPU
		PdfSamStage|Any CPU = PdfSamStage|Any CPU
	EndGlobalSection
	GlobalSection(ProjectConfigurationPlatforms) = postSolution
		{65E322FD-4DFD-4EA9-BBFB-2BDA112CCB57}.LuluSoftDebug|Any CPU.ActiveCfg = Debug|Any CPU
		{65E322FD-4DFD-4EA9-BBFB-2BDA112CCB57}.LuluSoftDebug|Any CPU.Build.0 = Debug|Any CPU
		{65E322FD-4DFD-4EA9-BBFB-2BDA112CCB57}.LuluSoftDevel|Any CPU.ActiveCfg = Release|Any CPU
		{65E322FD-4DFD-4EA9-BBFB-2BDA112CCB57}.LuluSoftDevel|Any CPU.Build.0 = Release|Any CPU
		{65E322FD-4DFD-4EA9-BBFB-2BDA112CCB57}.LuluSoftRelease|Any CPU.ActiveCfg = Release|Any CPU
		{65E322FD-4DFD-4EA9-BBFB-2BDA112CCB57}.LuluSoftRelease|Any CPU.Build.0 = Release|Any CPU
		{65E322FD-4DFD-4EA9-BBFB-2BDA112CCB57}.LuluSoftStage|Any CPU.ActiveCfg = Release|Any CPU
		{65E322FD-4DFD-4EA9-BBFB-2BDA112CCB57}.LuluSoftStage|Any CPU.Build.0 = Release|Any CPU
		{65E322FD-4DFD-4EA9-BBFB-2BDA112CCB57}.PdfForgeDebug|Any CPU.ActiveCfg = Debug|Any CPU
		{65E322FD-4DFD-4EA9-BBFB-2BDA112CCB57}.PdfForgeDebug|Any CPU.Build.0 = Debug|Any CPU
		{65E322FD-4DFD-4EA9-BBFB-2BDA112CCB57}.PdfForgeDevel|Any CPU.ActiveCfg = Release|Any CPU
		{65E322FD-4DFD-4EA9-BBFB-2BDA112CCB57}.PdfForgeDevel|Any CPU.Build.0 = Release|Any CPU
		{65E322FD-4DFD-4EA9-BBFB-2BDA112CCB57}.PdfForgeRelease|Any CPU.ActiveCfg = Release|Any CPU
		{65E322FD-4DFD-4EA9-BBFB-2BDA112CCB57}.PdfForgeRelease|Any CPU.Build.0 = Release|Any CPU
		{65E322FD-4DFD-4EA9-BBFB-2BDA112CCB57}.PdfForgeStage|Any CPU.ActiveCfg = Release|Any CPU
		{65E322FD-4DFD-4EA9-BBFB-2BDA112CCB57}.PdfForgeStage|Any CPU.Build.0 = Release|Any CPU
		{65E322FD-4DFD-4EA9-BBFB-2BDA112CCB57}.PdfSamDebug|Any CPU.ActiveCfg = Debug|Any CPU
		{65E322FD-4DFD-4EA9-BBFB-2BDA112CCB57}.PdfSamDebug|Any CPU.Build.0 = Debug|Any CPU
		{65E322FD-4DFD-4EA9-BBFB-2BDA112CCB57}.PdfSamRelease|Any CPU.ActiveCfg = Release|Any CPU
		{65E322FD-4DFD-4EA9-BBFB-2BDA112CCB57}.PdfSamRelease|Any CPU.Build.0 = Release|Any CPU
		{65E322FD-4DFD-4EA9-BBFB-2BDA112CCB57}.PdfSamStage|Any CPU.ActiveCfg = Release|Any CPU
		{65E322FD-4DFD-4EA9-BBFB-2BDA112CCB57}.PdfSamStage|Any CPU.Build.0 = Release|Any CPU
		{E4C589CC-B762-4EF5-A951-F8455314204E}.LuluSoftDebug|Any CPU.ActiveCfg = Debug|Any CPU
		{E4C589CC-B762-4EF5-A951-F8455314204E}.LuluSoftDebug|Any CPU.Build.0 = Debug|Any CPU
		{E4C589CC-B762-4EF5-A951-F8455314204E}.LuluSoftDevel|Any CPU.ActiveCfg = Release|Any CPU
		{E4C589CC-B762-4EF5-A951-F8455314204E}.LuluSoftDevel|Any CPU.Build.0 = Release|Any CPU
		{E4C589CC-B762-4EF5-A951-F8455314204E}.LuluSoftRelease|Any CPU.ActiveCfg = Release|Any CPU
		{E4C589CC-B762-4EF5-A951-F8455314204E}.LuluSoftRelease|Any CPU.Build.0 = Release|Any CPU
		{E4C589CC-B762-4EF5-A951-F8455314204E}.LuluSoftStage|Any CPU.ActiveCfg = Release|Any CPU
		{E4C589CC-B762-4EF5-A951-F8455314204E}.LuluSoftStage|Any CPU.Build.0 = Release|Any CPU
		{E4C589CC-B762-4EF5-A951-F8455314204E}.PdfForgeDebug|Any CPU.ActiveCfg = Debug|Any CPU
		{E4C589CC-B762-4EF5-A951-F8455314204E}.PdfForgeDebug|Any CPU.Build.0 = Debug|Any CPU
		{E4C589CC-B762-4EF5-A951-F8455314204E}.PdfForgeDevel|Any CPU.ActiveCfg = Release|Any CPU
		{E4C589CC-B762-4EF5-A951-F8455314204E}.PdfForgeDevel|Any CPU.Build.0 = Release|Any CPU
		{E4C589CC-B762-4EF5-A951-F8455314204E}.PdfForgeRelease|Any CPU.ActiveCfg = Release|Any CPU
		{E4C589CC-B762-4EF5-A951-F8455314204E}.PdfForgeRelease|Any CPU.Build.0 = Release|Any CPU
		{E4C589CC-B762-4EF5-A951-F8455314204E}.PdfForgeStage|Any CPU.ActiveCfg = Release|Any CPU
		{E4C589CC-B762-4EF5-A951-F8455314204E}.PdfForgeStage|Any CPU.Build.0 = Release|Any CPU
		{E4C589CC-B762-4EF5-A951-F8455314204E}.PdfSamDebug|Any CPU.ActiveCfg = Debug|Any CPU
		{E4C589CC-B762-4EF5-A951-F8455314204E}.PdfSamDebug|Any CPU.Build.0 = Debug|Any CPU
		{E4C589CC-B762-4EF5-A951-F8455314204E}.PdfSamRelease|Any CPU.ActiveCfg = Release|Any CPU
		{E4C589CC-B762-4EF5-A951-F8455314204E}.PdfSamRelease|Any CPU.Build.0 = Release|Any CPU
		{E4C589CC-B762-4EF5-A951-F8455314204E}.PdfSamStage|Any CPU.ActiveCfg = Release|Any CPU
		{E4C589CC-B762-4EF5-A951-F8455314204E}.PdfSamStage|Any CPU.Build.0 = Release|Any CPU
		{CA3A183E-DB09-4403-8945-FC0C0514C718}.LuluSoftDebug|Any CPU.ActiveCfg = Debug|Any CPU
		{CA3A183E-DB09-4403-8945-FC0C0514C718}.LuluSoftDebug|Any CPU.Build.0 = Debug|Any CPU
		{CA3A183E-DB09-4403-8945-FC0C0514C718}.LuluSoftDevel|Any CPU.ActiveCfg = Release|Any CPU
		{CA3A183E-DB09-4403-8945-FC0C0514C718}.LuluSoftDevel|Any CPU.Build.0 = Release|Any CPU
		{CA3A183E-DB09-4403-8945-FC0C0514C718}.LuluSoftRelease|Any CPU.ActiveCfg = Release|Any CPU
		{CA3A183E-DB09-4403-8945-FC0C0514C718}.LuluSoftRelease|Any CPU.Build.0 = Release|Any CPU
		{CA3A183E-DB09-4403-8945-FC0C0514C718}.LuluSoftStage|Any CPU.ActiveCfg = Release|Any CPU
		{CA3A183E-DB09-4403-8945-FC0C0514C718}.LuluSoftStage|Any CPU.Build.0 = Release|Any CPU
		{CA3A183E-DB09-4403-8945-FC0C0514C718}.PdfForgeDebug|Any CPU.ActiveCfg = Debug|Any CPU
		{CA3A183E-DB09-4403-8945-FC0C0514C718}.PdfForgeDebug|Any CPU.Build.0 = Debug|Any CPU
		{CA3A183E-DB09-4403-8945-FC0C0514C718}.PdfForgeDevel|Any CPU.ActiveCfg = Release|Any CPU
		{CA3A183E-DB09-4403-8945-FC0C0514C718}.PdfForgeDevel|Any CPU.Build.0 = Release|Any CPU
		{CA3A183E-DB09-4403-8945-FC0C0514C718}.PdfForgeRelease|Any CPU.ActiveCfg = Release|Any CPU
		{CA3A183E-DB09-4403-8945-FC0C0514C718}.PdfForgeRelease|Any CPU.Build.0 = Release|Any CPU
		{CA3A183E-DB09-4403-8945-FC0C0514C718}.PdfForgeStage|Any CPU.ActiveCfg = Release|Any CPU
		{CA3A183E-DB09-4403-8945-FC0C0514C718}.PdfForgeStage|Any CPU.Build.0 = Release|Any CPU
		{CA3A183E-DB09-4403-8945-FC0C0514C718}.PdfSamDebug|Any CPU.ActiveCfg = Debug|Any CPU
		{CA3A183E-DB09-4403-8945-FC0C0514C718}.PdfSamDebug|Any CPU.Build.0 = Debug|Any CPU
		{CA3A183E-DB09-4403-8945-FC0C0514C718}.PdfSamRelease|Any CPU.ActiveCfg = Release|Any CPU
		{CA3A183E-DB09-4403-8945-FC0C0514C718}.PdfSamRelease|Any CPU.Build.0 = Release|Any CPU
		{CA3A183E-DB09-4403-8945-FC0C0514C718}.PdfSamStage|Any CPU.ActiveCfg = Release|Any CPU
		{CA3A183E-DB09-4403-8945-FC0C0514C718}.PdfSamStage|Any CPU.Build.0 = Release|Any CPU
		{B92AD5A5-EF14-43AD-90CC-ECEA8F2013BD}.LuluSoftDebug|Any CPU.ActiveCfg = Debug|Any CPU
		{B92AD5A5-EF14-43AD-90CC-ECEA8F2013BD}.LuluSoftDebug|Any CPU.Build.0 = Debug|Any CPU
		{B92AD5A5-EF14-43AD-90CC-ECEA8F2013BD}.LuluSoftDevel|Any CPU.ActiveCfg = Release|Any CPU
		{B92AD5A5-EF14-43AD-90CC-ECEA8F2013BD}.LuluSoftDevel|Any CPU.Build.0 = Release|Any CPU
		{B92AD5A5-EF14-43AD-90CC-ECEA8F2013BD}.LuluSoftRelease|Any CPU.ActiveCfg = Release|Any CPU
		{B92AD5A5-EF14-43AD-90CC-ECEA8F2013BD}.LuluSoftRelease|Any CPU.Build.0 = Release|Any CPU
		{B92AD5A5-EF14-43AD-90CC-ECEA8F2013BD}.LuluSoftStage|Any CPU.ActiveCfg = Release|Any CPU
		{B92AD5A5-EF14-43AD-90CC-ECEA8F2013BD}.LuluSoftStage|Any CPU.Build.0 = Release|Any CPU
		{B92AD5A5-EF14-43AD-90CC-ECEA8F2013BD}.PdfForgeDebug|Any CPU.ActiveCfg = Debug|Any CPU
		{B92AD5A5-EF14-43AD-90CC-ECEA8F2013BD}.PdfForgeDebug|Any CPU.Build.0 = Debug|Any CPU
		{B92AD5A5-EF14-43AD-90CC-ECEA8F2013BD}.PdfForgeDevel|Any CPU.ActiveCfg = Release|Any CPU
		{B92AD5A5-EF14-43AD-90CC-ECEA8F2013BD}.PdfForgeDevel|Any CPU.Build.0 = Release|Any CPU
		{B92AD5A5-EF14-43AD-90CC-ECEA8F2013BD}.PdfForgeRelease|Any CPU.ActiveCfg = Release|Any CPU
		{B92AD5A5-EF14-43AD-90CC-ECEA8F2013BD}.PdfForgeRelease|Any CPU.Build.0 = Release|Any CPU
		{B92AD5A5-EF14-43AD-90CC-ECEA8F2013BD}.PdfForgeStage|Any CPU.ActiveCfg = Release|Any CPU
		{B92AD5A5-EF14-43AD-90CC-ECEA8F2013BD}.PdfForgeStage|Any CPU.Build.0 = Release|Any CPU
		{B92AD5A5-EF14-43AD-90CC-ECEA8F2013BD}.PdfSamDebug|Any CPU.ActiveCfg = Debug|Any CPU
		{B92AD5A5-EF14-43AD-90CC-ECEA8F2013BD}.PdfSamDebug|Any CPU.Build.0 = Debug|Any CPU
		{B92AD5A5-EF14-43AD-90CC-ECEA8F2013BD}.PdfSamRelease|Any CPU.ActiveCfg = Release|Any CPU
		{B92AD5A5-EF14-43AD-90CC-ECEA8F2013BD}.PdfSamRelease|Any CPU.Build.0 = Release|Any CPU
		{B92AD5A5-EF14-43AD-90CC-ECEA8F2013BD}.PdfSamStage|Any CPU.ActiveCfg = Release|Any CPU
		{B92AD5A5-EF14-43AD-90CC-ECEA8F2013BD}.PdfSamStage|Any CPU.Build.0 = Release|Any CPU
		{0192B426-B217-4A98-A482-C562B0D2F4F5}.LuluSoftDebug|Any CPU.ActiveCfg = Debug|Any CPU
		{0192B426-B217-4A98-A482-C562B0D2F4F5}.LuluSoftDebug|Any CPU.Build.0 = Debug|Any CPU
		{0192B426-B217-4A98-A482-C562B0D2F4F5}.LuluSoftDevel|Any CPU.ActiveCfg = Release|Any CPU
		{0192B426-B217-4A98-A482-C562B0D2F4F5}.LuluSoftDevel|Any CPU.Build.0 = Release|Any CPU
		{0192B426-B217-4A98-A482-C562B0D2F4F5}.LuluSoftRelease|Any CPU.ActiveCfg = Release|Any CPU
		{0192B426-B217-4A98-A482-C562B0D2F4F5}.LuluSoftRelease|Any CPU.Build.0 = Release|Any CPU
		{0192B426-B217-4A98-A482-C562B0D2F4F5}.LuluSoftStage|Any CPU.ActiveCfg = Release|Any CPU
		{0192B426-B217-4A98-A482-C562B0D2F4F5}.LuluSoftStage|Any CPU.Build.0 = Release|Any CPU
		{0192B426-B217-4A98-A482-C562B0D2F4F5}.PdfForgeDebug|Any CPU.ActiveCfg = Debug|Any CPU
		{0192B426-B217-4A98-A482-C562B0D2F4F5}.PdfForgeDebug|Any CPU.Build.0 = Debug|Any CPU
		{0192B426-B217-4A98-A482-C562B0D2F4F5}.PdfForgeDevel|Any CPU.ActiveCfg = Release|Any CPU
		{0192B426-B217-4A98-A482-C562B0D2F4F5}.PdfForgeDevel|Any CPU.Build.0 = Release|Any CPU
		{0192B426-B217-4A98-A482-C562B0D2F4F5}.PdfForgeRelease|Any CPU.ActiveCfg = Release|Any CPU
		{0192B426-B217-4A98-A482-C562B0D2F4F5}.PdfForgeRelease|Any CPU.Build.0 = Release|Any CPU
		{0192B426-B217-4A98-A482-C562B0D2F4F5}.PdfForgeStage|Any CPU.ActiveCfg = Release|Any CPU
		{0192B426-B217-4A98-A482-C562B0D2F4F5}.PdfForgeStage|Any CPU.Build.0 = Release|Any CPU
		{0192B426-B217-4A98-A482-C562B0D2F4F5}.PdfSamDebug|Any CPU.ActiveCfg = Debug|Any CPU
		{0192B426-B217-4A98-A482-C562B0D2F4F5}.PdfSamDebug|Any CPU.Build.0 = Debug|Any CPU
		{0192B426-B217-4A98-A482-C562B0D2F4F5}.PdfSamRelease|Any CPU.ActiveCfg = Release|Any CPU
		{0192B426-B217-4A98-A482-C562B0D2F4F5}.PdfSamRelease|Any CPU.Build.0 = Release|Any CPU
		{0192B426-B217-4A98-A482-C562B0D2F4F5}.PdfSamStage|Any CPU.ActiveCfg = Release|Any CPU
		{0192B426-B217-4A98-A482-C562B0D2F4F5}.PdfSamStage|Any CPU.Build.0 = Release|Any CPU
		{8AC3B67E-A719-4EB9-AF9A-485F66DC31E1}.LuluSoftDebug|Any CPU.ActiveCfg = Debug|Any CPU
		{8AC3B67E-A719-4EB9-AF9A-485F66DC31E1}.LuluSoftDebug|Any CPU.Build.0 = Debug|Any CPU
		{8AC3B67E-A719-4EB9-AF9A-485F66DC31E1}.LuluSoftDevel|Any CPU.ActiveCfg = Release|Any CPU
		{8AC3B67E-A719-4EB9-AF9A-485F66DC31E1}.LuluSoftDevel|Any CPU.Build.0 = Release|Any CPU
		{8AC3B67E-A719-4EB9-AF9A-485F66DC31E1}.LuluSoftRelease|Any CPU.ActiveCfg = Release|Any CPU
		{8AC3B67E-A719-4EB9-AF9A-485F66DC31E1}.LuluSoftRelease|Any CPU.Build.0 = Release|Any CPU
		{8AC3B67E-A719-4EB9-AF9A-485F66DC31E1}.LuluSoftStage|Any CPU.ActiveCfg = Release|Any CPU
		{8AC3B67E-A719-4EB9-AF9A-485F66DC31E1}.LuluSoftStage|Any CPU.Build.0 = Release|Any CPU
		{8AC3B67E-A719-4EB9-AF9A-485F66DC31E1}.PdfForgeDebug|Any CPU.ActiveCfg = Debug|Any CPU
		{8AC3B67E-A719-4EB9-AF9A-485F66DC31E1}.PdfForgeDebug|Any CPU.Build.0 = Debug|Any CPU
		{8AC3B67E-A719-4EB9-AF9A-485F66DC31E1}.PdfForgeDevel|Any CPU.ActiveCfg = Release|Any CPU
		{8AC3B67E-A719-4EB9-AF9A-485F66DC31E1}.PdfForgeDevel|Any CPU.Build.0 = Release|Any CPU
		{8AC3B67E-A719-4EB9-AF9A-485F66DC31E1}.PdfForgeRelease|Any CPU.ActiveCfg = Release|Any CPU
		{8AC3B67E-A719-4EB9-AF9A-485F66DC31E1}.PdfForgeRelease|Any CPU.Build.0 = Release|Any CPU
		{8AC3B67E-A719-4EB9-AF9A-485F66DC31E1}.PdfForgeStage|Any CPU.ActiveCfg = Release|Any CPU
		{8AC3B67E-A719-4EB9-AF9A-485F66DC31E1}.PdfForgeStage|Any CPU.Build.0 = Release|Any CPU
		{8AC3B67E-A719-4EB9-AF9A-485F66DC31E1}.PdfSamDebug|Any CPU.ActiveCfg = Debug|Any CPU
		{8AC3B67E-A719-4EB9-AF9A-485F66DC31E1}.PdfSamDebug|Any CPU.Build.0 = Debug|Any CPU
		{8AC3B67E-A719-4EB9-AF9A-485F66DC31E1}.PdfSamRelease|Any CPU.ActiveCfg = Release|Any CPU
		{8AC3B67E-A719-4EB9-AF9A-485F66DC31E1}.PdfSamRelease|Any CPU.Build.0 = Release|Any CPU
		{8AC3B67E-A719-4EB9-AF9A-485F66DC31E1}.PdfSamStage|Any CPU.ActiveCfg = Release|Any CPU
		{8AC3B67E-A719-4EB9-AF9A-485F66DC31E1}.PdfSamStage|Any CPU.Build.0 = Release|Any CPU
		{A78F9D31-8C99-4392-8479-3CC3E6DCDFE8}.LuluSoftDebug|Any CPU.ActiveCfg = LuluSoftDebug|Any CPU
		{A78F9D31-8C99-4392-8479-3CC3E6DCDFE8}.LuluSoftDebug|Any CPU.Build.0 = LuluSoftDebug|Any CPU
		{A78F9D31-8C99-4392-8479-3CC3E6DCDFE8}.LuluSoftDevel|Any CPU.ActiveCfg = LuluSoftDevel|Any CPU
		{A78F9D31-8C99-4392-8479-3CC3E6DCDFE8}.LuluSoftDevel|Any CPU.Build.0 = LuluSoftDevel|Any CPU
		{A78F9D31-8C99-4392-8479-3CC3E6DCDFE8}.LuluSoftRelease|Any CPU.ActiveCfg = LuluSoftRelease|Any CPU
		{A78F9D31-8C99-4392-8479-3CC3E6DCDFE8}.LuluSoftRelease|Any CPU.Build.0 = LuluSoftRelease|Any CPU
		{A78F9D31-8C99-4392-8479-3CC3E6DCDFE8}.LuluSoftStage|Any CPU.ActiveCfg = LuluSoftStage|Any CPU
		{A78F9D31-8C99-4392-8479-3CC3E6DCDFE8}.LuluSoftStage|Any CPU.Build.0 = LuluSoftStage|Any CPU
		{A78F9D31-8C99-4392-8479-3CC3E6DCDFE8}.PdfForgeDebug|Any CPU.ActiveCfg = PdfForgeDebug|Any CPU
		{A78F9D31-8C99-4392-8479-3CC3E6DCDFE8}.PdfForgeDebug|Any CPU.Build.0 = PdfForgeDebug|Any CPU
		{A78F9D31-8C99-4392-8479-3CC3E6DCDFE8}.PdfForgeDevel|Any CPU.ActiveCfg = PdfForgeDevel|Any CPU
		{A78F9D31-8C99-4392-8479-3CC3E6DCDFE8}.PdfForgeDevel|Any CPU.Build.0 = PdfForgeDevel|Any CPU
		{A78F9D31-8C99-4392-8479-3CC3E6DCDFE8}.PdfForgeRelease|Any CPU.ActiveCfg = PdfForgeRelease|Any CPU
		{A78F9D31-8C99-4392-8479-3CC3E6DCDFE8}.PdfForgeRelease|Any CPU.Build.0 = PdfForgeRelease|Any CPU
		{A78F9D31-8C99-4392-8479-3CC3E6DCDFE8}.PdfForgeStage|Any CPU.ActiveCfg = PdfForgeStage|Any CPU
		{A78F9D31-8C99-4392-8479-3CC3E6DCDFE8}.PdfForgeStage|Any CPU.Build.0 = PdfForgeStage|Any CPU
		{A78F9D31-8C99-4392-8479-3CC3E6DCDFE8}.PdfSamDebug|Any CPU.ActiveCfg = PdfSamDebug|Any CPU
		{A78F9D31-8C99-4392-8479-3CC3E6DCDFE8}.PdfSamDebug|Any CPU.Build.0 = PdfSamDebug|Any CPU
		{A78F9D31-8C99-4392-8479-3CC3E6DCDFE8}.PdfSamRelease|Any CPU.ActiveCfg = PdfSamRelease|Any CPU
		{A78F9D31-8C99-4392-8479-3CC3E6DCDFE8}.PdfSamRelease|Any CPU.Build.0 = PdfSamRelease|Any CPU
		{A78F9D31-8C99-4392-8479-3CC3E6DCDFE8}.PdfSamStage|Any CPU.ActiveCfg = PdfSamStage|Any CPU
		{A78F9D31-8C99-4392-8479-3CC3E6DCDFE8}.PdfSamStage|Any CPU.Build.0 = PdfSamStage|Any CPU
		{36B5D26F-020C-4520-97BF-13958E9F6DED}.LuluSoftDebug|Any CPU.ActiveCfg = LuluSoftDebug|Any CPU
		{36B5D26F-020C-4520-97BF-13958E9F6DED}.LuluSoftDebug|Any CPU.Build.0 = LuluSoftDebug|Any CPU
		{36B5D26F-020C-4520-97BF-13958E9F6DED}.LuluSoftDevel|Any CPU.ActiveCfg = LuluSoftDevel|Any CPU
		{36B5D26F-020C-4520-97BF-13958E9F6DED}.LuluSoftDevel|Any CPU.Build.0 = LuluSoftDevel|Any CPU
		{36B5D26F-020C-4520-97BF-13958E9F6DED}.LuluSoftRelease|Any CPU.ActiveCfg = LuluSoftRelease|Any CPU
		{36B5D26F-020C-4520-97BF-13958E9F6DED}.LuluSoftRelease|Any CPU.Build.0 = LuluSoftRelease|Any CPU
		{36B5D26F-020C-4520-97BF-13958E9F6DED}.LuluSoftStage|Any CPU.ActiveCfg = LuluSoftStage|Any CPU
		{36B5D26F-020C-4520-97BF-13958E9F6DED}.LuluSoftStage|Any CPU.Build.0 = LuluSoftStage|Any CPU
		{36B5D26F-020C-4520-97BF-13958E9F6DED}.PdfForgeDebug|Any CPU.ActiveCfg = PdfForgeDebug|Any CPU
		{36B5D26F-020C-4520-97BF-13958E9F6DED}.PdfForgeDebug|Any CPU.Build.0 = PdfForgeDebug|Any CPU
		{36B5D26F-020C-4520-97BF-13958E9F6DED}.PdfForgeDevel|Any CPU.ActiveCfg = PdfForgeDevel|Any CPU
		{36B5D26F-020C-4520-97BF-13958E9F6DED}.PdfForgeDevel|Any CPU.Build.0 = PdfForgeDevel|Any CPU
		{36B5D26F-020C-4520-97BF-13958E9F6DED}.PdfForgeRelease|Any CPU.ActiveCfg = PdfForgeRelease|Any CPU
		{36B5D26F-020C-4520-97BF-13958E9F6DED}.PdfForgeRelease|Any CPU.Build.0 = PdfForgeRelease|Any CPU
		{36B5D26F-020C-4520-97BF-13958E9F6DED}.PdfForgeStage|Any CPU.ActiveCfg = PdfForgeStage|Any CPU
		{36B5D26F-020C-4520-97BF-13958E9F6DED}.PdfForgeStage|Any CPU.Build.0 = PdfForgeStage|Any CPU
		{36B5D26F-020C-4520-97BF-13958E9F6DED}.PdfSamDebug|Any CPU.ActiveCfg = PdfSamDebug|Any CPU
		{36B5D26F-020C-4520-97BF-13958E9F6DED}.PdfSamDebug|Any CPU.Build.0 = PdfSamDebug|Any CPU
		{36B5D26F-020C-4520-97BF-13958E9F6DED}.PdfSamRelease|Any CPU.ActiveCfg = PdfSamRelease|Any CPU
		{36B5D26F-020C-4520-97BF-13958E9F6DED}.PdfSamRelease|Any CPU.Build.0 = PdfSamRelease|Any CPU
		{36B5D26F-020C-4520-97BF-13958E9F6DED}.PdfSamStage|Any CPU.ActiveCfg = PdfSamStage|Any CPU
		{36B5D26F-020C-4520-97BF-13958E9F6DED}.PdfSamStage|Any CPU.Build.0 = PdfSamStage|Any CPU
		{2EB6A5A7-C7B5-4550-A6E7-54763A6F84D9}.LuluSoftDebug|Any CPU.ActiveCfg = Debug|Any CPU
		{2EB6A5A7-C7B5-4550-A6E7-54763A6F84D9}.LuluSoftDebug|Any CPU.Build.0 = Debug|Any CPU
		{2EB6A5A7-C7B5-4550-A6E7-54763A6F84D9}.LuluSoftDevel|Any CPU.ActiveCfg = Release|Any CPU
		{2EB6A5A7-C7B5-4550-A6E7-54763A6F84D9}.LuluSoftDevel|Any CPU.Build.0 = Release|Any CPU
		{2EB6A5A7-C7B5-4550-A6E7-54763A6F84D9}.LuluSoftRelease|Any CPU.ActiveCfg = Release|Any CPU
		{2EB6A5A7-C7B5-4550-A6E7-54763A6F84D9}.LuluSoftRelease|Any CPU.Build.0 = Release|Any CPU
		{2EB6A5A7-C7B5-4550-A6E7-54763A6F84D9}.LuluSoftStage|Any CPU.ActiveCfg = Release|Any CPU
		{2EB6A5A7-C7B5-4550-A6E7-54763A6F84D9}.LuluSoftStage|Any CPU.Build.0 = Release|Any CPU
		{2EB6A5A7-C7B5-4550-A6E7-54763A6F84D9}.PdfForgeDebug|Any CPU.ActiveCfg = Debug|Any CPU
		{2EB6A5A7-C7B5-4550-A6E7-54763A6F84D9}.PdfForgeDebug|Any CPU.Build.0 = Debug|Any CPU
		{2EB6A5A7-C7B5-4550-A6E7-54763A6F84D9}.PdfForgeDevel|Any CPU.ActiveCfg = Release|Any CPU
		{2EB6A5A7-C7B5-4550-A6E7-54763A6F84D9}.PdfForgeDevel|Any CPU.Build.0 = Release|Any CPU
		{2EB6A5A7-C7B5-4550-A6E7-54763A6F84D9}.PdfForgeRelease|Any CPU.ActiveCfg = Release|Any CPU
		{2EB6A5A7-C7B5-4550-A6E7-54763A6F84D9}.PdfForgeRelease|Any CPU.Build.0 = Release|Any CPU
		{2EB6A5A7-C7B5-4550-A6E7-54763A6F84D9}.PdfForgeStage|Any CPU.ActiveCfg = Release|Any CPU
		{2EB6A5A7-C7B5-4550-A6E7-54763A6F84D9}.PdfForgeStage|Any CPU.Build.0 = Release|Any CPU
		{2EB6A5A7-C7B5-4550-A6E7-54763A6F84D9}.PdfSamDebug|Any CPU.ActiveCfg = Debug|Any CPU
		{2EB6A5A7-C7B5-4550-A6E7-54763A6F84D9}.PdfSamDebug|Any CPU.Build.0 = Debug|Any CPU
		{2EB6A5A7-C7B5-4550-A6E7-54763A6F84D9}.PdfSamRelease|Any CPU.ActiveCfg = Release|Any CPU
		{2EB6A5A7-C7B5-4550-A6E7-54763A6F84D9}.PdfSamRelease|Any CPU.Build.0 = Release|Any CPU
		{2EB6A5A7-C7B5-4550-A6E7-54763A6F84D9}.PdfSamStage|Any CPU.ActiveCfg = Release|Any CPU
		{2EB6A5A7-C7B5-4550-A6E7-54763A6F84D9}.PdfSamStage|Any CPU.Build.0 = Release|Any CPU
		{48719CDE-9A92-422D-888F-ADF8CE66A63E}.LuluSoftDebug|Any CPU.ActiveCfg = Debug|Any CPU
		{48719CDE-9A92-422D-888F-ADF8CE66A63E}.LuluSoftDebug|Any CPU.Build.0 = Debug|Any CPU
		{48719CDE-9A92-422D-888F-ADF8CE66A63E}.LuluSoftDevel|Any CPU.ActiveCfg = Release|Any CPU
		{48719CDE-9A92-422D-888F-ADF8CE66A63E}.LuluSoftDevel|Any CPU.Build.0 = Release|Any CPU
		{48719CDE-9A92-422D-888F-ADF8CE66A63E}.LuluSoftRelease|Any CPU.ActiveCfg = Release|Any CPU
		{48719CDE-9A92-422D-888F-ADF8CE66A63E}.LuluSoftRelease|Any CPU.Build.0 = Release|Any CPU
		{48719CDE-9A92-422D-888F-ADF8CE66A63E}.LuluSoftStage|Any CPU.ActiveCfg = Release|Any CPU
		{48719CDE-9A92-422D-888F-ADF8CE66A63E}.LuluSoftStage|Any CPU.Build.0 = Release|Any CPU
		{48719CDE-9A92-422D-888F-ADF8CE66A63E}.PdfForgeDebug|Any CPU.ActiveCfg = Debug|Any CPU
		{48719CDE-9A92-422D-888F-ADF8CE66A63E}.PdfForgeDebug|Any CPU.Build.0 = Debug|Any CPU
		{48719CDE-9A92-422D-888F-ADF8CE66A63E}.PdfForgeDevel|Any CPU.ActiveCfg = Release|Any CPU
		{48719CDE-9A92-422D-888F-ADF8CE66A63E}.PdfForgeDevel|Any CPU.Build.0 = Release|Any CPU
		{48719CDE-9A92-422D-888F-ADF8CE66A63E}.PdfForgeRelease|Any CPU.ActiveCfg = Release|Any CPU
		{48719CDE-9A92-422D-888F-ADF8CE66A63E}.PdfForgeRelease|Any CPU.Build.0 = Release|Any CPU
		{48719CDE-9A92-422D-888F-ADF8CE66A63E}.PdfForgeStage|Any CPU.ActiveCfg = Release|Any CPU
		{48719CDE-9A92-422D-888F-ADF8CE66A63E}.PdfForgeStage|Any CPU.Build.0 = Release|Any CPU
		{48719CDE-9A92-422D-888F-ADF8CE66A63E}.PdfSamDebug|Any CPU.ActiveCfg = Debug|Any CPU
		{48719CDE-9A92-422D-888F-ADF8CE66A63E}.PdfSamDebug|Any CPU.Build.0 = Debug|Any CPU
		{48719CDE-9A92-422D-888F-ADF8CE66A63E}.PdfSamRelease|Any CPU.ActiveCfg = Release|Any CPU
		{48719CDE-9A92-422D-888F-ADF8CE66A63E}.PdfSamRelease|Any CPU.Build.0 = Release|Any CPU
		{48719CDE-9A92-422D-888F-ADF8CE66A63E}.PdfSamStage|Any CPU.ActiveCfg = Release|Any CPU
		{48719CDE-9A92-422D-888F-ADF8CE66A63E}.PdfSamStage|Any CPU.Build.0 = Release|Any CPU
		{003D88D9-C0AB-4BEE-971E-5D9361A5BBFF}.LuluSoftDebug|Any CPU.ActiveCfg = Debug|Any CPU
		{003D88D9-C0AB-4BEE-971E-5D9361A5BBFF}.LuluSoftDebug|Any CPU.Build.0 = Debug|Any CPU
		{003D88D9-C0AB-4BEE-971E-5D9361A5BBFF}.LuluSoftDevel|Any CPU.ActiveCfg = Release|Any CPU
		{003D88D9-C0AB-4BEE-971E-5D9361A5BBFF}.LuluSoftDevel|Any CPU.Build.0 = Release|Any CPU
		{003D88D9-C0AB-4BEE-971E-5D9361A5BBFF}.LuluSoftRelease|Any CPU.ActiveCfg = Release|Any CPU
		{003D88D9-C0AB-4BEE-971E-5D9361A5BBFF}.LuluSoftRelease|Any CPU.Build.0 = Release|Any CPU
		{003D88D9-C0AB-4BEE-971E-5D9361A5BBFF}.LuluSoftStage|Any CPU.ActiveCfg = Release|Any CPU
		{003D88D9-C0AB-4BEE-971E-5D9361A5BBFF}.LuluSoftStage|Any CPU.Build.0 = Release|Any CPU
		{003D88D9-C0AB-4BEE-971E-5D9361A5BBFF}.PdfForgeDebug|Any CPU.ActiveCfg = Debug|Any CPU
		{003D88D9-C0AB-4BEE-971E-5D9361A5BBFF}.PdfForgeDebug|Any CPU.Build.0 = Debug|Any CPU
		{003D88D9-C0AB-4BEE-971E-5D9361A5BBFF}.PdfForgeDevel|Any CPU.ActiveCfg = Release|Any CPU
		{003D88D9-C0AB-4BEE-971E-5D9361A5BBFF}.PdfForgeDevel|Any CPU.Build.0 = Release|Any CPU
		{003D88D9-C0AB-4BEE-971E-5D9361A5BBFF}.PdfForgeRelease|Any CPU.ActiveCfg = Release|Any CPU
		{003D88D9-C0AB-4BEE-971E-5D9361A5BBFF}.PdfForgeRelease|Any CPU.Build.0 = Release|Any CPU
		{003D88D9-C0AB-4BEE-971E-5D9361A5BBFF}.PdfForgeStage|Any CPU.ActiveCfg = Release|Any CPU
		{003D88D9-C0AB-4BEE-971E-5D9361A5BBFF}.PdfForgeStage|Any CPU.Build.0 = Release|Any CPU
		{003D88D9-C0AB-4BEE-971E-5D9361A5BBFF}.PdfSamDebug|Any CPU.ActiveCfg = Debug|Any CPU
		{003D88D9-C0AB-4BEE-971E-5D9361A5BBFF}.PdfSamDebug|Any CPU.Build.0 = Debug|Any CPU
		{003D88D9-C0AB-4BEE-971E-5D9361A5BBFF}.PdfSamRelease|Any CPU.ActiveCfg = Release|Any CPU
		{003D88D9-C0AB-4BEE-971E-5D9361A5BBFF}.PdfSamRelease|Any CPU.Build.0 = Release|Any CPU
		{003D88D9-C0AB-4BEE-971E-5D9361A5BBFF}.PdfSamStage|Any CPU.ActiveCfg = Release|Any CPU
		{003D88D9-C0AB-4BEE-971E-5D9361A5BBFF}.PdfSamStage|Any CPU.Build.0 = Release|Any CPU
		{AB4C0BAA-407A-447D-A8AA-3CB7C0D8EAE1}.LuluSoftDebug|Any CPU.ActiveCfg = Debug|Any CPU
		{AB4C0BAA-407A-447D-A8AA-3CB7C0D8EAE1}.LuluSoftDebug|Any CPU.Build.0 = Debug|Any CPU
		{AB4C0BAA-407A-447D-A8AA-3CB7C0D8EAE1}.LuluSoftDevel|Any CPU.ActiveCfg = Release|Any CPU
		{AB4C0BAA-407A-447D-A8AA-3CB7C0D8EAE1}.LuluSoftDevel|Any CPU.Build.0 = Release|Any CPU
		{AB4C0BAA-407A-447D-A8AA-3CB7C0D8EAE1}.LuluSoftRelease|Any CPU.ActiveCfg = Release|Any CPU
		{AB4C0BAA-407A-447D-A8AA-3CB7C0D8EAE1}.LuluSoftRelease|Any CPU.Build.0 = Release|Any CPU
		{AB4C0BAA-407A-447D-A8AA-3CB7C0D8EAE1}.LuluSoftStage|Any CPU.ActiveCfg = Release|Any CPU
		{AB4C0BAA-407A-447D-A8AA-3CB7C0D8EAE1}.LuluSoftStage|Any CPU.Build.0 = Release|Any CPU
		{AB4C0BAA-407A-447D-A8AA-3CB7C0D8EAE1}.PdfForgeDebug|Any CPU.ActiveCfg = Debug|Any CPU
		{AB4C0BAA-407A-447D-A8AA-3CB7C0D8EAE1}.PdfForgeDebug|Any CPU.Build.0 = Debug|Any CPU
		{AB4C0BAA-407A-447D-A8AA-3CB7C0D8EAE1}.PdfForgeDevel|Any CPU.ActiveCfg = Release|Any CPU
		{AB4C0BAA-407A-447D-A8AA-3CB7C0D8EAE1}.PdfForgeDevel|Any CPU.Build.0 = Release|Any CPU
		{AB4C0BAA-407A-447D-A8AA-3CB7C0D8EAE1}.PdfForgeRelease|Any CPU.ActiveCfg = Release|Any CPU
		{AB4C0BAA-407A-447D-A8AA-3CB7C0D8EAE1}.PdfForgeRelease|Any CPU.Build.0 = Release|Any CPU
		{AB4C0BAA-407A-447D-A8AA-3CB7C0D8EAE1}.PdfForgeStage|Any CPU.ActiveCfg = Release|Any CPU
		{AB4C0BAA-407A-447D-A8AA-3CB7C0D8EAE1}.PdfForgeStage|Any CPU.Build.0 = Release|Any CPU
		{AB4C0BAA-407A-447D-A8AA-3CB7C0D8EAE1}.PdfSamDebug|Any CPU.ActiveCfg = Debug|Any CPU
		{AB4C0BAA-407A-447D-A8AA-3CB7C0D8EAE1}.PdfSamDebug|Any CPU.Build.0 = Debug|Any CPU
		{AB4C0BAA-407A-447D-A8AA-3CB7C0D8EAE1}.PdfSamRelease|Any CPU.ActiveCfg = Release|Any CPU
		{AB4C0BAA-407A-447D-A8AA-3CB7C0D8EAE1}.PdfSamRelease|Any CPU.Build.0 = Release|Any CPU
		{AB4C0BAA-407A-447D-A8AA-3CB7C0D8EAE1}.PdfSamStage|Any CPU.ActiveCfg = Release|Any CPU
		{AB4C0BAA-407A-447D-A8AA-3CB7C0D8EAE1}.PdfSamStage|Any CPU.Build.0 = Release|Any CPU
		{E14BF87F-6BCE-4925-BCCB-7958B90E7989}.LuluSoftDebug|Any CPU.ActiveCfg = Debug|Any CPU
		{E14BF87F-6BCE-4925-BCCB-7958B90E7989}.LuluSoftDebug|Any CPU.Build.0 = Debug|Any CPU
		{E14BF87F-6BCE-4925-BCCB-7958B90E7989}.LuluSoftDevel|Any CPU.ActiveCfg = Release|Any CPU
		{E14BF87F-6BCE-4925-BCCB-7958B90E7989}.LuluSoftDevel|Any CPU.Build.0 = Release|Any CPU
		{E14BF87F-6BCE-4925-BCCB-7958B90E7989}.LuluSoftRelease|Any CPU.ActiveCfg = Release|Any CPU
		{E14BF87F-6BCE-4925-BCCB-7958B90E7989}.LuluSoftRelease|Any CPU.Build.0 = Release|Any CPU
		{E14BF87F-6BCE-4925-BCCB-7958B90E7989}.LuluSoftStage|Any CPU.ActiveCfg = Release|Any CPU
		{E14BF87F-6BCE-4925-BCCB-7958B90E7989}.LuluSoftStage|Any CPU.Build.0 = Release|Any CPU
		{E14BF87F-6BCE-4925-BCCB-7958B90E7989}.PdfForgeDebug|Any CPU.ActiveCfg = Debug|Any CPU
		{E14BF87F-6BCE-4925-BCCB-7958B90E7989}.PdfForgeDebug|Any CPU.Build.0 = Debug|Any CPU
		{E14BF87F-6BCE-4925-BCCB-7958B90E7989}.PdfForgeDevel|Any CPU.ActiveCfg = Release|Any CPU
		{E14BF87F-6BCE-4925-BCCB-7958B90E7989}.PdfForgeDevel|Any CPU.Build.0 = Release|Any CPU
		{E14BF87F-6BCE-4925-BCCB-7958B90E7989}.PdfForgeRelease|Any CPU.ActiveCfg = Release|Any CPU
		{E14BF87F-6BCE-4925-BCCB-7958B90E7989}.PdfForgeRelease|Any CPU.Build.0 = Release|Any CPU
		{E14BF87F-6BCE-4925-BCCB-7958B90E7989}.PdfForgeStage|Any CPU.ActiveCfg = Release|Any CPU
		{E14BF87F-6BCE-4925-BCCB-7958B90E7989}.PdfForgeStage|Any CPU.Build.0 = Release|Any CPU
		{E14BF87F-6BCE-4925-BCCB-7958B90E7989}.PdfForgeStage|Any CPU.Deploy.0 = Release|Any CPU
		{E14BF87F-6BCE-4925-BCCB-7958B90E7989}.PdfSamDebug|Any CPU.ActiveCfg = Debug|Any CPU
		{E14BF87F-6BCE-4925-BCCB-7958B90E7989}.PdfSamDebug|Any CPU.Build.0 = Debug|Any CPU
		{E14BF87F-6BCE-4925-BCCB-7958B90E7989}.PdfSamRelease|Any CPU.ActiveCfg = Release|Any CPU
		{E14BF87F-6BCE-4925-BCCB-7958B90E7989}.PdfSamRelease|Any CPU.Build.0 = Release|Any CPU
		{E14BF87F-6BCE-4925-BCCB-7958B90E7989}.PdfSamStage|Any CPU.ActiveCfg = Release|Any CPU
		{E14BF87F-6BCE-4925-BCCB-7958B90E7989}.PdfSamStage|Any CPU.Build.0 = Release|Any CPU
		{25BD0832-83FD-4EE2-ACEE-6FC91643D222}.LuluSoftDebug|Any CPU.ActiveCfg = Debug|Any CPU
		{25BD0832-83FD-4EE2-ACEE-6FC91643D222}.LuluSoftDebug|Any CPU.Build.0 = Debug|Any CPU
		{25BD0832-83FD-4EE2-ACEE-6FC91643D222}.LuluSoftDevel|Any CPU.ActiveCfg = Release|Any CPU
		{25BD0832-83FD-4EE2-ACEE-6FC91643D222}.LuluSoftDevel|Any CPU.Build.0 = Release|Any CPU
		{25BD0832-83FD-4EE2-ACEE-6FC91643D222}.LuluSoftRelease|Any CPU.ActiveCfg = Release|Any CPU
		{25BD0832-83FD-4EE2-ACEE-6FC91643D222}.LuluSoftRelease|Any CPU.Build.0 = Release|Any CPU
		{25BD0832-83FD-4EE2-ACEE-6FC91643D222}.LuluSoftStage|Any CPU.ActiveCfg = Release|Any CPU
		{25BD0832-83FD-4EE2-ACEE-6FC91643D222}.LuluSoftStage|Any CPU.Build.0 = Release|Any CPU
		{25BD0832-83FD-4EE2-ACEE-6FC91643D222}.PdfForgeDebug|Any CPU.ActiveCfg = Debug|Any CPU
		{25BD0832-83FD-4EE2-ACEE-6FC91643D222}.PdfForgeDebug|Any CPU.Build.0 = Debug|Any CPU
		{25BD0832-83FD-4EE2-ACEE-6FC91643D222}.PdfForgeDevel|Any CPU.ActiveCfg = Release|Any CPU
		{25BD0832-83FD-4EE2-ACEE-6FC91643D222}.PdfForgeDevel|Any CPU.Build.0 = Release|Any CPU
		{25BD0832-83FD-4EE2-ACEE-6FC91643D222}.PdfForgeRelease|Any CPU.ActiveCfg = Release|Any CPU
		{25BD0832-83FD-4EE2-ACEE-6FC91643D222}.PdfForgeRelease|Any CPU.Build.0 = Release|Any CPU
		{25BD0832-83FD-4EE2-ACEE-6FC91643D222}.PdfForgeStage|Any CPU.ActiveCfg = Release|Any CPU
		{25BD0832-83FD-4EE2-ACEE-6FC91643D222}.PdfForgeStage|Any CPU.Build.0 = Release|Any CPU
		{25BD0832-83FD-4EE2-ACEE-6FC91643D222}.PdfSamDebug|Any CPU.ActiveCfg = Debug|Any CPU
		{25BD0832-83FD-4EE2-ACEE-6FC91643D222}.PdfSamDebug|Any CPU.Build.0 = Debug|Any CPU
		{25BD0832-83FD-4EE2-ACEE-6FC91643D222}.PdfSamRelease|Any CPU.ActiveCfg = Release|Any CPU
		{25BD0832-83FD-4EE2-ACEE-6FC91643D222}.PdfSamRelease|Any CPU.Build.0 = Release|Any CPU
		{25BD0832-83FD-4EE2-ACEE-6FC91643D222}.PdfSamStage|Any CPU.ActiveCfg = Release|Any CPU
		{25BD0832-83FD-4EE2-ACEE-6FC91643D222}.PdfSamStage|Any CPU.Build.0 = Release|Any CPU
		{5DC7DC14-0DC4-4708-927E-B930F656C5B7}.LuluSoftDebug|Any CPU.ActiveCfg = LuluSoftDebug|Any CPU
		{5DC7DC14-0DC4-4708-927E-B930F656C5B7}.LuluSoftDebug|Any CPU.Build.0 = LuluSoftDebug|Any CPU
		{5DC7DC14-0DC4-4708-927E-B930F656C5B7}.LuluSoftDevel|Any CPU.ActiveCfg = LuluSoftDevel|Any CPU
		{5DC7DC14-0DC4-4708-927E-B930F656C5B7}.LuluSoftDevel|Any CPU.Build.0 = LuluSoftDevel|Any CPU
		{5DC7DC14-0DC4-4708-927E-B930F656C5B7}.LuluSoftRelease|Any CPU.ActiveCfg = LuluSoftRelease|Any CPU
		{5DC7DC14-0DC4-4708-927E-B930F656C5B7}.LuluSoftRelease|Any CPU.Build.0 = LuluSoftRelease|Any CPU
		{5DC7DC14-0DC4-4708-927E-B930F656C5B7}.LuluSoftStage|Any CPU.ActiveCfg = LuluSoftStage|Any CPU
		{5DC7DC14-0DC4-4708-927E-B930F656C5B7}.LuluSoftStage|Any CPU.Build.0 = LuluSoftStage|Any CPU
		{5DC7DC14-0DC4-4708-927E-B930F656C5B7}.PdfForgeDebug|Any CPU.ActiveCfg = PdfForgeDebug|Any CPU
		{5DC7DC14-0DC4-4708-927E-B930F656C5B7}.PdfForgeDebug|Any CPU.Build.0 = PdfForgeDebug|Any CPU
		{5DC7DC14-0DC4-4708-927E-B930F656C5B7}.PdfForgeDevel|Any CPU.ActiveCfg = PdfForgeDevel|Any CPU
		{5DC7DC14-0DC4-4708-927E-B930F656C5B7}.PdfForgeDevel|Any CPU.Build.0 = PdfForgeDevel|Any CPU
		{5DC7DC14-0DC4-4708-927E-B930F656C5B7}.PdfForgeRelease|Any CPU.ActiveCfg = PdfForgeRelease|Any CPU
		{5DC7DC14-0DC4-4708-927E-B930F656C5B7}.PdfForgeRelease|Any CPU.Build.0 = PdfForgeRelease|Any CPU
		{5DC7DC14-0DC4-4708-927E-B930F656C5B7}.PdfForgeStage|Any CPU.ActiveCfg = PdfForgeStage|Any CPU
		{5DC7DC14-0DC4-4708-927E-B930F656C5B7}.PdfForgeStage|Any CPU.Build.0 = PdfForgeStage|Any CPU
		{5DC7DC14-0DC4-4708-927E-B930F656C5B7}.PdfSamDebug|Any CPU.ActiveCfg = PdfSamDebug|Any CPU
		{5DC7DC14-0DC4-4708-927E-B930F656C5B7}.PdfSamDebug|Any CPU.Build.0 = PdfSamDebug|Any CPU
		{5DC7DC14-0DC4-4708-927E-B930F656C5B7}.PdfSamRelease|Any CPU.ActiveCfg = PdfSamRelease|Any CPU
		{5DC7DC14-0DC4-4708-927E-B930F656C5B7}.PdfSamRelease|Any CPU.Build.0 = PdfSamRelease|Any CPU
		{5DC7DC14-0DC4-4708-927E-B930F656C5B7}.PdfSamStage|Any CPU.ActiveCfg = PdfSamStage|Any CPU
		{5DC7DC14-0DC4-4708-927E-B930F656C5B7}.PdfSamStage|Any CPU.Build.0 = PdfSamStage|Any CPU
	EndGlobalSection
	GlobalSection(SolutionProperties) = preSolution
		HideSolutionNode = FALSE
	EndGlobalSection
	GlobalSection(ExtensibilityGlobals) = postSolution
		SolutionGuid = {7200B22F-F1D1-4037-947E-EBC4011C52A3}
	EndGlobalSection
EndGlobal
