
Microsoft Visual Studio Solution File, Format Version 12.00
# Visual Studio 15
VisualStudioVersion = 15.0.27703.2047
MinimumVisualStudioVersion = 10.0.40219.1
Project("{FAE04EC0-301F-11D3-BF4B-00C04F79EFBC}") = "SaaS.Repository.Pattern", "Shared\SaaS.Repository.Pattern\SaaS.Repository.Pattern.csproj", "{65E322FD-4DFD-4EA9-BBFB-2BDA112CCB57}"
EndProject
Project("{FAE04EC0-301F-11D3-BF4B-00C04F79EFBC}") = "SaaS.Data.Entities", "Shared\SaaS.Data.Entities\SaaS.Data.Entities.csproj", "{E4C589CC-B762-4EF5-A951-F8455314204E}"
EndProject
Project("{FAE04EC0-301F-11D3-BF4B-00C04F79EFBC}") = "SaaS.Repository.Pattern.EF6", "Shared\SaaS.Repository.Pattern.EF6\SaaS.Repository.Pattern.EF6.csproj", "{CA3A183E-DB09-4403-8945-FC0C0514C718}"
EndProject
Project("{FAE04EC0-301F-11D3-BF4B-00C04F79EFBC}") = "SaaS.Identity", "Shared\SaaS.Identity\SaaS.Identity.csproj", "{B92AD5A5-EF14-43AD-90CC-ECEA8F2013BD}"
EndProject
Project("{FAE04EC0-301F-11D3-BF4B-00C04F79EFBC}") = "SaaS.Common", "Shared\SaaS.Common\SaaS.Common.csproj", "{0192B426-B217-4A98-A482-C562B0D2F4F5}"
EndProject
Project("{2150E333-8FDC-42A3-9474-1A3956D46DE8}") = "WinService", "WinService", "{61B9A36E-94AC-4CB9-A86F-753689A89A56}"
EndProject
Project("{FAE04EC0-301F-11D3-BF4B-00C04F79EFBC}") = "SaaS.WinService.Mailer", "WinService\SaaS.WinService.Mailer\SaaS.WinService.Mailer.csproj", "{2CDF86CA-2935-4BC8-BE24-82CC3C3233E7}"
EndProject
Project("{FAE04EC0-301F-11D3-BF4B-00C04F79EFBC}") = "SaaS.Mailer", "Shared\SaaS.Mailer\SaaS.Mailer.csproj", "{5DC7DC14-0DC4-4708-927E-B930F656C5B7}"
EndProject
Project("{FAE04EC0-301F-11D3-BF4B-00C04F79EFBC}") = "SaaS.MailerWorker", "Shared\SaaS.MailerWorker\SaaS.MailerWorker.csproj", "{C12739AC-8765-4386-B955-F827B2BEFF6C}"
EndProject
Project("{FAE04EC0-301F-11D3-BF4B-00C04F79EFBC}") = "SaaS.Api.Client", "Shared\SaaS.Api.Client\SaaS.Api.Client.csproj", "{25BD0832-83FD-4EE2-ACEE-6FC91643D222}"
EndProject
Project("{FAE04EC0-301F-11D3-BF4B-00C04F79EFBC}") = "SaaS.Api.Core", "Shared\SaaS.Api.Core\SaaS.Api.Core.csproj", "{003D88D9-C0AB-4BEE-971E-5D9361A5BBFF}"
EndProject
Project("{FAE04EC0-301F-11D3-BF4B-00C04F79EFBC}") = "SaaS.Notification", "Shared\SaaS.Notification\SaaS.Notification.csproj", "{AB4C0BAA-407A-447D-A8AA-3CB7C0D8EAE1}"
EndProject
Project("{FAE04EC0-301F-11D3-BF4B-00C04F79EFBC}") = "SaaS.Api.Models", "Shared\SaaS.Api.Models\SaaS.Api.Models.csproj", "{E14BF87F-6BCE-4925-BCCB-7958B90E7989}"
EndProject
Project("{FAE04EC0-301F-11D3-BF4B-00C04F79EFBC}") = "SaaS.WinService.Mailer.Qa", "WinService\SaaS.WinService.Mailer.Qa\SaaS.WinService.Mailer.Qa.csproj", "{8638100F-2493-4A03-A0DF-05EB7EC34282}"
EndProject
Project("{FAE04EC0-301F-11D3-BF4B-00C04F79EFBC}") = "SaaS.ModuleFeatures", "Shared\SaaS.ModuleFeatures\SaaS.ModuleFeatures.csproj", "{DA21AC3B-BFFB-4582-B0F5-B24229138B93}"
EndProject
Project("{FAE04EC0-301F-11D3-BF4B-00C04F79EFBC}") = "SaaS.WinService.Core", "WinService\SaaS.WinService.Core\SaaS.WinService.Core.csproj", "{65315A36-43F8-4B94-A997-41CE9535EC21}"
EndProject
Global
	GlobalSection(SolutionConfigurationPlatforms) = preSolution
		Debug|Any CPU = Debug|Any CPU
		LuluSoftDebug|Any CPU = LuluSoftDebug|Any CPU
		LuluSoftDevel|Any CPU = LuluSoftDevel|Any CPU
		LuluSoftRelease|Any CPU = LuluSoftRelease|Any CPU
		LuluSoftStage|Any CPU = LuluSoftStage|Any CPU
		PdfForgeDebug|Any CPU = PdfForgeDebug|Any CPU
		PdfForgeDevel|Any CPU = PdfForgeDevel|Any CPU
		PdfForgeRelease|Any CPU = PdfForgeRelease|Any CPU
		PdfForgeStage|Any CPU = PdfForgeStage|Any CPU
		Release|Any CPU = Release|Any CPU
	EndGlobalSection
	GlobalSection(ProjectConfigurationPlatforms) = postSolution
		{65E322FD-4DFD-4EA9-BBFB-2BDA112CCB57}.Debug|Any CPU.ActiveCfg = Debug|Any CPU
		{65E322FD-4DFD-4EA9-BBFB-2BDA112CCB57}.Debug|Any CPU.Build.0 = Debug|Any CPU
		{65E322FD-4DFD-4EA9-BBFB-2BDA112CCB57}.LuluSoftDebug|Any CPU.ActiveCfg = Debug|Any CPU
		{65E322FD-4DFD-4EA9-BBFB-2BDA112CCB57}.LuluSoftDebug|Any CPU.Build.0 = Debug|Any CPU
		{65E322FD-4DFD-4EA9-BBFB-2BDA112CCB57}.LuluSoftDevel|Any CPU.ActiveCfg = Release|Any CPU
		{65E322FD-4DFD-4EA9-BBFB-2BDA112CCB57}.LuluSoftDevel|Any CPU.Build.0 = Release|Any CPU
		{65E322FD-4DFD-4EA9-BBFB-2BDA112CCB57}.LuluSoftRelease|Any CPU.ActiveCfg = Release|Any CPU
		{65E322FD-4DFD-4EA9-BBFB-2BDA112CCB57}.LuluSoftRelease|Any CPU.Build.0 = Release|Any CPU
		{65E322FD-4DFD-4EA9-BBFB-2BDA112CCB57}.LuluSoftStage|Any CPU.ActiveCfg = Release|Any CPU
		{65E322FD-4DFD-4EA9-BBFB-2BDA112CCB57}.LuluSoftStage|Any CPU.Build.0 = Release|Any CPU
		{65E322FD-4DFD-4EA9-BBFB-2BDA112CCB57}.PdfForgeDebug|Any CPU.ActiveCfg = Debug|Any CPU
		{65E322FD-4DFD-4EA9-BBFB-2BDA112CCB57}.PdfForgeDebug|Any CPU.Build.0 = Debug|Any CPU
		{65E322FD-4DFD-4EA9-BBFB-2BDA112CCB57}.PdfForgeDevel|Any CPU.ActiveCfg = Release|Any CPU
		{65E322FD-4DFD-4EA9-BBFB-2BDA112CCB57}.PdfForgeDevel|Any CPU.Build.0 = Release|Any CPU
		{65E322FD-4DFD-4EA9-BBFB-2BDA112CCB57}.PdfForgeRelease|Any CPU.ActiveCfg = Release|Any CPU
		{65E322FD-4DFD-4EA9-BBFB-2BDA112CCB57}.PdfForgeRelease|Any CPU.Build.0 = Release|Any CPU
		{65E322FD-4DFD-4EA9-BBFB-2BDA112CCB57}.PdfForgeStage|Any CPU.ActiveCfg = Release|Any CPU
		{65E322FD-4DFD-4EA9-BBFB-2BDA112CCB57}.PdfForgeStage|Any CPU.Build.0 = Release|Any CPU
		{65E322FD-4DFD-4EA9-BBFB-2BDA112CCB57}.Release|Any CPU.ActiveCfg = Release|Any CPU
		{65E322FD-4DFD-4EA9-BBFB-2BDA112CCB57}.Release|Any CPU.Build.0 = Release|Any CPU
		{E4C589CC-B762-4EF5-A951-F8455314204E}.Debug|Any CPU.ActiveCfg = Debug|Any CPU
		{E4C589CC-B762-4EF5-A951-F8455314204E}.Debug|Any CPU.Build.0 = Debug|Any CPU
		{E4C589CC-B762-4EF5-A951-F8455314204E}.LuluSoftDebug|Any CPU.ActiveCfg = Debug|Any CPU
		{E4C589CC-B762-4EF5-A951-F8455314204E}.LuluSoftDebug|Any CPU.Build.0 = Debug|Any CPU
		{E4C589CC-B762-4EF5-A951-F8455314204E}.LuluSoftDevel|Any CPU.ActiveCfg = Release|Any CPU
		{E4C589CC-B762-4EF5-A951-F8455314204E}.LuluSoftDevel|Any CPU.Build.0 = Release|Any CPU
		{E4C589CC-B762-4EF5-A951-F8455314204E}.LuluSoftRelease|Any CPU.ActiveCfg = Release|Any CPU
		{E4C589CC-B762-4EF5-A951-F8455314204E}.LuluSoftRelease|Any CPU.Build.0 = Release|Any CPU
		{E4C589CC-B762-4EF5-A951-F8455314204E}.LuluSoftStage|Any CPU.ActiveCfg = Release|Any CPU
		{E4C589CC-B762-4EF5-A951-F8455314204E}.LuluSoftStage|Any CPU.Build.0 = Release|Any CPU
		{E4C589CC-B762-4EF5-A951-F8455314204E}.PdfForgeDebug|Any CPU.ActiveCfg = Debug|Any CPU
		{E4C589CC-B762-4EF5-A951-F8455314204E}.PdfForgeDebug|Any CPU.Build.0 = Debug|Any CPU
		{E4C589CC-B762-4EF5-A951-F8455314204E}.PdfForgeDevel|Any CPU.ActiveCfg = Release|Any CPU
		{E4C589CC-B762-4EF5-A951-F8455314204E}.PdfForgeDevel|Any CPU.Build.0 = Release|Any CPU
		{E4C589CC-B762-4EF5-A951-F8455314204E}.PdfForgeRelease|Any CPU.ActiveCfg = Release|Any CPU
		{E4C589CC-B762-4EF5-A951-F8455314204E}.PdfForgeRelease|Any CPU.Build.0 = Release|Any CPU
		{E4C589CC-B762-4EF5-A951-F8455314204E}.PdfForgeStage|Any CPU.ActiveCfg = Release|Any CPU
		{E4C589CC-B762-4EF5-A951-F8455314204E}.PdfForgeStage|Any CPU.Build.0 = Release|Any CPU
		{E4C589CC-B762-4EF5-A951-F8455314204E}.Release|Any CPU.ActiveCfg = Release|Any CPU
		{E4C589CC-B762-4EF5-A951-F8455314204E}.Release|Any CPU.Build.0 = Release|Any CPU
		{CA3A183E-DB09-4403-8945-FC0C0514C718}.Debug|Any CPU.ActiveCfg = Debug|Any CPU
		{CA3A183E-DB09-4403-8945-FC0C0514C718}.Debug|Any CPU.Build.0 = Debug|Any CPU
		{CA3A183E-DB09-4403-8945-FC0C0514C718}.LuluSoftDebug|Any CPU.ActiveCfg = Debug|Any CPU
		{CA3A183E-DB09-4403-8945-FC0C0514C718}.LuluSoftDebug|Any CPU.Build.0 = Debug|Any CPU
		{CA3A183E-DB09-4403-8945-FC0C0514C718}.LuluSoftDevel|Any CPU.ActiveCfg = Release|Any CPU
		{CA3A183E-DB09-4403-8945-FC0C0514C718}.LuluSoftDevel|Any CPU.Build.0 = Release|Any CPU
		{CA3A183E-DB09-4403-8945-FC0C0514C718}.LuluSoftRelease|Any CPU.ActiveCfg = Release|Any CPU
		{CA3A183E-DB09-4403-8945-FC0C0514C718}.LuluSoftRelease|Any CPU.Build.0 = Release|Any CPU
		{CA3A183E-DB09-4403-8945-FC0C0514C718}.LuluSoftStage|Any CPU.ActiveCfg = Release|Any CPU
		{CA3A183E-DB09-4403-8945-FC0C0514C718}.LuluSoftStage|Any CPU.Build.0 = Release|Any CPU
		{CA3A183E-DB09-4403-8945-FC0C0514C718}.PdfForgeDebug|Any CPU.ActiveCfg = Debug|Any CPU
		{CA3A183E-DB09-4403-8945-FC0C0514C718}.PdfForgeDebug|Any CPU.Build.0 = Debug|Any CPU
		{CA3A183E-DB09-4403-8945-FC0C0514C718}.PdfForgeDevel|Any CPU.ActiveCfg = Release|Any CPU
		{CA3A183E-DB09-4403-8945-FC0C0514C718}.PdfForgeDevel|Any CPU.Build.0 = Release|Any CPU
		{CA3A183E-DB09-4403-8945-FC0C0514C718}.PdfForgeRelease|Any CPU.ActiveCfg = Release|Any CPU
		{CA3A183E-DB09-4403-8945-FC0C0514C718}.PdfForgeRelease|Any CPU.Build.0 = Release|Any CPU
		{CA3A183E-DB09-4403-8945-FC0C0514C718}.PdfForgeStage|Any CPU.ActiveCfg = Release|Any CPU
		{CA3A183E-DB09-4403-8945-FC0C0514C718}.PdfForgeStage|Any CPU.Build.0 = Release|Any CPU
		{CA3A183E-DB09-4403-8945-FC0C0514C718}.Release|Any CPU.ActiveCfg = Release|Any CPU
		{CA3A183E-DB09-4403-8945-FC0C0514C718}.Release|Any CPU.Build.0 = Release|Any CPU
		{B92AD5A5-EF14-43AD-90CC-ECEA8F2013BD}.Debug|Any CPU.ActiveCfg = Debug|Any CPU
		{B92AD5A5-EF14-43AD-90CC-ECEA8F2013BD}.Debug|Any CPU.Build.0 = Debug|Any CPU
		{B92AD5A5-EF14-43AD-90CC-ECEA8F2013BD}.LuluSoftDebug|Any CPU.ActiveCfg = Debug|Any CPU
		{B92AD5A5-EF14-43AD-90CC-ECEA8F2013BD}.LuluSoftDebug|Any CPU.Build.0 = Debug|Any CPU
		{B92AD5A5-EF14-43AD-90CC-ECEA8F2013BD}.LuluSoftDevel|Any CPU.ActiveCfg = Release|Any CPU
		{B92AD5A5-EF14-43AD-90CC-ECEA8F2013BD}.LuluSoftDevel|Any CPU.Build.0 = Release|Any CPU
		{B92AD5A5-EF14-43AD-90CC-ECEA8F2013BD}.LuluSoftRelease|Any CPU.ActiveCfg = Release|Any CPU
		{B92AD5A5-EF14-43AD-90CC-ECEA8F2013BD}.LuluSoftRelease|Any CPU.Build.0 = Release|Any CPU
		{B92AD5A5-EF14-43AD-90CC-ECEA8F2013BD}.LuluSoftStage|Any CPU.ActiveCfg = Release|Any CPU
		{B92AD5A5-EF14-43AD-90CC-ECEA8F2013BD}.LuluSoftStage|Any CPU.Build.0 = Release|Any CPU
		{B92AD5A5-EF14-43AD-90CC-ECEA8F2013BD}.PdfForgeDebug|Any CPU.ActiveCfg = Debug|Any CPU
		{B92AD5A5-EF14-43AD-90CC-ECEA8F2013BD}.PdfForgeDebug|Any CPU.Build.0 = Debug|Any CPU
		{B92AD5A5-EF14-43AD-90CC-ECEA8F2013BD}.PdfForgeDevel|Any CPU.ActiveCfg = Release|Any CPU
		{B92AD5A5-EF14-43AD-90CC-ECEA8F2013BD}.PdfForgeDevel|Any CPU.Build.0 = Release|Any CPU
		{B92AD5A5-EF14-43AD-90CC-ECEA8F2013BD}.PdfForgeRelease|Any CPU.ActiveCfg = Release|Any CPU
		{B92AD5A5-EF14-43AD-90CC-ECEA8F2013BD}.PdfForgeRelease|Any CPU.Build.0 = Release|Any CPU
		{B92AD5A5-EF14-43AD-90CC-ECEA8F2013BD}.PdfForgeStage|Any CPU.ActiveCfg = Release|Any CPU
		{B92AD5A5-EF14-43AD-90CC-ECEA8F2013BD}.PdfForgeStage|Any CPU.Build.0 = Release|Any CPU
		{B92AD5A5-EF14-43AD-90CC-ECEA8F2013BD}.Release|Any CPU.ActiveCfg = Release|Any CPU
		{B92AD5A5-EF14-43AD-90CC-ECEA8F2013BD}.Release|Any CPU.Build.0 = Release|Any CPU
		{0192B426-B217-4A98-A482-C562B0D2F4F5}.Debug|Any CPU.ActiveCfg = Debug|Any CPU
		{0192B426-B217-4A98-A482-C562B0D2F4F5}.Debug|Any CPU.Build.0 = Debug|Any CPU
		{0192B426-B217-4A98-A482-C562B0D2F4F5}.LuluSoftDebug|Any CPU.ActiveCfg = Debug|Any CPU
		{0192B426-B217-4A98-A482-C562B0D2F4F5}.LuluSoftDebug|Any CPU.Build.0 = Debug|Any CPU
		{0192B426-B217-4A98-A482-C562B0D2F4F5}.LuluSoftDevel|Any CPU.ActiveCfg = Release|Any CPU
		{0192B426-B217-4A98-A482-C562B0D2F4F5}.LuluSoftDevel|Any CPU.Build.0 = Release|Any CPU
		{0192B426-B217-4A98-A482-C562B0D2F4F5}.LuluSoftRelease|Any CPU.ActiveCfg = Release|Any CPU
		{0192B426-B217-4A98-A482-C562B0D2F4F5}.LuluSoftRelease|Any CPU.Build.0 = Release|Any CPU
		{0192B426-B217-4A98-A482-C562B0D2F4F5}.LuluSoftStage|Any CPU.ActiveCfg = Release|Any CPU
		{0192B426-B217-4A98-A482-C562B0D2F4F5}.LuluSoftStage|Any CPU.Build.0 = Release|Any CPU
		{0192B426-B217-4A98-A482-C562B0D2F4F5}.PdfForgeDebug|Any CPU.ActiveCfg = Debug|Any CPU
		{0192B426-B217-4A98-A482-C562B0D2F4F5}.PdfForgeDebug|Any CPU.Build.0 = Debug|Any CPU
		{0192B426-B217-4A98-A482-C562B0D2F4F5}.PdfForgeDevel|Any CPU.ActiveCfg = Release|Any CPU
		{0192B426-B217-4A98-A482-C562B0D2F4F5}.PdfForgeDevel|Any CPU.Build.0 = Release|Any CPU
		{0192B426-B217-4A98-A482-C562B0D2F4F5}.PdfForgeRelease|Any CPU.ActiveCfg = Release|Any CPU
		{0192B426-B217-4A98-A482-C562B0D2F4F5}.PdfForgeRelease|Any CPU.Build.0 = Release|Any CPU
		{0192B426-B217-4A98-A482-C562B0D2F4F5}.PdfForgeStage|Any CPU.ActiveCfg = Release|Any CPU
		{0192B426-B217-4A98-A482-C562B0D2F4F5}.PdfForgeStage|Any CPU.Build.0 = Release|Any CPU
		{0192B426-B217-4A98-A482-C562B0D2F4F5}.Release|Any CPU.ActiveCfg = Release|Any CPU
		{0192B426-B217-4A98-A482-C562B0D2F4F5}.Release|Any CPU.Build.0 = Release|Any CPU
		{2CDF86CA-2935-4BC8-BE24-82CC3C3233E7}.Debug|Any CPU.ActiveCfg = PdfSamDebug|Any CPU
		{2CDF86CA-2935-4BC8-BE24-82CC3C3233E7}.Debug|Any CPU.Build.0 = PdfSamDebug|Any CPU
		{2CDF86CA-2935-4BC8-BE24-82CC3C3233E7}.LuluSoftDebug|Any CPU.ActiveCfg = LuluSoftDebug|Any CPU
		{2CDF86CA-2935-4BC8-BE24-82CC3C3233E7}.LuluSoftDebug|Any CPU.Build.0 = LuluSoftDebug|Any CPU
		{2CDF86CA-2935-4BC8-BE24-82CC3C3233E7}.LuluSoftDevel|Any CPU.ActiveCfg = LuluSoftDevel|Any CPU
		{2CDF86CA-2935-4BC8-BE24-82CC3C3233E7}.LuluSoftDevel|Any CPU.Build.0 = LuluSoftDevel|Any CPU
		{2CDF86CA-2935-4BC8-BE24-82CC3C3233E7}.LuluSoftRelease|Any CPU.ActiveCfg = LuluSoftRelease|Any CPU
		{2CDF86CA-2935-4BC8-BE24-82CC3C3233E7}.LuluSoftRelease|Any CPU.Build.0 = LuluSoftRelease|Any CPU
		{2CDF86CA-2935-4BC8-BE24-82CC3C3233E7}.LuluSoftStage|Any CPU.ActiveCfg = LuluSoftStage|Any CPU
		{2CDF86CA-2935-4BC8-BE24-82CC3C3233E7}.LuluSoftStage|Any CPU.Build.0 = LuluSoftStage|Any CPU
		{2CDF86CA-2935-4BC8-BE24-82CC3C3233E7}.PdfForgeDebug|Any CPU.ActiveCfg = PdfForgeDebug|Any CPU
		{2CDF86CA-2935-4BC8-BE24-82CC3C3233E7}.PdfForgeDebug|Any CPU.Build.0 = PdfForgeDebug|Any CPU
		{2CDF86CA-2935-4BC8-BE24-82CC3C3233E7}.PdfForgeDevel|Any CPU.ActiveCfg = PdfForgeDevel|Any CPU
		{2CDF86CA-2935-4BC8-BE24-82CC3C3233E7}.PdfForgeDevel|Any CPU.Build.0 = PdfForgeDevel|Any CPU
		{2CDF86CA-2935-4BC8-BE24-82CC3C3233E7}.PdfForgeRelease|Any CPU.ActiveCfg = PdfForgeRelease|Any CPU
		{2CDF86CA-2935-4BC8-BE24-82CC3C3233E7}.PdfForgeRelease|Any CPU.Build.0 = PdfForgeRelease|Any CPU
		{2CDF86CA-2935-4BC8-BE24-82CC3C3233E7}.PdfForgeStage|Any CPU.ActiveCfg = PdfForgeStage|Any CPU
		{2CDF86CA-2935-4BC8-BE24-82CC3C3233E7}.PdfForgeStage|Any CPU.Build.0 = PdfForgeStage|Any CPU
		{2CDF86CA-2935-4BC8-BE24-82CC3C3233E7}.Release|Any CPU.ActiveCfg = PdfSamRelease|Any CPU
		{2CDF86CA-2935-4BC8-BE24-82CC3C3233E7}.Release|Any CPU.Build.0 = PdfSamRelease|Any CPU
		{5DC7DC14-0DC4-4708-927E-B930F656C5B7}.Debug|Any CPU.ActiveCfg = PdfForgeDebug|Any CPU
		{5DC7DC14-0DC4-4708-927E-B930F656C5B7}.Debug|Any CPU.Build.0 = PdfForgeDebug|Any CPU
		{5DC7DC14-0DC4-4708-927E-B930F656C5B7}.LuluSoftDebug|Any CPU.ActiveCfg = LuluSoftDebug|Any CPU
		{5DC7DC14-0DC4-4708-927E-B930F656C5B7}.LuluSoftDebug|Any CPU.Build.0 = LuluSoftDebug|Any CPU
		{5DC7DC14-0DC4-4708-927E-B930F656C5B7}.LuluSoftDevel|Any CPU.ActiveCfg = LuluSoftDevel|Any CPU
		{5DC7DC14-0DC4-4708-927E-B930F656C5B7}.LuluSoftDevel|Any CPU.Build.0 = LuluSoftDevel|Any CPU
		{5DC7DC14-0DC4-4708-927E-B930F656C5B7}.LuluSoftRelease|Any CPU.ActiveCfg = LuluSoftRelease|Any CPU
		{5DC7DC14-0DC4-4708-927E-B930F656C5B7}.LuluSoftRelease|Any CPU.Build.0 = LuluSoftRelease|Any CPU
		{5DC7DC14-0DC4-4708-927E-B930F656C5B7}.LuluSoftStage|Any CPU.ActiveCfg = LuluSoftStage|Any CPU
		{5DC7DC14-0DC4-4708-927E-B930F656C5B7}.LuluSoftStage|Any CPU.Build.0 = LuluSoftStage|Any CPU
		{5DC7DC14-0DC4-4708-927E-B930F656C5B7}.PdfForgeDebug|Any CPU.ActiveCfg = PdfForgeDebug|Any CPU
		{5DC7DC14-0DC4-4708-927E-B930F656C5B7}.PdfForgeDebug|Any CPU.Build.0 = PdfForgeDebug|Any CPU
		{5DC7DC14-0DC4-4708-927E-B930F656C5B7}.PdfForgeDevel|Any CPU.ActiveCfg = PdfForgeDevel|Any CPU
		{5DC7DC14-0DC4-4708-927E-B930F656C5B7}.PdfForgeDevel|Any CPU.Build.0 = PdfForgeDevel|Any CPU
		{5DC7DC14-0DC4-4708-927E-B930F656C5B7}.PdfForgeRelease|Any CPU.ActiveCfg = PdfForgeRelease|Any CPU
		{5DC7DC14-0DC4-4708-927E-B930F656C5B7}.PdfForgeRelease|Any CPU.Build.0 = PdfForgeRelease|Any CPU
		{5DC7DC14-0DC4-4708-927E-B930F656C5B7}.PdfForgeStage|Any CPU.ActiveCfg = PdfForgeStage|Any CPU
		{5DC7DC14-0DC4-4708-927E-B930F656C5B7}.PdfForgeStage|Any CPU.Build.0 = PdfForgeStage|Any CPU
		{5DC7DC14-0DC4-4708-927E-B930F656C5B7}.Release|Any CPU.ActiveCfg = PdfForgeRelease|Any CPU
		{5DC7DC14-0DC4-4708-927E-B930F656C5B7}.Release|Any CPU.Build.0 = PdfForgeRelease|Any CPU
		{C12739AC-8765-4386-B955-F827B2BEFF6C}.Debug|Any CPU.ActiveCfg = Debug|Any CPU
		{C12739AC-8765-4386-B955-F827B2BEFF6C}.Debug|Any CPU.Build.0 = Debug|Any CPU
		{C12739AC-8765-4386-B955-F827B2BEFF6C}.LuluSoftDebug|Any CPU.ActiveCfg = Debug|Any CPU
		{C12739AC-8765-4386-B955-F827B2BEFF6C}.LuluSoftDebug|Any CPU.Build.0 = Debug|Any CPU
		{C12739AC-8765-4386-B955-F827B2BEFF6C}.LuluSoftDevel|Any CPU.ActiveCfg = Release|Any CPU
		{C12739AC-8765-4386-B955-F827B2BEFF6C}.LuluSoftDevel|Any CPU.Build.0 = Release|Any CPU
		{C12739AC-8765-4386-B955-F827B2BEFF6C}.LuluSoftRelease|Any CPU.ActiveCfg = Release|Any CPU
		{C12739AC-8765-4386-B955-F827B2BEFF6C}.LuluSoftRelease|Any CPU.Build.0 = Release|Any CPU
		{C12739AC-8765-4386-B955-F827B2BEFF6C}.LuluSoftStage|Any CPU.ActiveCfg = Release|Any CPU
		{C12739AC-8765-4386-B955-F827B2BEFF6C}.LuluSoftStage|Any CPU.Build.0 = Release|Any CPU
		{C12739AC-8765-4386-B955-F827B2BEFF6C}.PdfForgeDebug|Any CPU.ActiveCfg = Debug|Any CPU
		{C12739AC-8765-4386-B955-F827B2BEFF6C}.PdfForgeDebug|Any CPU.Build.0 = Debug|Any CPU
		{C12739AC-8765-4386-B955-F827B2BEFF6C}.PdfForgeDevel|Any CPU.ActiveCfg = Release|Any CPU
		{C12739AC-8765-4386-B955-F827B2BEFF6C}.PdfForgeDevel|Any CPU.Build.0 = Release|Any CPU
		{C12739AC-8765-4386-B955-F827B2BEFF6C}.PdfForgeRelease|Any CPU.ActiveCfg = Release|Any CPU
		{C12739AC-8765-4386-B955-F827B2BEFF6C}.PdfForgeRelease|Any CPU.Build.0 = Release|Any CPU
		{C12739AC-8765-4386-B955-F827B2BEFF6C}.PdfForgeStage|Any CPU.ActiveCfg = Release|Any CPU
		{C12739AC-8765-4386-B955-F827B2BEFF6C}.PdfForgeStage|Any CPU.Build.0 = Release|Any CPU
		{C12739AC-8765-4386-B955-F827B2BEFF6C}.Release|Any CPU.ActiveCfg = Release|Any CPU
		{C12739AC-8765-4386-B955-F827B2BEFF6C}.Release|Any CPU.Build.0 = Release|Any CPU
		{25BD0832-83FD-4EE2-ACEE-6FC91643D222}.Debug|Any CPU.ActiveCfg = Debug|Any CPU
		{25BD0832-83FD-4EE2-ACEE-6FC91643D222}.Debug|Any CPU.Build.0 = Debug|Any CPU
		{25BD0832-83FD-4EE2-ACEE-6FC91643D222}.LuluSoftDebug|Any CPU.ActiveCfg = Debug|Any CPU
		{25BD0832-83FD-4EE2-ACEE-6FC91643D222}.LuluSoftDebug|Any CPU.Build.0 = Debug|Any CPU
		{25BD0832-83FD-4EE2-ACEE-6FC91643D222}.LuluSoftDevel|Any CPU.ActiveCfg = Release|Any CPU
		{25BD0832-83FD-4EE2-ACEE-6FC91643D222}.LuluSoftDevel|Any CPU.Build.0 = Release|Any CPU
		{25BD0832-83FD-4EE2-ACEE-6FC91643D222}.LuluSoftRelease|Any CPU.ActiveCfg = Release|Any CPU
		{25BD0832-83FD-4EE2-ACEE-6FC91643D222}.LuluSoftRelease|Any CPU.Build.0 = Release|Any CPU
		{25BD0832-83FD-4EE2-ACEE-6FC91643D222}.LuluSoftStage|Any CPU.ActiveCfg = Release|Any CPU
		{25BD0832-83FD-4EE2-ACEE-6FC91643D222}.LuluSoftStage|Any CPU.Build.0 = Release|Any CPU
		{25BD0832-83FD-4EE2-ACEE-6FC91643D222}.PdfForgeDebug|Any CPU.ActiveCfg = Debug|Any CPU
		{25BD0832-83FD-4EE2-ACEE-6FC91643D222}.PdfForgeDebug|Any CPU.Build.0 = Debug|Any CPU
		{25BD0832-83FD-4EE2-ACEE-6FC91643D222}.PdfForgeDevel|Any CPU.ActiveCfg = Release|Any CPU
		{25BD0832-83FD-4EE2-ACEE-6FC91643D222}.PdfForgeDevel|Any CPU.Build.0 = Release|Any CPU
		{25BD0832-83FD-4EE2-ACEE-6FC91643D222}.PdfForgeRelease|Any CPU.ActiveCfg = Release|Any CPU
		{25BD0832-83FD-4EE2-ACEE-6FC91643D222}.PdfForgeRelease|Any CPU.Build.0 = Release|Any CPU
		{25BD0832-83FD-4EE2-ACEE-6FC91643D222}.PdfForgeStage|Any CPU.ActiveCfg = Release|Any CPU
		{25BD0832-83FD-4EE2-ACEE-6FC91643D222}.PdfForgeStage|Any CPU.Build.0 = Release|Any CPU
		{25BD0832-83FD-4EE2-ACEE-6FC91643D222}.Release|Any CPU.ActiveCfg = Release|Any CPU
		{25BD0832-83FD-4EE2-ACEE-6FC91643D222}.Release|Any CPU.Build.0 = Release|Any CPU
		{003D88D9-C0AB-4BEE-971E-5D9361A5BBFF}.Debug|Any CPU.ActiveCfg = Debug|Any CPU
		{003D88D9-C0AB-4BEE-971E-5D9361A5BBFF}.Debug|Any CPU.Build.0 = Debug|Any CPU
		{003D88D9-C0AB-4BEE-971E-5D9361A5BBFF}.LuluSoftDebug|Any CPU.ActiveCfg = Debug|Any CPU
		{003D88D9-C0AB-4BEE-971E-5D9361A5BBFF}.LuluSoftDebug|Any CPU.Build.0 = Debug|Any CPU
		{003D88D9-C0AB-4BEE-971E-5D9361A5BBFF}.LuluSoftDevel|Any CPU.ActiveCfg = Release|Any CPU
		{003D88D9-C0AB-4BEE-971E-5D9361A5BBFF}.LuluSoftDevel|Any CPU.Build.0 = Release|Any CPU
		{003D88D9-C0AB-4BEE-971E-5D9361A5BBFF}.LuluSoftRelease|Any CPU.ActiveCfg = Release|Any CPU
		{003D88D9-C0AB-4BEE-971E-5D9361A5BBFF}.LuluSoftRelease|Any CPU.Build.0 = Release|Any CPU
		{003D88D9-C0AB-4BEE-971E-5D9361A5BBFF}.LuluSoftStage|Any CPU.ActiveCfg = Release|Any CPU
		{003D88D9-C0AB-4BEE-971E-5D9361A5BBFF}.LuluSoftStage|Any CPU.Build.0 = Release|Any CPU
		{003D88D9-C0AB-4BEE-971E-5D9361A5BBFF}.PdfForgeDebug|Any CPU.ActiveCfg = Debug|Any CPU
		{003D88D9-C0AB-4BEE-971E-5D9361A5BBFF}.PdfForgeDebug|Any CPU.Build.0 = Debug|Any CPU
		{003D88D9-C0AB-4BEE-971E-5D9361A5BBFF}.PdfForgeDevel|Any CPU.ActiveCfg = Release|Any CPU
		{003D88D9-C0AB-4BEE-971E-5D9361A5BBFF}.PdfForgeDevel|Any CPU.Build.0 = Release|Any CPU
		{003D88D9-C0AB-4BEE-971E-5D9361A5BBFF}.PdfForgeRelease|Any CPU.ActiveCfg = Release|Any CPU
		{003D88D9-C0AB-4BEE-971E-5D9361A5BBFF}.PdfForgeRelease|Any CPU.Build.0 = Release|Any CPU
		{003D88D9-C0AB-4BEE-971E-5D9361A5BBFF}.PdfForgeStage|Any CPU.ActiveCfg = Release|Any CPU
		{003D88D9-C0AB-4BEE-971E-5D9361A5BBFF}.PdfForgeStage|Any CPU.Build.0 = Release|Any CPU
		{003D88D9-C0AB-4BEE-971E-5D9361A5BBFF}.Release|Any CPU.ActiveCfg = Release|Any CPU
		{003D88D9-C0AB-4BEE-971E-5D9361A5BBFF}.Release|Any CPU.Build.0 = Release|Any CPU
		{AB4C0BAA-407A-447D-A8AA-3CB7C0D8EAE1}.Debug|Any CPU.ActiveCfg = Debug|Any CPU
		{AB4C0BAA-407A-447D-A8AA-3CB7C0D8EAE1}.Debug|Any CPU.Build.0 = Debug|Any CPU
		{AB4C0BAA-407A-447D-A8AA-3CB7C0D8EAE1}.LuluSoftDebug|Any CPU.ActiveCfg = Debug|Any CPU
		{AB4C0BAA-407A-447D-A8AA-3CB7C0D8EAE1}.LuluSoftDebug|Any CPU.Build.0 = Debug|Any CPU
		{AB4C0BAA-407A-447D-A8AA-3CB7C0D8EAE1}.LuluSoftDevel|Any CPU.ActiveCfg = Release|Any CPU
		{AB4C0BAA-407A-447D-A8AA-3CB7C0D8EAE1}.LuluSoftDevel|Any CPU.Build.0 = Release|Any CPU
		{AB4C0BAA-407A-447D-A8AA-3CB7C0D8EAE1}.LuluSoftRelease|Any CPU.ActiveCfg = Release|Any CPU
		{AB4C0BAA-407A-447D-A8AA-3CB7C0D8EAE1}.LuluSoftRelease|Any CPU.Build.0 = Release|Any CPU
		{AB4C0BAA-407A-447D-A8AA-3CB7C0D8EAE1}.LuluSoftStage|Any CPU.ActiveCfg = Release|Any CPU
		{AB4C0BAA-407A-447D-A8AA-3CB7C0D8EAE1}.LuluSoftStage|Any CPU.Build.0 = Release|Any CPU
		{AB4C0BAA-407A-447D-A8AA-3CB7C0D8EAE1}.PdfForgeDebug|Any CPU.ActiveCfg = Debug|Any CPU
		{AB4C0BAA-407A-447D-A8AA-3CB7C0D8EAE1}.PdfForgeDebug|Any CPU.Build.0 = Debug|Any CPU
		{AB4C0BAA-407A-447D-A8AA-3CB7C0D8EAE1}.PdfForgeDevel|Any CPU.ActiveCfg = Release|Any CPU
		{AB4C0BAA-407A-447D-A8AA-3CB7C0D8EAE1}.PdfForgeDevel|Any CPU.Build.0 = Release|Any CPU
		{AB4C0BAA-407A-447D-A8AA-3CB7C0D8EAE1}.PdfForgeRelease|Any CPU.ActiveCfg = Release|Any CPU
		{AB4C0BAA-407A-447D-A8AA-3CB7C0D8EAE1}.PdfForgeRelease|Any CPU.Build.0 = Release|Any CPU
		{AB4C0BAA-407A-447D-A8AA-3CB7C0D8EAE1}.PdfForgeStage|Any CPU.ActiveCfg = Release|Any CPU
		{AB4C0BAA-407A-447D-A8AA-3CB7C0D8EAE1}.PdfForgeStage|Any CPU.Build.0 = Release|Any CPU
		{AB4C0BAA-407A-447D-A8AA-3CB7C0D8EAE1}.Release|Any CPU.ActiveCfg = Release|Any CPU
		{AB4C0BAA-407A-447D-A8AA-3CB7C0D8EAE1}.Release|Any CPU.Build.0 = Release|Any CPU
		{E14BF87F-6BCE-4925-BCCB-7958B90E7989}.Debug|Any CPU.ActiveCfg = Debug|Any CPU
		{E14BF87F-6BCE-4925-BCCB-7958B90E7989}.Debug|Any CPU.Build.0 = Debug|Any CPU
		{E14BF87F-6BCE-4925-BCCB-7958B90E7989}.LuluSoftDebug|Any CPU.ActiveCfg = Debug|Any CPU
		{E14BF87F-6BCE-4925-BCCB-7958B90E7989}.LuluSoftDebug|Any CPU.Build.0 = Debug|Any CPU
		{E14BF87F-6BCE-4925-BCCB-7958B90E7989}.LuluSoftDevel|Any CPU.ActiveCfg = Release|Any CPU
		{E14BF87F-6BCE-4925-BCCB-7958B90E7989}.LuluSoftDevel|Any CPU.Build.0 = Release|Any CPU
		{E14BF87F-6BCE-4925-BCCB-7958B90E7989}.LuluSoftRelease|Any CPU.ActiveCfg = Release|Any CPU
		{E14BF87F-6BCE-4925-BCCB-7958B90E7989}.LuluSoftRelease|Any CPU.Build.0 = Release|Any CPU
		{E14BF87F-6BCE-4925-BCCB-7958B90E7989}.LuluSoftStage|Any CPU.ActiveCfg = Release|Any CPU
		{E14BF87F-6BCE-4925-BCCB-7958B90E7989}.LuluSoftStage|Any CPU.Build.0 = Release|Any CPU
		{E14BF87F-6BCE-4925-BCCB-7958B90E7989}.PdfForgeDebug|Any CPU.ActiveCfg = Debug|Any CPU
		{E14BF87F-6BCE-4925-BCCB-7958B90E7989}.PdfForgeDebug|Any CPU.Build.0 = Debug|Any CPU
		{E14BF87F-6BCE-4925-BCCB-7958B90E7989}.PdfForgeDevel|Any CPU.ActiveCfg = Release|Any CPU
		{E14BF87F-6BCE-4925-BCCB-7958B90E7989}.PdfForgeDevel|Any CPU.Build.0 = Release|Any CPU
		{E14BF87F-6BCE-4925-BCCB-7958B90E7989}.PdfForgeRelease|Any CPU.ActiveCfg = Release|Any CPU
		{E14BF87F-6BCE-4925-BCCB-7958B90E7989}.PdfForgeRelease|Any CPU.Build.0 = Release|Any CPU
		{E14BF87F-6BCE-4925-BCCB-7958B90E7989}.PdfForgeStage|Any CPU.ActiveCfg = Release|Any CPU
		{E14BF87F-6BCE-4925-BCCB-7958B90E7989}.PdfForgeStage|Any CPU.Build.0 = Release|Any CPU
		{E14BF87F-6BCE-4925-BCCB-7958B90E7989}.Release|Any CPU.ActiveCfg = Release|Any CPU
		{E14BF87F-6BCE-4925-BCCB-7958B90E7989}.Release|Any CPU.Build.0 = Release|Any CPU
		{8638100F-2493-4A03-A0DF-05EB7EC34282}.Debug|Any CPU.ActiveCfg = LuluSoftDebug|Any CPU
		{8638100F-2493-4A03-A0DF-05EB7EC34282}.Debug|Any CPU.Build.0 = LuluSoftDebug|Any CPU
		{8638100F-2493-4A03-A0DF-05EB7EC34282}.LuluSoftDebug|Any CPU.ActiveCfg = LuluSoftDebug|Any CPU
		{8638100F-2493-4A03-A0DF-05EB7EC34282}.LuluSoftDebug|Any CPU.Build.0 = LuluSoftDebug|Any CPU
		{8638100F-2493-4A03-A0DF-05EB7EC34282}.LuluSoftDevel|Any CPU.ActiveCfg = LuluSoftDebug|Any CPU
		{8638100F-2493-4A03-A0DF-05EB7EC34282}.LuluSoftDevel|Any CPU.Build.0 = LuluSoftDebug|Any CPU
		{8638100F-2493-4A03-A0DF-05EB7EC34282}.LuluSoftRelease|Any CPU.ActiveCfg = LuluSoftDebug|Any CPU
		{8638100F-2493-4A03-A0DF-05EB7EC34282}.LuluSoftRelease|Any CPU.Build.0 = LuluSoftDebug|Any CPU
		{8638100F-2493-4A03-A0DF-05EB7EC34282}.LuluSoftStage|Any CPU.ActiveCfg = LuluSoftDebug|Any CPU
		{8638100F-2493-4A03-A0DF-05EB7EC34282}.LuluSoftStage|Any CPU.Build.0 = LuluSoftDebug|Any CPU
		{8638100F-2493-4A03-A0DF-05EB7EC34282}.PdfForgeDebug|Any CPU.ActiveCfg = PdfForgeDebug|Any CPU
		{8638100F-2493-4A03-A0DF-05EB7EC34282}.PdfForgeDebug|Any CPU.Build.0 = PdfForgeDebug|Any CPU
		{8638100F-2493-4A03-A0DF-05EB7EC34282}.PdfForgeDevel|Any CPU.ActiveCfg = PdfForgeDebug|Any CPU
		{8638100F-2493-4A03-A0DF-05EB7EC34282}.PdfForgeDevel|Any CPU.Build.0 = PdfForgeDebug|Any CPU
		{8638100F-2493-4A03-A0DF-05EB7EC34282}.PdfForgeRelease|Any CPU.ActiveCfg = PdfForgeDebug|Any CPU
		{8638100F-2493-4A03-A0DF-05EB7EC34282}.PdfForgeRelease|Any CPU.Build.0 = PdfForgeDebug|Any CPU
		{8638100F-2493-4A03-A0DF-05EB7EC34282}.PdfForgeStage|Any CPU.ActiveCfg = PdfForgeDebug|Any CPU
		{8638100F-2493-4A03-A0DF-05EB7EC34282}.PdfForgeStage|Any CPU.Build.0 = PdfForgeDebug|Any CPU
		{8638100F-2493-4A03-A0DF-05EB7EC34282}.Release|Any CPU.ActiveCfg = LuluSoftDebug|Any CPU
		{8638100F-2493-4A03-A0DF-05EB7EC34282}.Release|Any CPU.Build.0 = LuluSoftDebug|Any CPU
		{DA21AC3B-BFFB-4582-B0F5-B24229138B93}.Debug|Any CPU.ActiveCfg = Debug|Any CPU
		{DA21AC3B-BFFB-4582-B0F5-B24229138B93}.Debug|Any CPU.Build.0 = Debug|Any CPU
		{DA21AC3B-BFFB-4582-B0F5-B24229138B93}.LuluSoftDebug|Any CPU.ActiveCfg = Debug|Any CPU
		{DA21AC3B-BFFB-4582-B0F5-B24229138B93}.LuluSoftDebug|Any CPU.Build.0 = Debug|Any CPU
		{DA21AC3B-BFFB-4582-B0F5-B24229138B93}.LuluSoftDevel|Any CPU.ActiveCfg = Release|Any CPU
		{DA21AC3B-BFFB-4582-B0F5-B24229138B93}.LuluSoftDevel|Any CPU.Build.0 = Release|Any CPU
		{DA21AC3B-BFFB-4582-B0F5-B24229138B93}.LuluSoftRelease|Any CPU.ActiveCfg = Release|Any CPU
		{DA21AC3B-BFFB-4582-B0F5-B24229138B93}.LuluSoftRelease|Any CPU.Build.0 = Release|Any CPU
		{DA21AC3B-BFFB-4582-B0F5-B24229138B93}.LuluSoftStage|Any CPU.ActiveCfg = Release|Any CPU
		{DA21AC3B-BFFB-4582-B0F5-B24229138B93}.LuluSoftStage|Any CPU.Build.0 = Release|Any CPU
		{DA21AC3B-BFFB-4582-B0F5-B24229138B93}.PdfForgeDebug|Any CPU.ActiveCfg = Debug|Any CPU
		{DA21AC3B-BFFB-4582-B0F5-B24229138B93}.PdfForgeDebug|Any CPU.Build.0 = Debug|Any CPU
		{DA21AC3B-BFFB-4582-B0F5-B24229138B93}.PdfForgeDevel|Any CPU.ActiveCfg = Release|Any CPU
		{DA21AC3B-BFFB-4582-B0F5-B24229138B93}.PdfForgeDevel|Any CPU.Build.0 = Release|Any CPU
		{DA21AC3B-BFFB-4582-B0F5-B24229138B93}.PdfForgeRelease|Any CPU.ActiveCfg = Release|Any CPU
		{DA21AC3B-BFFB-4582-B0F5-B24229138B93}.PdfForgeRelease|Any CPU.Build.0 = Release|Any CPU
		{DA21AC3B-BFFB-4582-B0F5-B24229138B93}.PdfForgeStage|Any CPU.ActiveCfg = Release|Any CPU
		{DA21AC3B-BFFB-4582-B0F5-B24229138B93}.PdfForgeStage|Any CPU.Build.0 = Release|Any CPU
		{DA21AC3B-BFFB-4582-B0F5-B24229138B93}.Release|Any CPU.ActiveCfg = Release|Any CPU
		{DA21AC3B-BFFB-4582-B0F5-B24229138B93}.Release|Any CPU.Build.0 = Release|Any CPU
		{65315A36-43F8-4B94-A997-41CE9535EC21}.Debug|Any CPU.ActiveCfg = Debug|Any CPU
		{65315A36-43F8-4B94-A997-41CE9535EC21}.Debug|Any CPU.Build.0 = Debug|Any CPU
		{65315A36-43F8-4B94-A997-41CE9535EC21}.LuluSoftDebug|Any CPU.ActiveCfg = Debug|Any CPU
		{65315A36-43F8-4B94-A997-41CE9535EC21}.LuluSoftDebug|Any CPU.Build.0 = Debug|Any CPU
		{65315A36-43F8-4B94-A997-41CE9535EC21}.LuluSoftDevel|Any CPU.ActiveCfg = Release|Any CPU
		{65315A36-43F8-4B94-A997-41CE9535EC21}.LuluSoftDevel|Any CPU.Build.0 = Release|Any CPU
		{65315A36-43F8-4B94-A997-41CE9535EC21}.LuluSoftRelease|Any CPU.ActiveCfg = Release|Any CPU
		{65315A36-43F8-4B94-A997-41CE9535EC21}.LuluSoftRelease|Any CPU.Build.0 = Release|Any CPU
		{65315A36-43F8-4B94-A997-41CE9535EC21}.LuluSoftStage|Any CPU.ActiveCfg = Release|Any CPU
		{65315A36-43F8-4B94-A997-41CE9535EC21}.LuluSoftStage|Any CPU.Build.0 = Release|Any CPU
		{65315A36-43F8-4B94-A997-41CE9535EC21}.PdfForgeDebug|Any CPU.ActiveCfg = Debug|Any CPU
		{65315A36-43F8-4B94-A997-41CE9535EC21}.PdfForgeDebug|Any CPU.Build.0 = Debug|Any CPU
		{65315A36-43F8-4B94-A997-41CE9535EC21}.PdfForgeDevel|Any CPU.ActiveCfg = Release|Any CPU
		{65315A36-43F8-4B94-A997-41CE9535EC21}.PdfForgeDevel|Any CPU.Build.0 = Release|Any CPU
		{65315A36-43F8-4B94-A997-41CE9535EC21}.PdfForgeRelease|Any CPU.ActiveCfg = Release|Any CPU
		{65315A36-43F8-4B94-A997-41CE9535EC21}.PdfForgeRelease|Any CPU.Build.0 = Release|Any CPU
		{65315A36-43F8-4B94-A997-41CE9535EC21}.PdfForgeStage|Any CPU.ActiveCfg = Release|Any CPU
		{65315A36-43F8-4B94-A997-41CE9535EC21}.PdfForgeStage|Any CPU.Build.0 = Release|Any CPU
		{65315A36-43F8-4B94-A997-41CE9535EC21}.Release|Any CPU.ActiveCfg = Release|Any CPU
		{65315A36-43F8-4B94-A997-41CE9535EC21}.Release|Any CPU.Build.0 = Release|Any CPU
	EndGlobalSection
	GlobalSection(SolutionProperties) = preSolution
		HideSolutionNode = FALSE
	EndGlobalSection
	GlobalSection(NestedProjects) = preSolution
		{2CDF86CA-2935-4BC8-BE24-82CC3C3233E7} = {61B9A36E-94AC-4CB9-A86F-753689A89A56}
		{5DC7DC14-0DC4-4708-927E-B930F656C5B7} = {61B9A36E-94AC-4CB9-A86F-753689A89A56}
		{C12739AC-8765-4386-B955-F827B2BEFF6C} = {61B9A36E-94AC-4CB9-A86F-753689A89A56}
		{8638100F-2493-4A03-A0DF-05EB7EC34282} = {61B9A36E-94AC-4CB9-A86F-753689A89A56}
		{65315A36-43F8-4B94-A997-41CE9535EC21} = {61B9A36E-94AC-4CB9-A86F-753689A89A56}
	EndGlobalSection
	GlobalSection(ExtensibilityGlobals) = postSolution
		SolutionGuid = {20291E72-BC31-4A62-8F46-3D734667A8FC}
	EndGlobalSection
EndGlobal
