
Microsoft Visual Studio Solution File, Format Version 12.00
# Visual Studio Version 16
VisualStudioVersion = 16.0.29201.188
MinimumVisualStudioVersion = 10.0.40219.1
Project("{FAE04EC0-301F-11D3-BF4B-00C04F79EFBC}") = "SaaS.Repository.Pattern", "Shared\SaaS.Repository.Pattern\SaaS.Repository.Pattern.csproj", "{65E322FD-4DFD-4EA9-BBFB-2BDA112CCB57}"
EndProject
Project("{FAE04EC0-301F-11D3-BF4B-00C04F79EFBC}") = "SaaS.Data.Entities", "Shared\SaaS.Data.Entities\SaaS.Data.Entities.csproj", "{E4C589CC-B762-4EF5-A951-F8455314204E}"
EndProject
Project("{FAE04EC0-301F-11D3-BF4B-00C04F79EFBC}") = "SaaS.Repository.Pattern.EF6", "Shared\SaaS.Repository.Pattern.EF6\SaaS.Repository.Pattern.EF6.csproj", "{CA3A183E-DB09-4403-8945-FC0C0514C718}"
EndProject
Project("{FAE04EC0-301F-11D3-BF4B-00C04F79EFBC}") = "SaaS.Identity", "Shared\SaaS.Identity\SaaS.Identity.csproj", "{B92AD5A5-EF14-43AD-90CC-ECEA8F2013BD}"
EndProject
Project("{FAE04EC0-301F-11D3-BF4B-00C04F79EFBC}") = "SaaS.Common", "Shared\SaaS.Common\SaaS.Common.csproj", "{0192B426-B217-4A98-A482-C562B0D2F4F5}"
EndProject
Project("{FAE04EC0-301F-11D3-BF4B-00C04F79EFBC}") = "SaaS.Api", "Web.Api\SaaS.Api\SaaS.Api.csproj", "{2B653243-CF63-4705-BF27-AF086FBAAB07}"
EndProject
Project("{FAE04EC0-301F-11D3-BF4B-00C04F79EFBC}") = "SaaS.Api.Sign", "Web.Api\SaaS.Api.Sign\SaaS.Api.Sign.csproj", "{CBE81506-42A9-4BAF-867D-AF7591835B66}"
EndProject
Project("{2150E333-8FDC-42A3-9474-1A3956D46DE8}") = "WinService", "WinService", "{61B9A36E-94AC-4CB9-A86F-753689A89A56}"
EndProject
Project("{FAE04EC0-301F-11D3-BF4B-00C04F79EFBC}") = "SaaS.WinService.Mailer", "WinService\SaaS.WinService.Mailer\SaaS.WinService.Mailer.csproj", "{2CDF86CA-2935-4BC8-BE24-82CC3C3233E7}"
EndProject
Project("{FAE04EC0-301F-11D3-BF4B-00C04F79EFBC}") = "SaaS.Mailer", "Shared\SaaS.Mailer\SaaS.Mailer.csproj", "{5DC7DC14-0DC4-4708-927E-B930F656C5B7}"
EndProject
Project("{FAE04EC0-301F-11D3-BF4B-00C04F79EFBC}") = "SaaS.MailerWorker", "Shared\SaaS.MailerWorker\SaaS.MailerWorker.csproj", "{C12739AC-8765-4386-B955-F827B2BEFF6C}"
EndProject
Project("{FAE04EC0-301F-11D3-BF4B-00C04F79EFBC}") = "Upclick.Api.Client", "Shared\Upclick.Api.Client\Upclick.Api.Client.csproj", "{8AC3B67E-A719-4EB9-AF9A-485F66DC31E1}"
EndProject
Project("{FAE04EC0-301F-11D3-BF4B-00C04F79EFBC}") = "SaaS.IPDetect", "Shared\SaaS.IPDetect\SaaS.IPDetect.csproj", "{7906EA9C-B43E-42F5-9D38-890D11421E5D}"
EndProject
Project("{FAE04EC0-301F-11D3-BF4B-00C04F79EFBC}") = "SaaS.Api.Admin", "Web.Api\SaaS.Api.Admin\SaaS.Api.Admin.csproj", "{A78F9D31-8C99-4392-8479-3CC3E6DCDFE8}"
EndProject
Project("{FAE04EC0-301F-11D3-BF4B-00C04F79EFBC}") = "SaaS.UI.Admin", "Web.Api\SaaS.UI.Admin\SaaS.UI.Admin.csproj", "{36B5D26F-020C-4520-97BF-13958E9F6DED}"
EndProject
Project("{FAE04EC0-301F-11D3-BF4B-00C04F79EFBC}") = "SaaS.Api.Client", "Shared\SaaS.Api.Client\SaaS.Api.Client.csproj", "{25BD0832-83FD-4EE2-ACEE-6FC91643D222}"
EndProject
Project("{FAE04EC0-301F-11D3-BF4B-00C04F79EFBC}") = "SaaS.Identity.Admin", "Shared\SaaS.Identity.Admin\SaaS.Identity.Admin.csproj", "{2EB6A5A7-C7B5-4550-A6E7-54763A6F84D9}"
EndProject
Project("{FAE04EC0-301F-11D3-BF4B-00C04F79EFBC}") = "SaaS.Data.Entities.Admin", "Shared\SaaS.Data.Entities.Admin\SaaS.Data.Entities.Admin.csproj", "{48719CDE-9A92-422D-888F-ADF8CE66A63E}"
EndProject
Project("{FAE04EC0-301F-11D3-BF4B-00C04F79EFBC}") = "SaaS.Api.Core", "Shared\SaaS.Api.Core\SaaS.Api.Core.csproj", "{003D88D9-C0AB-4BEE-971E-5D9361A5BBFF}"
EndProject
Project("{FAE04EC0-301F-11D3-BF4B-00C04F79EFBC}") = "SaaS.Notification", "Shared\SaaS.Notification\SaaS.Notification.csproj", "{AB4C0BAA-407A-447D-A8AA-3CB7C0D8EAE1}"
EndProject
Project("{FAE04EC0-301F-11D3-BF4B-00C04F79EFBC}") = "SaaS.Api.Models", "Shared\SaaS.Api.Models\SaaS.Api.Models.csproj", "{E14BF87F-6BCE-4925-BCCB-7958B90E7989}"
EndProject
Project("{FAE04EC0-301F-11D3-BF4B-00C04F79EFBC}") = "SaaS.WinService.Mailer.Qa", "WinService\SaaS.WinService.Mailer.Qa\SaaS.WinService.Mailer.Qa.csproj", "{8638100F-2493-4A03-A0DF-05EB7EC34282}"
EndProject
Project("{FAE04EC0-301F-11D3-BF4B-00C04F79EFBC}") = "SaaS.Api.Mc", "Web.Api\SaaS.Api.Mc\SaaS.Api.Mc.csproj", "{CCE67EF5-A900-48CE-BF76-4E858EBF9E88}"
EndProject
Project("{FAE04EC0-301F-11D3-BF4B-00C04F79EFBC}") = "SaaS.Oauth2", "Shared\SaaS.Oauth2\SaaS.Oauth2.csproj", "{B2852F29-2BC2-4E6E-B5CD-1C1670F72ECC}"
EndProject
Project("{FAE04EC0-301F-11D3-BF4B-00C04F79EFBC}") = "SaaS.ModuleFeatures", "Shared\SaaS.ModuleFeatures\SaaS.ModuleFeatures.csproj", "{DA21AC3B-BFFB-4582-B0F5-B24229138B93}"
EndProject
Project("{FAE04EC0-301F-11D3-BF4B-00C04F79EFBC}") = "SaaS.ModuleFeatures.Test", "Shared\SaaS.ModuleFeatures.Test\SaaS.ModuleFeatures.Test.csproj", "{BD1A549A-C760-4C6C-A02A-0BD289AB67DE}"
EndProject
Project("{FAE04EC0-301F-11D3-BF4B-00C04F79EFBC}") = "SaaS.WinService.Core", "WinService\SaaS.WinService.Core\SaaS.WinService.Core.csproj", "{65315A36-43F8-4B94-A997-41CE9535EC21}"
EndProject
Project("{FAE04EC0-301F-11D3-BF4B-00C04F79EFBC}") = "SaaS.WinService.eSign", "WinService\SaaS.WinService.eSign\SaaS.WinService.eSign.csproj", "{F70657B5-8A52-4847-B497-63961B93523F}"
EndProject
Project("{FAE04EC0-301F-11D3-BF4B-00C04F79EFBC}") = "eSign20.Api.Client", "Shared\eSign20.Api.Client\eSign20.Api.Client.csproj", "{3067537F-D626-4960-B58A-BA1CA57C0428}"
EndProject
Project("{FAE04EC0-301F-11D3-BF4B-00C04F79EFBC}") = "SaaS.Api.OauthClientGenerator", "Shared\SaaS.Api.OauthClientGenerator\SaaS.Api.OauthClientGenerator.csproj", "{FC52E71B-2CA1-4A22-AEE3-FB1176DCE86B}"
EndProject
Global
	GlobalSection(SolutionConfigurationPlatforms) = preSolution
		Debug|Any CPU = Debug|Any CPU
		LuluSoftDebug|Any CPU = LuluSoftDebug|Any CPU
		LuluSoftDevel|Any CPU = LuluSoftDevel|Any CPU
		LuluSoftRelease|Any CPU = LuluSoftRelease|Any CPU
		LuluSoftStage|Any CPU = LuluSoftStage|Any CPU
		PdfForgeDebug|Any CPU = PdfForgeDebug|Any CPU
		PdfForgeDevel|Any CPU = PdfForgeDevel|Any CPU
		PdfForgeRelease|Any CPU = PdfForgeRelease|Any CPU
		PdfForgeStage|Any CPU = PdfForgeStage|Any CPU
		PdfSamDebug|Any CPU = PdfSamDebug|Any CPU
		PdfSamRelease|Any CPU = PdfSamRelease|Any CPU
		PdfSamStage|Any CPU = PdfSamStage|Any CPU
		Release|Any CPU = Release|Any CPU
	EndGlobalSection
	GlobalSection(ProjectConfigurationPlatforms) = postSolution
		{65E322FD-4DFD-4EA9-BBFB-2BDA112CCB57}.Debug|Any CPU.ActiveCfg = Debug|Any CPU
		{65E322FD-4DFD-4EA9-BBFB-2BDA112CCB57}.Debug|Any CPU.Build.0 = Debug|Any CPU
		{65E322FD-4DFD-4EA9-BBFB-2BDA112CCB57}.LuluSoftDebug|Any CPU.ActiveCfg = Debug|Any CPU
		{65E322FD-4DFD-4EA9-BBFB-2BDA112CCB57}.LuluSoftDebug|Any CPU.Build.0 = Debug|Any CPU
		{65E322FD-4DFD-4EA9-BBFB-2BDA112CCB57}.LuluSoftDevel|Any CPU.ActiveCfg = Release|Any CPU
		{65E322FD-4DFD-4EA9-BBFB-2BDA112CCB57}.LuluSoftDevel|Any CPU.Build.0 = Release|Any CPU
		{65E322FD-4DFD-4EA9-BBFB-2BDA112CCB57}.LuluSoftRelease|Any CPU.ActiveCfg = Release|Any CPU
		{65E322FD-4DFD-4EA9-BBFB-2BDA112CCB57}.LuluSoftRelease|Any CPU.Build.0 = Release|Any CPU
		{65E322FD-4DFD-4EA9-BBFB-2BDA112CCB57}.LuluSoftStage|Any CPU.ActiveCfg = Release|Any CPU
		{65E322FD-4DFD-4EA9-BBFB-2BDA112CCB57}.LuluSoftStage|Any CPU.Build.0 = Release|Any CPU
		{65E322FD-4DFD-4EA9-BBFB-2BDA112CCB57}.PdfForgeDebug|Any CPU.ActiveCfg = Debug|Any CPU
		{65E322FD-4DFD-4EA9-BBFB-2BDA112CCB57}.PdfForgeDebug|Any CPU.Build.0 = Debug|Any CPU
		{65E322FD-4DFD-4EA9-BBFB-2BDA112CCB57}.PdfForgeDevel|Any CPU.ActiveCfg = Release|Any CPU
		{65E322FD-4DFD-4EA9-BBFB-2BDA112CCB57}.PdfForgeDevel|Any CPU.Build.0 = Release|Any CPU
		{65E322FD-4DFD-4EA9-BBFB-2BDA112CCB57}.PdfForgeRelease|Any CPU.ActiveCfg = Release|Any CPU
		{65E322FD-4DFD-4EA9-BBFB-2BDA112CCB57}.PdfForgeRelease|Any CPU.Build.0 = Release|Any CPU
		{65E322FD-4DFD-4EA9-BBFB-2BDA112CCB57}.PdfForgeStage|Any CPU.ActiveCfg = Release|Any CPU
		{65E322FD-4DFD-4EA9-BBFB-2BDA112CCB57}.PdfForgeStage|Any CPU.Build.0 = Release|Any CPU
		{65E322FD-4DFD-4EA9-BBFB-2BDA112CCB57}.PdfSamDebug|Any CPU.ActiveCfg = Debug|Any CPU
		{65E322FD-4DFD-4EA9-BBFB-2BDA112CCB57}.PdfSamDebug|Any CPU.Build.0 = Debug|Any CPU
		{65E322FD-4DFD-4EA9-BBFB-2BDA112CCB57}.PdfSamRelease|Any CPU.ActiveCfg = Release|Any CPU
		{65E322FD-4DFD-4EA9-BBFB-2BDA112CCB57}.PdfSamRelease|Any CPU.Build.0 = Release|Any CPU
		{65E322FD-4DFD-4EA9-BBFB-2BDA112CCB57}.PdfSamStage|Any CPU.ActiveCfg = Release|Any CPU
		{65E322FD-4DFD-4EA9-BBFB-2BDA112CCB57}.PdfSamStage|Any CPU.Build.0 = Release|Any CPU
		{65E322FD-4DFD-4EA9-BBFB-2BDA112CCB57}.Release|Any CPU.ActiveCfg = Release|Any CPU
		{65E322FD-4DFD-4EA9-BBFB-2BDA112CCB57}.Release|Any CPU.Build.0 = Release|Any CPU
		{E4C589CC-B762-4EF5-A951-F8455314204E}.Debug|Any CPU.ActiveCfg = Debug|Any CPU
		{E4C589CC-B762-4EF5-A951-F8455314204E}.Debug|Any CPU.Build.0 = Debug|Any CPU
		{E4C589CC-B762-4EF5-A951-F8455314204E}.LuluSoftDebug|Any CPU.ActiveCfg = LuluSoftDebug|Any CPU
		{E4C589CC-B762-4EF5-A951-F8455314204E}.LuluSoftDebug|Any CPU.Build.0 = LuluSoftDebug|Any CPU
		{E4C589CC-B762-4EF5-A951-F8455314204E}.LuluSoftDevel|Any CPU.ActiveCfg = Release|Any CPU
		{E4C589CC-B762-4EF5-A951-F8455314204E}.LuluSoftDevel|Any CPU.Build.0 = Release|Any CPU
		{E4C589CC-B762-4EF5-A951-F8455314204E}.LuluSoftRelease|Any CPU.ActiveCfg = LuluSoftRelease|Any CPU
		{E4C589CC-B762-4EF5-A951-F8455314204E}.LuluSoftRelease|Any CPU.Build.0 = LuluSoftRelease|Any CPU
		{E4C589CC-B762-4EF5-A951-F8455314204E}.LuluSoftStage|Any CPU.ActiveCfg = LuluSoftStage|Any CPU
		{E4C589CC-B762-4EF5-A951-F8455314204E}.LuluSoftStage|Any CPU.Build.0 = LuluSoftStage|Any CPU
		{E4C589CC-B762-4EF5-A951-F8455314204E}.PdfForgeDebug|Any CPU.ActiveCfg = Debug|Any CPU
		{E4C589CC-B762-4EF5-A951-F8455314204E}.PdfForgeDebug|Any CPU.Build.0 = Debug|Any CPU
		{E4C589CC-B762-4EF5-A951-F8455314204E}.PdfForgeDevel|Any CPU.ActiveCfg = Release|Any CPU
		{E4C589CC-B762-4EF5-A951-F8455314204E}.PdfForgeDevel|Any CPU.Build.0 = Release|Any CPU
		{E4C589CC-B762-4EF5-A951-F8455314204E}.PdfForgeRelease|Any CPU.ActiveCfg = Release|Any CPU
		{E4C589CC-B762-4EF5-A951-F8455314204E}.PdfForgeRelease|Any CPU.Build.0 = Release|Any CPU
		{E4C589CC-B762-4EF5-A951-F8455314204E}.PdfForgeStage|Any CPU.ActiveCfg = Release|Any CPU
		{E4C589CC-B762-4EF5-A951-F8455314204E}.PdfForgeStage|Any CPU.Build.0 = Release|Any CPU
		{E4C589CC-B762-4EF5-A951-F8455314204E}.PdfSamDebug|Any CPU.ActiveCfg = Debug|Any CPU
		{E4C589CC-B762-4EF5-A951-F8455314204E}.PdfSamDebug|Any CPU.Build.0 = Debug|Any CPU
		{E4C589CC-B762-4EF5-A951-F8455314204E}.PdfSamRelease|Any CPU.ActiveCfg = Release|Any CPU
		{E4C589CC-B762-4EF5-A951-F8455314204E}.PdfSamRelease|Any CPU.Build.0 = Release|Any CPU
		{E4C589CC-B762-4EF5-A951-F8455314204E}.PdfSamStage|Any CPU.ActiveCfg = Release|Any CPU
		{E4C589CC-B762-4EF5-A951-F8455314204E}.PdfSamStage|Any CPU.Build.0 = Release|Any CPU
		{E4C589CC-B762-4EF5-A951-F8455314204E}.Release|Any CPU.ActiveCfg = Release|Any CPU
		{E4C589CC-B762-4EF5-A951-F8455314204E}.Release|Any CPU.Build.0 = Release|Any CPU
		{CA3A183E-DB09-4403-8945-FC0C0514C718}.Debug|Any CPU.ActiveCfg = Debug|Any CPU
		{CA3A183E-DB09-4403-8945-FC0C0514C718}.Debug|Any CPU.Build.0 = Debug|Any CPU
		{CA3A183E-DB09-4403-8945-FC0C0514C718}.LuluSoftDebug|Any CPU.ActiveCfg = Debug|Any CPU
		{CA3A183E-DB09-4403-8945-FC0C0514C718}.LuluSoftDebug|Any CPU.Build.0 = Debug|Any CPU
		{CA3A183E-DB09-4403-8945-FC0C0514C718}.LuluSoftDevel|Any CPU.ActiveCfg = Release|Any CPU
		{CA3A183E-DB09-4403-8945-FC0C0514C718}.LuluSoftDevel|Any CPU.Build.0 = Release|Any CPU
		{CA3A183E-DB09-4403-8945-FC0C0514C718}.LuluSoftRelease|Any CPU.ActiveCfg = Release|Any CPU
		{CA3A183E-DB09-4403-8945-FC0C0514C718}.LuluSoftRelease|Any CPU.Build.0 = Release|Any CPU
		{CA3A183E-DB09-4403-8945-FC0C0514C718}.LuluSoftStage|Any CPU.ActiveCfg = Release|Any CPU
		{CA3A183E-DB09-4403-8945-FC0C0514C718}.LuluSoftStage|Any CPU.Build.0 = Release|Any CPU
		{CA3A183E-DB09-4403-8945-FC0C0514C718}.PdfForgeDebug|Any CPU.ActiveCfg = Debug|Any CPU
		{CA3A183E-DB09-4403-8945-FC0C0514C718}.PdfForgeDebug|Any CPU.Build.0 = Debug|Any CPU
		{CA3A183E-DB09-4403-8945-FC0C0514C718}.PdfForgeDevel|Any CPU.ActiveCfg = Release|Any CPU
		{CA3A183E-DB09-4403-8945-FC0C0514C718}.PdfForgeDevel|Any CPU.Build.0 = Release|Any CPU
		{CA3A183E-DB09-4403-8945-FC0C0514C718}.PdfForgeRelease|Any CPU.ActiveCfg = Release|Any CPU
		{CA3A183E-DB09-4403-8945-FC0C0514C718}.PdfForgeRelease|Any CPU.Build.0 = Release|Any CPU
		{CA3A183E-DB09-4403-8945-FC0C0514C718}.PdfForgeStage|Any CPU.ActiveCfg = Release|Any CPU
		{CA3A183E-DB09-4403-8945-FC0C0514C718}.PdfForgeStage|Any CPU.Build.0 = Release|Any CPU
		{CA3A183E-DB09-4403-8945-FC0C0514C718}.PdfSamDebug|Any CPU.ActiveCfg = Debug|Any CPU
		{CA3A183E-DB09-4403-8945-FC0C0514C718}.PdfSamDebug|Any CPU.Build.0 = Debug|Any CPU
		{CA3A183E-DB09-4403-8945-FC0C0514C718}.PdfSamRelease|Any CPU.ActiveCfg = Release|Any CPU
		{CA3A183E-DB09-4403-8945-FC0C0514C718}.PdfSamRelease|Any CPU.Build.0 = Release|Any CPU
		{CA3A183E-DB09-4403-8945-FC0C0514C718}.PdfSamStage|Any CPU.ActiveCfg = Release|Any CPU
		{CA3A183E-DB09-4403-8945-FC0C0514C718}.PdfSamStage|Any CPU.Build.0 = Release|Any CPU
		{CA3A183E-DB09-4403-8945-FC0C0514C718}.Release|Any CPU.ActiveCfg = Release|Any CPU
		{CA3A183E-DB09-4403-8945-FC0C0514C718}.Release|Any CPU.Build.0 = Release|Any CPU
		{B92AD5A5-EF14-43AD-90CC-ECEA8F2013BD}.Debug|Any CPU.ActiveCfg = Debug|Any CPU
		{B92AD5A5-EF14-43AD-90CC-ECEA8F2013BD}.Debug|Any CPU.Build.0 = Debug|Any CPU
		{B92AD5A5-EF14-43AD-90CC-ECEA8F2013BD}.LuluSoftDebug|Any CPU.ActiveCfg = Debug|Any CPU
		{B92AD5A5-EF14-43AD-90CC-ECEA8F2013BD}.LuluSoftDebug|Any CPU.Build.0 = Debug|Any CPU
		{B92AD5A5-EF14-43AD-90CC-ECEA8F2013BD}.LuluSoftDevel|Any CPU.ActiveCfg = Release|Any CPU
		{B92AD5A5-EF14-43AD-90CC-ECEA8F2013BD}.LuluSoftDevel|Any CPU.Build.0 = Release|Any CPU
		{B92AD5A5-EF14-43AD-90CC-ECEA8F2013BD}.LuluSoftRelease|Any CPU.ActiveCfg = LuluSoftRelease|Any CPU
		{B92AD5A5-EF14-43AD-90CC-ECEA8F2013BD}.LuluSoftRelease|Any CPU.Build.0 = LuluSoftRelease|Any CPU
		{B92AD5A5-EF14-43AD-90CC-ECEA8F2013BD}.LuluSoftStage|Any CPU.ActiveCfg = LuluSoftStage|Any CPU
		{B92AD5A5-EF14-43AD-90CC-ECEA8F2013BD}.LuluSoftStage|Any CPU.Build.0 = LuluSoftStage|Any CPU
		{B92AD5A5-EF14-43AD-90CC-ECEA8F2013BD}.PdfForgeDebug|Any CPU.ActiveCfg = Debug|Any CPU
		{B92AD5A5-EF14-43AD-90CC-ECEA8F2013BD}.PdfForgeDebug|Any CPU.Build.0 = Debug|Any CPU
		{B92AD5A5-EF14-43AD-90CC-ECEA8F2013BD}.PdfForgeDevel|Any CPU.ActiveCfg = Release|Any CPU
		{B92AD5A5-EF14-43AD-90CC-ECEA8F2013BD}.PdfForgeDevel|Any CPU.Build.0 = Release|Any CPU
		{B92AD5A5-EF14-43AD-90CC-ECEA8F2013BD}.PdfForgeRelease|Any CPU.ActiveCfg = Release|Any CPU
		{B92AD5A5-EF14-43AD-90CC-ECEA8F2013BD}.PdfForgeRelease|Any CPU.Build.0 = Release|Any CPU
		{B92AD5A5-EF14-43AD-90CC-ECEA8F2013BD}.PdfForgeStage|Any CPU.ActiveCfg = Release|Any CPU
		{B92AD5A5-EF14-43AD-90CC-ECEA8F2013BD}.PdfForgeStage|Any CPU.Build.0 = Release|Any CPU
		{B92AD5A5-EF14-43AD-90CC-ECEA8F2013BD}.PdfSamDebug|Any CPU.ActiveCfg = Debug|Any CPU
		{B92AD5A5-EF14-43AD-90CC-ECEA8F2013BD}.PdfSamDebug|Any CPU.Build.0 = Debug|Any CPU
		{B92AD5A5-EF14-43AD-90CC-ECEA8F2013BD}.PdfSamRelease|Any CPU.ActiveCfg = Release|Any CPU
		{B92AD5A5-EF14-43AD-90CC-ECEA8F2013BD}.PdfSamRelease|Any CPU.Build.0 = Release|Any CPU
		{B92AD5A5-EF14-43AD-90CC-ECEA8F2013BD}.PdfSamStage|Any CPU.ActiveCfg = Release|Any CPU
		{B92AD5A5-EF14-43AD-90CC-ECEA8F2013BD}.PdfSamStage|Any CPU.Build.0 = Release|Any CPU
		{B92AD5A5-EF14-43AD-90CC-ECEA8F2013BD}.Release|Any CPU.ActiveCfg = Release|Any CPU
		{B92AD5A5-EF14-43AD-90CC-ECEA8F2013BD}.Release|Any CPU.Build.0 = Release|Any CPU
		{0192B426-B217-4A98-A482-C562B0D2F4F5}.Debug|Any CPU.ActiveCfg = Debug|Any CPU
		{0192B426-B217-4A98-A482-C562B0D2F4F5}.Debug|Any CPU.Build.0 = Debug|Any CPU
		{0192B426-B217-4A98-A482-C562B0D2F4F5}.LuluSoftDebug|Any CPU.ActiveCfg = Debug|Any CPU
		{0192B426-B217-4A98-A482-C562B0D2F4F5}.LuluSoftDebug|Any CPU.Build.0 = Debug|Any CPU
		{0192B426-B217-4A98-A482-C562B0D2F4F5}.LuluSoftDevel|Any CPU.ActiveCfg = Release|Any CPU
		{0192B426-B217-4A98-A482-C562B0D2F4F5}.LuluSoftDevel|Any CPU.Build.0 = Release|Any CPU
		{0192B426-B217-4A98-A482-C562B0D2F4F5}.LuluSoftRelease|Any CPU.ActiveCfg = Release|Any CPU
		{0192B426-B217-4A98-A482-C562B0D2F4F5}.LuluSoftRelease|Any CPU.Build.0 = Release|Any CPU
		{0192B426-B217-4A98-A482-C562B0D2F4F5}.LuluSoftStage|Any CPU.ActiveCfg = Release|Any CPU
		{0192B426-B217-4A98-A482-C562B0D2F4F5}.LuluSoftStage|Any CPU.Build.0 = Release|Any CPU
		{0192B426-B217-4A98-A482-C562B0D2F4F5}.PdfForgeDebug|Any CPU.ActiveCfg = Debug|Any CPU
		{0192B426-B217-4A98-A482-C562B0D2F4F5}.PdfForgeDebug|Any CPU.Build.0 = Debug|Any CPU
		{0192B426-B217-4A98-A482-C562B0D2F4F5}.PdfForgeDevel|Any CPU.ActiveCfg = Release|Any CPU
		{0192B426-B217-4A98-A482-C562B0D2F4F5}.PdfForgeDevel|Any CPU.Build.0 = Release|Any CPU
		{0192B426-B217-4A98-A482-C562B0D2F4F5}.PdfForgeRelease|Any CPU.ActiveCfg = Release|Any CPU
		{0192B426-B217-4A98-A482-C562B0D2F4F5}.PdfForgeRelease|Any CPU.Build.0 = Release|Any CPU
		{0192B426-B217-4A98-A482-C562B0D2F4F5}.PdfForgeStage|Any CPU.ActiveCfg = Release|Any CPU
		{0192B426-B217-4A98-A482-C562B0D2F4F5}.PdfForgeStage|Any CPU.Build.0 = Release|Any CPU
		{0192B426-B217-4A98-A482-C562B0D2F4F5}.PdfSamDebug|Any CPU.ActiveCfg = Debug|Any CPU
		{0192B426-B217-4A98-A482-C562B0D2F4F5}.PdfSamDebug|Any CPU.Build.0 = Debug|Any CPU
		{0192B426-B217-4A98-A482-C562B0D2F4F5}.PdfSamRelease|Any CPU.ActiveCfg = Release|Any CPU
		{0192B426-B217-4A98-A482-C562B0D2F4F5}.PdfSamRelease|Any CPU.Build.0 = Release|Any CPU
		{0192B426-B217-4A98-A482-C562B0D2F4F5}.PdfSamStage|Any CPU.ActiveCfg = Release|Any CPU
		{0192B426-B217-4A98-A482-C562B0D2F4F5}.PdfSamStage|Any CPU.Build.0 = Release|Any CPU
		{0192B426-B217-4A98-A482-C562B0D2F4F5}.Release|Any CPU.ActiveCfg = Release|Any CPU
		{0192B426-B217-4A98-A482-C562B0D2F4F5}.Release|Any CPU.Build.0 = Release|Any CPU
		{2B653243-CF63-4705-BF27-AF086FBAAB07}.Debug|Any CPU.ActiveCfg = LuluSoftDebug|Any CPU
		{2B653243-CF63-4705-BF27-AF086FBAAB07}.Debug|Any CPU.Build.0 = LuluSoftDebug|Any CPU
		{2B653243-CF63-4705-BF27-AF086FBAAB07}.LuluSoftDebug|Any CPU.ActiveCfg = LuluSoftDebug|Any CPU
		{2B653243-CF63-4705-BF27-AF086FBAAB07}.LuluSoftDebug|Any CPU.Build.0 = LuluSoftDebug|Any CPU
		{2B653243-CF63-4705-BF27-AF086FBAAB07}.LuluSoftDebug|Any CPU.Deploy.0 = LuluSoftDebug|Any CPU
		{2B653243-CF63-4705-BF27-AF086FBAAB07}.LuluSoftDevel|Any CPU.ActiveCfg = LuluSoftDevel|Any CPU
		{2B653243-CF63-4705-BF27-AF086FBAAB07}.LuluSoftDevel|Any CPU.Build.0 = LuluSoftDevel|Any CPU
		{2B653243-CF63-4705-BF27-AF086FBAAB07}.LuluSoftRelease|Any CPU.ActiveCfg = LuluSoftRelease|Any CPU
		{2B653243-CF63-4705-BF27-AF086FBAAB07}.LuluSoftRelease|Any CPU.Build.0 = LuluSoftRelease|Any CPU
		{2B653243-CF63-4705-BF27-AF086FBAAB07}.LuluSoftStage|Any CPU.ActiveCfg = LuluSoftStage|Any CPU
		{2B653243-CF63-4705-BF27-AF086FBAAB07}.LuluSoftStage|Any CPU.Build.0 = LuluSoftStage|Any CPU
		{2B653243-CF63-4705-BF27-AF086FBAAB07}.PdfForgeDebug|Any CPU.ActiveCfg = PdfForgeDebug|Any CPU
		{2B653243-CF63-4705-BF27-AF086FBAAB07}.PdfForgeDebug|Any CPU.Build.0 = PdfForgeDebug|Any CPU
		{2B653243-CF63-4705-BF27-AF086FBAAB07}.PdfForgeDevel|Any CPU.ActiveCfg = PdfForgeDevel|Any CPU
		{2B653243-CF63-4705-BF27-AF086FBAAB07}.PdfForgeDevel|Any CPU.Build.0 = PdfForgeDevel|Any CPU
		{2B653243-CF63-4705-BF27-AF086FBAAB07}.PdfForgeRelease|Any CPU.ActiveCfg = PdfForgeRelease|Any CPU
		{2B653243-CF63-4705-BF27-AF086FBAAB07}.PdfForgeRelease|Any CPU.Build.0 = PdfForgeRelease|Any CPU
		{2B653243-CF63-4705-BF27-AF086FBAAB07}.PdfForgeStage|Any CPU.ActiveCfg = PdfForgeStage|Any CPU
		{2B653243-CF63-4705-BF27-AF086FBAAB07}.PdfForgeStage|Any CPU.Build.0 = PdfForgeStage|Any CPU
		{2B653243-CF63-4705-BF27-AF086FBAAB07}.PdfSamDebug|Any CPU.ActiveCfg = LuluSoftDebug|Any CPU
		{2B653243-CF63-4705-BF27-AF086FBAAB07}.PdfSamDebug|Any CPU.Build.0 = LuluSoftDebug|Any CPU
		{2B653243-CF63-4705-BF27-AF086FBAAB07}.PdfSamDebug|Any CPU.Deploy.0 = LuluSoftDebug|Any CPU
		{2B653243-CF63-4705-BF27-AF086FBAAB07}.PdfSamRelease|Any CPU.ActiveCfg = PdfSamRelease|Any CPU
		{2B653243-CF63-4705-BF27-AF086FBAAB07}.PdfSamRelease|Any CPU.Build.0 = PdfSamRelease|Any CPU
		{2B653243-CF63-4705-BF27-AF086FBAAB07}.PdfSamStage|Any CPU.ActiveCfg = PdfSamStage|Any CPU
		{2B653243-CF63-4705-BF27-AF086FBAAB07}.PdfSamStage|Any CPU.Build.0 = PdfSamStage|Any CPU
		{2B653243-CF63-4705-BF27-AF086FBAAB07}.Release|Any CPU.ActiveCfg = LuluSoftRelease|Any CPU
		{2B653243-CF63-4705-BF27-AF086FBAAB07}.Release|Any CPU.Build.0 = LuluSoftRelease|Any CPU
		{CBE81506-42A9-4BAF-867D-AF7591835B66}.Debug|Any CPU.ActiveCfg = LuluSoftDebug|Any CPU
		{CBE81506-42A9-4BAF-867D-AF7591835B66}.Debug|Any CPU.Build.0 = LuluSoftDebug|Any CPU
		{CBE81506-42A9-4BAF-867D-AF7591835B66}.LuluSoftDebug|Any CPU.ActiveCfg = LuluSoftDebug|Any CPU
		{CBE81506-42A9-4BAF-867D-AF7591835B66}.LuluSoftDebug|Any CPU.Build.0 = LuluSoftDebug|Any CPU
		{CBE81506-42A9-4BAF-867D-AF7591835B66}.LuluSoftDevel|Any CPU.ActiveCfg = LuluSoftDevel|Any CPU
		{CBE81506-42A9-4BAF-867D-AF7591835B66}.LuluSoftDevel|Any CPU.Build.0 = LuluSoftDevel|Any CPU
		{CBE81506-42A9-4BAF-867D-AF7591835B66}.LuluSoftRelease|Any CPU.ActiveCfg = LuluSoftRelease|Any CPU
		{CBE81506-42A9-4BAF-867D-AF7591835B66}.LuluSoftRelease|Any CPU.Build.0 = LuluSoftRelease|Any CPU
		{CBE81506-42A9-4BAF-867D-AF7591835B66}.LuluSoftStage|Any CPU.ActiveCfg = LuluSoftStage|Any CPU
		{CBE81506-42A9-4BAF-867D-AF7591835B66}.LuluSoftStage|Any CPU.Build.0 = LuluSoftStage|Any CPU
		{CBE81506-42A9-4BAF-867D-AF7591835B66}.PdfForgeDebug|Any CPU.ActiveCfg = PdfForgeDebug|Any CPU
		{CBE81506-42A9-4BAF-867D-AF7591835B66}.PdfForgeDebug|Any CPU.Build.0 = PdfForgeDebug|Any CPU
		{CBE81506-42A9-4BAF-867D-AF7591835B66}.PdfForgeDevel|Any CPU.ActiveCfg = PdfForgeDevel|Any CPU
		{CBE81506-42A9-4BAF-867D-AF7591835B66}.PdfForgeDevel|Any CPU.Build.0 = PdfForgeDevel|Any CPU
		{CBE81506-42A9-4BAF-867D-AF7591835B66}.PdfForgeRelease|Any CPU.ActiveCfg = PdfForgeRelease|Any CPU
		{CBE81506-42A9-4BAF-867D-AF7591835B66}.PdfForgeRelease|Any CPU.Build.0 = PdfForgeRelease|Any CPU
		{CBE81506-42A9-4BAF-867D-AF7591835B66}.PdfForgeStage|Any CPU.ActiveCfg = PdfForgeStage|Any CPU
		{CBE81506-42A9-4BAF-867D-AF7591835B66}.PdfForgeStage|Any CPU.Build.0 = PdfForgeStage|Any CPU
		{CBE81506-42A9-4BAF-867D-AF7591835B66}.PdfSamDebug|Any CPU.ActiveCfg = LuluSoftDebug|Any CPU
		{CBE81506-42A9-4BAF-867D-AF7591835B66}.PdfSamRelease|Any CPU.ActiveCfg = LuluSoftRelease|Any CPU
		{CBE81506-42A9-4BAF-867D-AF7591835B66}.PdfSamStage|Any CPU.ActiveCfg = LuluSoftStage|Any CPU
		{CBE81506-42A9-4BAF-867D-AF7591835B66}.Release|Any CPU.ActiveCfg = LuluSoftRelease|Any CPU
		{CBE81506-42A9-4BAF-867D-AF7591835B66}.Release|Any CPU.Build.0 = LuluSoftRelease|Any CPU
		{2CDF86CA-2935-4BC8-BE24-82CC3C3233E7}.Debug|Any CPU.ActiveCfg = LuluSoftDebug|Any CPU
		{2CDF86CA-2935-4BC8-BE24-82CC3C3233E7}.Debug|Any CPU.Build.0 = LuluSoftDebug|Any CPU
		{2CDF86CA-2935-4BC8-BE24-82CC3C3233E7}.LuluSoftDebug|Any CPU.ActiveCfg = LuluSoftDebug|Any CPU
		{2CDF86CA-2935-4BC8-BE24-82CC3C3233E7}.LuluSoftDebug|Any CPU.Build.0 = LuluSoftDebug|Any CPU
		{2CDF86CA-2935-4BC8-BE24-82CC3C3233E7}.LuluSoftDevel|Any CPU.ActiveCfg = LuluSoftDevel|Any CPU
		{2CDF86CA-2935-4BC8-BE24-82CC3C3233E7}.LuluSoftDevel|Any CPU.Build.0 = LuluSoftDevel|Any CPU
		{2CDF86CA-2935-4BC8-BE24-82CC3C3233E7}.LuluSoftRelease|Any CPU.ActiveCfg = LuluSoftRelease|Any CPU
		{2CDF86CA-2935-4BC8-BE24-82CC3C3233E7}.LuluSoftRelease|Any CPU.Build.0 = LuluSoftRelease|Any CPU
		{2CDF86CA-2935-4BC8-BE24-82CC3C3233E7}.LuluSoftStage|Any CPU.ActiveCfg = LuluSoftStage|Any CPU
		{2CDF86CA-2935-4BC8-BE24-82CC3C3233E7}.LuluSoftStage|Any CPU.Build.0 = LuluSoftStage|Any CPU
		{2CDF86CA-2935-4BC8-BE24-82CC3C3233E7}.PdfForgeDebug|Any CPU.ActiveCfg = PdfForgeDebug|Any CPU
		{2CDF86CA-2935-4BC8-BE24-82CC3C3233E7}.PdfForgeDebug|Any CPU.Build.0 = PdfForgeDebug|Any CPU
		{2CDF86CA-2935-4BC8-BE24-82CC3C3233E7}.PdfForgeDevel|Any CPU.ActiveCfg = PdfForgeDevel|Any CPU
		{2CDF86CA-2935-4BC8-BE24-82CC3C3233E7}.PdfForgeDevel|Any CPU.Build.0 = PdfForgeDevel|Any CPU
		{2CDF86CA-2935-4BC8-BE24-82CC3C3233E7}.PdfForgeRelease|Any CPU.ActiveCfg = PdfForgeRelease|Any CPU
		{2CDF86CA-2935-4BC8-BE24-82CC3C3233E7}.PdfForgeRelease|Any CPU.Build.0 = PdfForgeRelease|Any CPU
		{2CDF86CA-2935-4BC8-BE24-82CC3C3233E7}.PdfForgeStage|Any CPU.ActiveCfg = PdfForgeStage|Any CPU
		{2CDF86CA-2935-4BC8-BE24-82CC3C3233E7}.PdfForgeStage|Any CPU.Build.0 = PdfForgeStage|Any CPU
		{2CDF86CA-2935-4BC8-BE24-82CC3C3233E7}.PdfSamDebug|Any CPU.ActiveCfg = PdfSamDebug|Any CPU
		{2CDF86CA-2935-4BC8-BE24-82CC3C3233E7}.PdfSamDebug|Any CPU.Build.0 = PdfSamDebug|Any CPU
		{2CDF86CA-2935-4BC8-BE24-82CC3C3233E7}.PdfSamRelease|Any CPU.ActiveCfg = PdfSamRelease|Any CPU
		{2CDF86CA-2935-4BC8-BE24-82CC3C3233E7}.PdfSamRelease|Any CPU.Build.0 = PdfSamRelease|Any CPU
		{2CDF86CA-2935-4BC8-BE24-82CC3C3233E7}.PdfSamStage|Any CPU.ActiveCfg = PdfSamStage|Any CPU
		{2CDF86CA-2935-4BC8-BE24-82CC3C3233E7}.PdfSamStage|Any CPU.Build.0 = PdfSamStage|Any CPU
		{2CDF86CA-2935-4BC8-BE24-82CC3C3233E7}.Release|Any CPU.ActiveCfg = LuluSoftRelease|Any CPU
		{2CDF86CA-2935-4BC8-BE24-82CC3C3233E7}.Release|Any CPU.Build.0 = LuluSoftRelease|Any CPU
		{5DC7DC14-0DC4-4708-927E-B930F656C5B7}.Debug|Any CPU.ActiveCfg = LuluSoftDebug|Any CPU
		{5DC7DC14-0DC4-4708-927E-B930F656C5B7}.Debug|Any CPU.Build.0 = LuluSoftDebug|Any CPU
		{5DC7DC14-0DC4-4708-927E-B930F656C5B7}.LuluSoftDebug|Any CPU.ActiveCfg = LuluSoftDebug|Any CPU
		{5DC7DC14-0DC4-4708-927E-B930F656C5B7}.LuluSoftDebug|Any CPU.Build.0 = LuluSoftDebug|Any CPU
		{5DC7DC14-0DC4-4708-927E-B930F656C5B7}.LuluSoftDevel|Any CPU.ActiveCfg = LuluSoftDevel|Any CPU
		{5DC7DC14-0DC4-4708-927E-B930F656C5B7}.LuluSoftDevel|Any CPU.Build.0 = LuluSoftDevel|Any CPU
		{5DC7DC14-0DC4-4708-927E-B930F656C5B7}.LuluSoftRelease|Any CPU.ActiveCfg = LuluSoftRelease|Any CPU
		{5DC7DC14-0DC4-4708-927E-B930F656C5B7}.LuluSoftRelease|Any CPU.Build.0 = LuluSoftRelease|Any CPU
		{5DC7DC14-0DC4-4708-927E-B930F656C5B7}.LuluSoftStage|Any CPU.ActiveCfg = LuluSoftStage|Any CPU
		{5DC7DC14-0DC4-4708-927E-B930F656C5B7}.LuluSoftStage|Any CPU.Build.0 = LuluSoftStage|Any CPU
		{5DC7DC14-0DC4-4708-927E-B930F656C5B7}.PdfForgeDebug|Any CPU.ActiveCfg = PdfForgeDebug|Any CPU
		{5DC7DC14-0DC4-4708-927E-B930F656C5B7}.PdfForgeDebug|Any CPU.Build.0 = PdfForgeDebug|Any CPU
		{5DC7DC14-0DC4-4708-927E-B930F656C5B7}.PdfForgeDevel|Any CPU.ActiveCfg = PdfForgeDevel|Any CPU
		{5DC7DC14-0DC4-4708-927E-B930F656C5B7}.PdfForgeDevel|Any CPU.Build.0 = PdfForgeDevel|Any CPU
		{5DC7DC14-0DC4-4708-927E-B930F656C5B7}.PdfForgeRelease|Any CPU.ActiveCfg = PdfForgeRelease|Any CPU
		{5DC7DC14-0DC4-4708-927E-B930F656C5B7}.PdfForgeRelease|Any CPU.Build.0 = PdfForgeRelease|Any CPU
		{5DC7DC14-0DC4-4708-927E-B930F656C5B7}.PdfForgeStage|Any CPU.ActiveCfg = PdfForgeStage|Any CPU
		{5DC7DC14-0DC4-4708-927E-B930F656C5B7}.PdfForgeStage|Any CPU.Build.0 = PdfForgeStage|Any CPU
		{5DC7DC14-0DC4-4708-927E-B930F656C5B7}.PdfSamDebug|Any CPU.ActiveCfg = PdfSamDebug|Any CPU
		{5DC7DC14-0DC4-4708-927E-B930F656C5B7}.PdfSamDebug|Any CPU.Build.0 = PdfSamDebug|Any CPU
		{5DC7DC14-0DC4-4708-927E-B930F656C5B7}.PdfSamRelease|Any CPU.ActiveCfg = PdfSamRelease|Any CPU
		{5DC7DC14-0DC4-4708-927E-B930F656C5B7}.PdfSamRelease|Any CPU.Build.0 = PdfSamRelease|Any CPU
		{5DC7DC14-0DC4-4708-927E-B930F656C5B7}.PdfSamStage|Any CPU.ActiveCfg = PdfSamStage|Any CPU
		{5DC7DC14-0DC4-4708-927E-B930F656C5B7}.PdfSamStage|Any CPU.Build.0 = PdfSamStage|Any CPU
		{5DC7DC14-0DC4-4708-927E-B930F656C5B7}.Release|Any CPU.ActiveCfg = LuluSoftRelease|Any CPU
		{5DC7DC14-0DC4-4708-927E-B930F656C5B7}.Release|Any CPU.Build.0 = LuluSoftRelease|Any CPU
		{C12739AC-8765-4386-B955-F827B2BEFF6C}.Debug|Any CPU.ActiveCfg = Debug|Any CPU
		{C12739AC-8765-4386-B955-F827B2BEFF6C}.Debug|Any CPU.Build.0 = Debug|Any CPU
		{C12739AC-8765-4386-B955-F827B2BEFF6C}.LuluSoftDebug|Any CPU.ActiveCfg = Debug|Any CPU
		{C12739AC-8765-4386-B955-F827B2BEFF6C}.LuluSoftDebug|Any CPU.Build.0 = Debug|Any CPU
		{C12739AC-8765-4386-B955-F827B2BEFF6C}.LuluSoftDevel|Any CPU.ActiveCfg = Release|Any CPU
		{C12739AC-8765-4386-B955-F827B2BEFF6C}.LuluSoftDevel|Any CPU.Build.0 = Release|Any CPU
		{C12739AC-8765-4386-B955-F827B2BEFF6C}.LuluSoftRelease|Any CPU.ActiveCfg = Release|Any CPU
		{C12739AC-8765-4386-B955-F827B2BEFF6C}.LuluSoftRelease|Any CPU.Build.0 = Release|Any CPU
		{C12739AC-8765-4386-B955-F827B2BEFF6C}.LuluSoftStage|Any CPU.ActiveCfg = Release|Any CPU
		{C12739AC-8765-4386-B955-F827B2BEFF6C}.LuluSoftStage|Any CPU.Build.0 = Release|Any CPU
		{C12739AC-8765-4386-B955-F827B2BEFF6C}.PdfForgeDebug|Any CPU.ActiveCfg = Debug|Any CPU
		{C12739AC-8765-4386-B955-F827B2BEFF6C}.PdfForgeDebug|Any CPU.Build.0 = Debug|Any CPU
		{C12739AC-8765-4386-B955-F827B2BEFF6C}.PdfForgeDevel|Any CPU.ActiveCfg = Release|Any CPU
		{C12739AC-8765-4386-B955-F827B2BEFF6C}.PdfForgeDevel|Any CPU.Build.0 = Release|Any CPU
		{C12739AC-8765-4386-B955-F827B2BEFF6C}.PdfForgeRelease|Any CPU.ActiveCfg = Release|Any CPU
		{C12739AC-8765-4386-B955-F827B2BEFF6C}.PdfForgeRelease|Any CPU.Build.0 = Release|Any CPU
		{C12739AC-8765-4386-B955-F827B2BEFF6C}.PdfForgeStage|Any CPU.ActiveCfg = Release|Any CPU
		{C12739AC-8765-4386-B955-F827B2BEFF6C}.PdfForgeStage|Any CPU.Build.0 = Release|Any CPU
		{C12739AC-8765-4386-B955-F827B2BEFF6C}.PdfSamDebug|Any CPU.ActiveCfg = Debug|Any CPU
		{C12739AC-8765-4386-B955-F827B2BEFF6C}.PdfSamDebug|Any CPU.Build.0 = Debug|Any CPU
		{C12739AC-8765-4386-B955-F827B2BEFF6C}.PdfSamRelease|Any CPU.ActiveCfg = Release|Any CPU
		{C12739AC-8765-4386-B955-F827B2BEFF6C}.PdfSamRelease|Any CPU.Build.0 = Release|Any CPU
		{C12739AC-8765-4386-B955-F827B2BEFF6C}.PdfSamStage|Any CPU.ActiveCfg = Release|Any CPU
		{C12739AC-8765-4386-B955-F827B2BEFF6C}.PdfSamStage|Any CPU.Build.0 = Release|Any CPU
		{C12739AC-8765-4386-B955-F827B2BEFF6C}.Release|Any CPU.ActiveCfg = Release|Any CPU
		{C12739AC-8765-4386-B955-F827B2BEFF6C}.Release|Any CPU.Build.0 = Release|Any CPU
		{8AC3B67E-A719-4EB9-AF9A-485F66DC31E1}.Debug|Any CPU.ActiveCfg = Debug|Any CPU
		{8AC3B67E-A719-4EB9-AF9A-485F66DC31E1}.Debug|Any CPU.Build.0 = Debug|Any CPU
		{8AC3B67E-A719-4EB9-AF9A-485F66DC31E1}.LuluSoftDebug|Any CPU.ActiveCfg = Debug|Any CPU
		{8AC3B67E-A719-4EB9-AF9A-485F66DC31E1}.LuluSoftDebug|Any CPU.Build.0 = Debug|Any CPU
		{8AC3B67E-A719-4EB9-AF9A-485F66DC31E1}.LuluSoftDevel|Any CPU.ActiveCfg = Release|Any CPU
		{8AC3B67E-A719-4EB9-AF9A-485F66DC31E1}.LuluSoftDevel|Any CPU.Build.0 = Release|Any CPU
		{8AC3B67E-A719-4EB9-AF9A-485F66DC31E1}.LuluSoftRelease|Any CPU.ActiveCfg = Release|Any CPU
		{8AC3B67E-A719-4EB9-AF9A-485F66DC31E1}.LuluSoftRelease|Any CPU.Build.0 = Release|Any CPU
		{8AC3B67E-A719-4EB9-AF9A-485F66DC31E1}.LuluSoftStage|Any CPU.ActiveCfg = Release|Any CPU
		{8AC3B67E-A719-4EB9-AF9A-485F66DC31E1}.LuluSoftStage|Any CPU.Build.0 = Release|Any CPU
		{8AC3B67E-A719-4EB9-AF9A-485F66DC31E1}.PdfForgeDebug|Any CPU.ActiveCfg = Debug|Any CPU
		{8AC3B67E-A719-4EB9-AF9A-485F66DC31E1}.PdfForgeDebug|Any CPU.Build.0 = Debug|Any CPU
		{8AC3B67E-A719-4EB9-AF9A-485F66DC31E1}.PdfForgeDevel|Any CPU.ActiveCfg = Release|Any CPU
		{8AC3B67E-A719-4EB9-AF9A-485F66DC31E1}.PdfForgeDevel|Any CPU.Build.0 = Release|Any CPU
		{8AC3B67E-A719-4EB9-AF9A-485F66DC31E1}.PdfForgeRelease|Any CPU.ActiveCfg = Release|Any CPU
		{8AC3B67E-A719-4EB9-AF9A-485F66DC31E1}.PdfForgeRelease|Any CPU.Build.0 = Release|Any CPU
		{8AC3B67E-A719-4EB9-AF9A-485F66DC31E1}.PdfForgeStage|Any CPU.ActiveCfg = Release|Any CPU
		{8AC3B67E-A719-4EB9-AF9A-485F66DC31E1}.PdfForgeStage|Any CPU.Build.0 = Release|Any CPU
		{8AC3B67E-A719-4EB9-AF9A-485F66DC31E1}.PdfSamDebug|Any CPU.ActiveCfg = Debug|Any CPU
		{8AC3B67E-A719-4EB9-AF9A-485F66DC31E1}.PdfSamDebug|Any CPU.Build.0 = Debug|Any CPU
		{8AC3B67E-A719-4EB9-AF9A-485F66DC31E1}.PdfSamRelease|Any CPU.ActiveCfg = Release|Any CPU
		{8AC3B67E-A719-4EB9-AF9A-485F66DC31E1}.PdfSamRelease|Any CPU.Build.0 = Release|Any CPU
		{8AC3B67E-A719-4EB9-AF9A-485F66DC31E1}.PdfSamStage|Any CPU.ActiveCfg = Release|Any CPU
		{8AC3B67E-A719-4EB9-AF9A-485F66DC31E1}.PdfSamStage|Any CPU.Build.0 = Release|Any CPU
		{8AC3B67E-A719-4EB9-AF9A-485F66DC31E1}.Release|Any CPU.ActiveCfg = Release|Any CPU
		{8AC3B67E-A719-4EB9-AF9A-485F66DC31E1}.Release|Any CPU.Build.0 = Release|Any CPU
		{7906EA9C-B43E-42F5-9D38-890D11421E5D}.Debug|Any CPU.ActiveCfg = Debug|Any CPU
		{7906EA9C-B43E-42F5-9D38-890D11421E5D}.Debug|Any CPU.Build.0 = Debug|Any CPU
		{7906EA9C-B43E-42F5-9D38-890D11421E5D}.LuluSoftDebug|Any CPU.ActiveCfg = Debug|Any CPU
		{7906EA9C-B43E-42F5-9D38-890D11421E5D}.LuluSoftDebug|Any CPU.Build.0 = Debug|Any CPU
		{7906EA9C-B43E-42F5-9D38-890D11421E5D}.LuluSoftDevel|Any CPU.ActiveCfg = Release|Any CPU
		{7906EA9C-B43E-42F5-9D38-890D11421E5D}.LuluSoftDevel|Any CPU.Build.0 = Release|Any CPU
		{7906EA9C-B43E-42F5-9D38-890D11421E5D}.LuluSoftRelease|Any CPU.ActiveCfg = Release|Any CPU
		{7906EA9C-B43E-42F5-9D38-890D11421E5D}.LuluSoftRelease|Any CPU.Build.0 = Release|Any CPU
		{7906EA9C-B43E-42F5-9D38-890D11421E5D}.LuluSoftStage|Any CPU.ActiveCfg = Release|Any CPU
		{7906EA9C-B43E-42F5-9D38-890D11421E5D}.LuluSoftStage|Any CPU.Build.0 = Release|Any CPU
		{7906EA9C-B43E-42F5-9D38-890D11421E5D}.PdfForgeDebug|Any CPU.ActiveCfg = Debug|Any CPU
		{7906EA9C-B43E-42F5-9D38-890D11421E5D}.PdfForgeDebug|Any CPU.Build.0 = Debug|Any CPU
		{7906EA9C-B43E-42F5-9D38-890D11421E5D}.PdfForgeDevel|Any CPU.ActiveCfg = Release|Any CPU
		{7906EA9C-B43E-42F5-9D38-890D11421E5D}.PdfForgeDevel|Any CPU.Build.0 = Release|Any CPU
		{7906EA9C-B43E-42F5-9D38-890D11421E5D}.PdfForgeRelease|Any CPU.ActiveCfg = Release|Any CPU
		{7906EA9C-B43E-42F5-9D38-890D11421E5D}.PdfForgeRelease|Any CPU.Build.0 = Release|Any CPU
		{7906EA9C-B43E-42F5-9D38-890D11421E5D}.PdfForgeStage|Any CPU.ActiveCfg = Release|Any CPU
		{7906EA9C-B43E-42F5-9D38-890D11421E5D}.PdfForgeStage|Any CPU.Build.0 = Release|Any CPU
		{7906EA9C-B43E-42F5-9D38-890D11421E5D}.PdfSamDebug|Any CPU.ActiveCfg = Debug|Any CPU
		{7906EA9C-B43E-42F5-9D38-890D11421E5D}.PdfSamDebug|Any CPU.Build.0 = Debug|Any CPU
		{7906EA9C-B43E-42F5-9D38-890D11421E5D}.PdfSamRelease|Any CPU.ActiveCfg = Release|Any CPU
		{7906EA9C-B43E-42F5-9D38-890D11421E5D}.PdfSamRelease|Any CPU.Build.0 = Release|Any CPU
		{7906EA9C-B43E-42F5-9D38-890D11421E5D}.PdfSamStage|Any CPU.ActiveCfg = Release|Any CPU
		{7906EA9C-B43E-42F5-9D38-890D11421E5D}.PdfSamStage|Any CPU.Build.0 = Release|Any CPU
		{7906EA9C-B43E-42F5-9D38-890D11421E5D}.Release|Any CPU.ActiveCfg = Release|Any CPU
		{7906EA9C-B43E-42F5-9D38-890D11421E5D}.Release|Any CPU.Build.0 = Release|Any CPU
		{A78F9D31-8C99-4392-8479-3CC3E6DCDFE8}.Debug|Any CPU.ActiveCfg = LuluSoftDebug|Any CPU
		{A78F9D31-8C99-4392-8479-3CC3E6DCDFE8}.Debug|Any CPU.Build.0 = LuluSoftDebug|Any CPU
		{A78F9D31-8C99-4392-8479-3CC3E6DCDFE8}.LuluSoftDebug|Any CPU.ActiveCfg = LuluSoftDebug|Any CPU
		{A78F9D31-8C99-4392-8479-3CC3E6DCDFE8}.LuluSoftDebug|Any CPU.Build.0 = LuluSoftDebug|Any CPU
		{A78F9D31-8C99-4392-8479-3CC3E6DCDFE8}.LuluSoftDevel|Any CPU.ActiveCfg = LuluSoftDevel|Any CPU
		{A78F9D31-8C99-4392-8479-3CC3E6DCDFE8}.LuluSoftDevel|Any CPU.Build.0 = LuluSoftDevel|Any CPU
		{A78F9D31-8C99-4392-8479-3CC3E6DCDFE8}.LuluSoftRelease|Any CPU.ActiveCfg = LuluSoftRelease|Any CPU
		{A78F9D31-8C99-4392-8479-3CC3E6DCDFE8}.LuluSoftRelease|Any CPU.Build.0 = LuluSoftRelease|Any CPU
		{A78F9D31-8C99-4392-8479-3CC3E6DCDFE8}.LuluSoftStage|Any CPU.ActiveCfg = LuluSoftStage|Any CPU
		{A78F9D31-8C99-4392-8479-3CC3E6DCDFE8}.LuluSoftStage|Any CPU.Build.0 = LuluSoftStage|Any CPU
		{A78F9D31-8C99-4392-8479-3CC3E6DCDFE8}.PdfForgeDebug|Any CPU.ActiveCfg = PdfForgeDebug|Any CPU
		{A78F9D31-8C99-4392-8479-3CC3E6DCDFE8}.PdfForgeDebug|Any CPU.Build.0 = PdfForgeDebug|Any CPU
		{A78F9D31-8C99-4392-8479-3CC3E6DCDFE8}.PdfForgeDevel|Any CPU.ActiveCfg = LuluSoftDevel|Any CPU
		{A78F9D31-8C99-4392-8479-3CC3E6DCDFE8}.PdfForgeDevel|Any CPU.Build.0 = LuluSoftDevel|Any CPU
		{A78F9D31-8C99-4392-8479-3CC3E6DCDFE8}.PdfForgeRelease|Any CPU.ActiveCfg = PdfForgeRelease|Any CPU
		{A78F9D31-8C99-4392-8479-3CC3E6DCDFE8}.PdfForgeRelease|Any CPU.Build.0 = PdfForgeRelease|Any CPU
		{A78F9D31-8C99-4392-8479-3CC3E6DCDFE8}.PdfForgeStage|Any CPU.ActiveCfg = PdfForgeStage|Any CPU
		{A78F9D31-8C99-4392-8479-3CC3E6DCDFE8}.PdfForgeStage|Any CPU.Build.0 = PdfForgeStage|Any CPU
		{A78F9D31-8C99-4392-8479-3CC3E6DCDFE8}.PdfSamDebug|Any CPU.ActiveCfg = LuluSoftDebug|Any CPU
		{A78F9D31-8C99-4392-8479-3CC3E6DCDFE8}.PdfSamDebug|Any CPU.Build.0 = LuluSoftDebug|Any CPU
		{A78F9D31-8C99-4392-8479-3CC3E6DCDFE8}.PdfSamRelease|Any CPU.ActiveCfg = PdfSamRelease|Any CPU
		{A78F9D31-8C99-4392-8479-3CC3E6DCDFE8}.PdfSamRelease|Any CPU.Build.0 = PdfSamRelease|Any CPU
		{A78F9D31-8C99-4392-8479-3CC3E6DCDFE8}.PdfSamStage|Any CPU.ActiveCfg = PdfSamStage|Any CPU
		{A78F9D31-8C99-4392-8479-3CC3E6DCDFE8}.PdfSamStage|Any CPU.Build.0 = PdfSamStage|Any CPU
		{A78F9D31-8C99-4392-8479-3CC3E6DCDFE8}.Release|Any CPU.ActiveCfg = LuluSoftRelease|Any CPU
		{A78F9D31-8C99-4392-8479-3CC3E6DCDFE8}.Release|Any CPU.Build.0 = LuluSoftRelease|Any CPU
		{36B5D26F-020C-4520-97BF-13958E9F6DED}.Debug|Any CPU.ActiveCfg = LuluSoftDebug|Any CPU
		{36B5D26F-020C-4520-97BF-13958E9F6DED}.Debug|Any CPU.Build.0 = LuluSoftDebug|Any CPU
		{36B5D26F-020C-4520-97BF-13958E9F6DED}.LuluSoftDebug|Any CPU.ActiveCfg = LuluSoftDebug|Any CPU
		{36B5D26F-020C-4520-97BF-13958E9F6DED}.LuluSoftDebug|Any CPU.Build.0 = LuluSoftDebug|Any CPU
		{36B5D26F-020C-4520-97BF-13958E9F6DED}.LuluSoftDevel|Any CPU.ActiveCfg = LuluSoftDevel|Any CPU
		{36B5D26F-020C-4520-97BF-13958E9F6DED}.LuluSoftDevel|Any CPU.Build.0 = LuluSoftDevel|Any CPU
		{36B5D26F-020C-4520-97BF-13958E9F6DED}.LuluSoftRelease|Any CPU.ActiveCfg = LuluSoftRelease|Any CPU
		{36B5D26F-020C-4520-97BF-13958E9F6DED}.LuluSoftRelease|Any CPU.Build.0 = LuluSoftRelease|Any CPU
		{36B5D26F-020C-4520-97BF-13958E9F6DED}.LuluSoftStage|Any CPU.ActiveCfg = LuluSoftStage|Any CPU
		{36B5D26F-020C-4520-97BF-13958E9F6DED}.LuluSoftStage|Any CPU.Build.0 = LuluSoftStage|Any CPU
		{36B5D26F-020C-4520-97BF-13958E9F6DED}.PdfForgeDebug|Any CPU.ActiveCfg = PdfForgeDebug|Any CPU
		{36B5D26F-020C-4520-97BF-13958E9F6DED}.PdfForgeDebug|Any CPU.Build.0 = PdfForgeDebug|Any CPU
		{36B5D26F-020C-4520-97BF-13958E9F6DED}.PdfForgeDevel|Any CPU.ActiveCfg = PdfForgeDevel|Any CPU
		{36B5D26F-020C-4520-97BF-13958E9F6DED}.PdfForgeDevel|Any CPU.Build.0 = PdfForgeDevel|Any CPU
		{36B5D26F-020C-4520-97BF-13958E9F6DED}.PdfForgeRelease|Any CPU.ActiveCfg = PdfForgeRelease|Any CPU
		{36B5D26F-020C-4520-97BF-13958E9F6DED}.PdfForgeRelease|Any CPU.Build.0 = PdfForgeRelease|Any CPU
		{36B5D26F-020C-4520-97BF-13958E9F6DED}.PdfForgeStage|Any CPU.ActiveCfg = PdfForgeStage|Any CPU
		{36B5D26F-020C-4520-97BF-13958E9F6DED}.PdfForgeStage|Any CPU.Build.0 = PdfForgeStage|Any CPU
		{36B5D26F-020C-4520-97BF-13958E9F6DED}.PdfSamDebug|Any CPU.ActiveCfg = PdfSamDebug|Any CPU
		{36B5D26F-020C-4520-97BF-13958E9F6DED}.PdfSamDebug|Any CPU.Build.0 = PdfSamDebug|Any CPU
		{36B5D26F-020C-4520-97BF-13958E9F6DED}.PdfSamRelease|Any CPU.ActiveCfg = PdfSamRelease|Any CPU
		{36B5D26F-020C-4520-97BF-13958E9F6DED}.PdfSamRelease|Any CPU.Build.0 = PdfSamRelease|Any CPU
		{36B5D26F-020C-4520-97BF-13958E9F6DED}.PdfSamStage|Any CPU.ActiveCfg = PdfSamStage|Any CPU
		{36B5D26F-020C-4520-97BF-13958E9F6DED}.PdfSamStage|Any CPU.Build.0 = PdfSamStage|Any CPU
		{36B5D26F-020C-4520-97BF-13958E9F6DED}.Release|Any CPU.ActiveCfg = LuluSoftRelease|Any CPU
		{36B5D26F-020C-4520-97BF-13958E9F6DED}.Release|Any CPU.Build.0 = LuluSoftRelease|Any CPU
		{25BD0832-83FD-4EE2-ACEE-6FC91643D222}.Debug|Any CPU.ActiveCfg = Debug|Any CPU
		{25BD0832-83FD-4EE2-ACEE-6FC91643D222}.Debug|Any CPU.Build.0 = Debug|Any CPU
		{25BD0832-83FD-4EE2-ACEE-6FC91643D222}.LuluSoftDebug|Any CPU.ActiveCfg = Debug|Any CPU
		{25BD0832-83FD-4EE2-ACEE-6FC91643D222}.LuluSoftDebug|Any CPU.Build.0 = Debug|Any CPU
		{25BD0832-83FD-4EE2-ACEE-6FC91643D222}.LuluSoftDevel|Any CPU.ActiveCfg = Release|Any CPU
		{25BD0832-83FD-4EE2-ACEE-6FC91643D222}.LuluSoftDevel|Any CPU.Build.0 = Release|Any CPU
		{25BD0832-83FD-4EE2-ACEE-6FC91643D222}.LuluSoftRelease|Any CPU.ActiveCfg = Release|Any CPU
		{25BD0832-83FD-4EE2-ACEE-6FC91643D222}.LuluSoftRelease|Any CPU.Build.0 = Release|Any CPU
		{25BD0832-83FD-4EE2-ACEE-6FC91643D222}.LuluSoftStage|Any CPU.ActiveCfg = Release|Any CPU
		{25BD0832-83FD-4EE2-ACEE-6FC91643D222}.LuluSoftStage|Any CPU.Build.0 = Release|Any CPU
		{25BD0832-83FD-4EE2-ACEE-6FC91643D222}.PdfForgeDebug|Any CPU.ActiveCfg = Debug|Any CPU
		{25BD0832-83FD-4EE2-ACEE-6FC91643D222}.PdfForgeDebug|Any CPU.Build.0 = Debug|Any CPU
		{25BD0832-83FD-4EE2-ACEE-6FC91643D222}.PdfForgeDevel|Any CPU.ActiveCfg = Release|Any CPU
		{25BD0832-83FD-4EE2-ACEE-6FC91643D222}.PdfForgeDevel|Any CPU.Build.0 = Release|Any CPU
		{25BD0832-83FD-4EE2-ACEE-6FC91643D222}.PdfForgeRelease|Any CPU.ActiveCfg = Release|Any CPU
		{25BD0832-83FD-4EE2-ACEE-6FC91643D222}.PdfForgeRelease|Any CPU.Build.0 = Release|Any CPU
		{25BD0832-83FD-4EE2-ACEE-6FC91643D222}.PdfForgeStage|Any CPU.ActiveCfg = Release|Any CPU
		{25BD0832-83FD-4EE2-ACEE-6FC91643D222}.PdfForgeStage|Any CPU.Build.0 = Release|Any CPU
		{25BD0832-83FD-4EE2-ACEE-6FC91643D222}.PdfSamDebug|Any CPU.ActiveCfg = Debug|Any CPU
		{25BD0832-83FD-4EE2-ACEE-6FC91643D222}.PdfSamDebug|Any CPU.Build.0 = Debug|Any CPU
		{25BD0832-83FD-4EE2-ACEE-6FC91643D222}.PdfSamRelease|Any CPU.ActiveCfg = Release|Any CPU
		{25BD0832-83FD-4EE2-ACEE-6FC91643D222}.PdfSamRelease|Any CPU.Build.0 = Release|Any CPU
		{25BD0832-83FD-4EE2-ACEE-6FC91643D222}.PdfSamStage|Any CPU.ActiveCfg = Release|Any CPU
		{25BD0832-83FD-4EE2-ACEE-6FC91643D222}.PdfSamStage|Any CPU.Build.0 = Release|Any CPU
		{25BD0832-83FD-4EE2-ACEE-6FC91643D222}.Release|Any CPU.ActiveCfg = Release|Any CPU
		{25BD0832-83FD-4EE2-ACEE-6FC91643D222}.Release|Any CPU.Build.0 = Release|Any CPU
		{2EB6A5A7-C7B5-4550-A6E7-54763A6F84D9}.Debug|Any CPU.ActiveCfg = Debug|Any CPU
		{2EB6A5A7-C7B5-4550-A6E7-54763A6F84D9}.Debug|Any CPU.Build.0 = Debug|Any CPU
		{2EB6A5A7-C7B5-4550-A6E7-54763A6F84D9}.LuluSoftDebug|Any CPU.ActiveCfg = Debug|Any CPU
		{2EB6A5A7-C7B5-4550-A6E7-54763A6F84D9}.LuluSoftDebug|Any CPU.Build.0 = Debug|Any CPU
		{2EB6A5A7-C7B5-4550-A6E7-54763A6F84D9}.LuluSoftDevel|Any CPU.ActiveCfg = Release|Any CPU
		{2EB6A5A7-C7B5-4550-A6E7-54763A6F84D9}.LuluSoftDevel|Any CPU.Build.0 = Release|Any CPU
		{2EB6A5A7-C7B5-4550-A6E7-54763A6F84D9}.LuluSoftRelease|Any CPU.ActiveCfg = Release|Any CPU
		{2EB6A5A7-C7B5-4550-A6E7-54763A6F84D9}.LuluSoftRelease|Any CPU.Build.0 = Release|Any CPU
		{2EB6A5A7-C7B5-4550-A6E7-54763A6F84D9}.LuluSoftStage|Any CPU.ActiveCfg = Release|Any CPU
		{2EB6A5A7-C7B5-4550-A6E7-54763A6F84D9}.LuluSoftStage|Any CPU.Build.0 = Release|Any CPU
		{2EB6A5A7-C7B5-4550-A6E7-54763A6F84D9}.PdfForgeDebug|Any CPU.ActiveCfg = Debug|Any CPU
		{2EB6A5A7-C7B5-4550-A6E7-54763A6F84D9}.PdfForgeDebug|Any CPU.Build.0 = Debug|Any CPU
		{2EB6A5A7-C7B5-4550-A6E7-54763A6F84D9}.PdfForgeDevel|Any CPU.ActiveCfg = Release|Any CPU
		{2EB6A5A7-C7B5-4550-A6E7-54763A6F84D9}.PdfForgeDevel|Any CPU.Build.0 = Release|Any CPU
		{2EB6A5A7-C7B5-4550-A6E7-54763A6F84D9}.PdfForgeRelease|Any CPU.ActiveCfg = Release|Any CPU
		{2EB6A5A7-C7B5-4550-A6E7-54763A6F84D9}.PdfForgeRelease|Any CPU.Build.0 = Release|Any CPU
		{2EB6A5A7-C7B5-4550-A6E7-54763A6F84D9}.PdfForgeStage|Any CPU.ActiveCfg = Release|Any CPU
		{2EB6A5A7-C7B5-4550-A6E7-54763A6F84D9}.PdfForgeStage|Any CPU.Build.0 = Release|Any CPU
		{2EB6A5A7-C7B5-4550-A6E7-54763A6F84D9}.PdfSamDebug|Any CPU.ActiveCfg = Debug|Any CPU
		{2EB6A5A7-C7B5-4550-A6E7-54763A6F84D9}.PdfSamDebug|Any CPU.Build.0 = Debug|Any CPU
		{2EB6A5A7-C7B5-4550-A6E7-54763A6F84D9}.PdfSamRelease|Any CPU.ActiveCfg = Release|Any CPU
		{2EB6A5A7-C7B5-4550-A6E7-54763A6F84D9}.PdfSamRelease|Any CPU.Build.0 = Release|Any CPU
		{2EB6A5A7-C7B5-4550-A6E7-54763A6F84D9}.PdfSamStage|Any CPU.ActiveCfg = Release|Any CPU
		{2EB6A5A7-C7B5-4550-A6E7-54763A6F84D9}.PdfSamStage|Any CPU.Build.0 = Release|Any CPU
		{2EB6A5A7-C7B5-4550-A6E7-54763A6F84D9}.Release|Any CPU.ActiveCfg = Release|Any CPU
		{2EB6A5A7-C7B5-4550-A6E7-54763A6F84D9}.Release|Any CPU.Build.0 = Release|Any CPU
		{48719CDE-9A92-422D-888F-ADF8CE66A63E}.Debug|Any CPU.ActiveCfg = Debug|Any CPU
		{48719CDE-9A92-422D-888F-ADF8CE66A63E}.Debug|Any CPU.Build.0 = Debug|Any CPU
		{48719CDE-9A92-422D-888F-ADF8CE66A63E}.LuluSoftDebug|Any CPU.ActiveCfg = Debug|Any CPU
		{48719CDE-9A92-422D-888F-ADF8CE66A63E}.LuluSoftDebug|Any CPU.Build.0 = Debug|Any CPU
		{48719CDE-9A92-422D-888F-ADF8CE66A63E}.LuluSoftDevel|Any CPU.ActiveCfg = Release|Any CPU
		{48719CDE-9A92-422D-888F-ADF8CE66A63E}.LuluSoftDevel|Any CPU.Build.0 = Release|Any CPU
		{48719CDE-9A92-422D-888F-ADF8CE66A63E}.LuluSoftRelease|Any CPU.ActiveCfg = Release|Any CPU
		{48719CDE-9A92-422D-888F-ADF8CE66A63E}.LuluSoftRelease|Any CPU.Build.0 = Release|Any CPU
		{48719CDE-9A92-422D-888F-ADF8CE66A63E}.LuluSoftStage|Any CPU.ActiveCfg = Release|Any CPU
		{48719CDE-9A92-422D-888F-ADF8CE66A63E}.LuluSoftStage|Any CPU.Build.0 = Release|Any CPU
		{48719CDE-9A92-422D-888F-ADF8CE66A63E}.PdfForgeDebug|Any CPU.ActiveCfg = Debug|Any CPU
		{48719CDE-9A92-422D-888F-ADF8CE66A63E}.PdfForgeDebug|Any CPU.Build.0 = Debug|Any CPU
		{48719CDE-9A92-422D-888F-ADF8CE66A63E}.PdfForgeDevel|Any CPU.ActiveCfg = Release|Any CPU
		{48719CDE-9A92-422D-888F-ADF8CE66A63E}.PdfForgeDevel|Any CPU.Build.0 = Release|Any CPU
		{48719CDE-9A92-422D-888F-ADF8CE66A63E}.PdfForgeRelease|Any CPU.ActiveCfg = Release|Any CPU
		{48719CDE-9A92-422D-888F-ADF8CE66A63E}.PdfForgeRelease|Any CPU.Build.0 = Release|Any CPU
		{48719CDE-9A92-422D-888F-ADF8CE66A63E}.PdfForgeStage|Any CPU.ActiveCfg = Release|Any CPU
		{48719CDE-9A92-422D-888F-ADF8CE66A63E}.PdfForgeStage|Any CPU.Build.0 = Release|Any CPU
		{48719CDE-9A92-422D-888F-ADF8CE66A63E}.PdfSamDebug|Any CPU.ActiveCfg = Debug|Any CPU
		{48719CDE-9A92-422D-888F-ADF8CE66A63E}.PdfSamDebug|Any CPU.Build.0 = Debug|Any CPU
		{48719CDE-9A92-422D-888F-ADF8CE66A63E}.PdfSamRelease|Any CPU.ActiveCfg = Release|Any CPU
		{48719CDE-9A92-422D-888F-ADF8CE66A63E}.PdfSamRelease|Any CPU.Build.0 = Release|Any CPU
		{48719CDE-9A92-422D-888F-ADF8CE66A63E}.PdfSamStage|Any CPU.ActiveCfg = Release|Any CPU
		{48719CDE-9A92-422D-888F-ADF8CE66A63E}.PdfSamStage|Any CPU.Build.0 = Release|Any CPU
		{48719CDE-9A92-422D-888F-ADF8CE66A63E}.Release|Any CPU.ActiveCfg = Release|Any CPU
		{48719CDE-9A92-422D-888F-ADF8CE66A63E}.Release|Any CPU.Build.0 = Release|Any CPU
		{003D88D9-C0AB-4BEE-971E-5D9361A5BBFF}.Debug|Any CPU.ActiveCfg = Debug|Any CPU
		{003D88D9-C0AB-4BEE-971E-5D9361A5BBFF}.Debug|Any CPU.Build.0 = Debug|Any CPU
		{003D88D9-C0AB-4BEE-971E-5D9361A5BBFF}.LuluSoftDebug|Any CPU.ActiveCfg = Debug|Any CPU
		{003D88D9-C0AB-4BEE-971E-5D9361A5BBFF}.LuluSoftDebug|Any CPU.Build.0 = Debug|Any CPU
		{003D88D9-C0AB-4BEE-971E-5D9361A5BBFF}.LuluSoftDevel|Any CPU.ActiveCfg = Release|Any CPU
		{003D88D9-C0AB-4BEE-971E-5D9361A5BBFF}.LuluSoftDevel|Any CPU.Build.0 = Release|Any CPU
		{003D88D9-C0AB-4BEE-971E-5D9361A5BBFF}.LuluSoftRelease|Any CPU.ActiveCfg = Release|Any CPU
		{003D88D9-C0AB-4BEE-971E-5D9361A5BBFF}.LuluSoftRelease|Any CPU.Build.0 = Release|Any CPU
		{003D88D9-C0AB-4BEE-971E-5D9361A5BBFF}.LuluSoftStage|Any CPU.ActiveCfg = Release|Any CPU
		{003D88D9-C0AB-4BEE-971E-5D9361A5BBFF}.LuluSoftStage|Any CPU.Build.0 = Release|Any CPU
		{003D88D9-C0AB-4BEE-971E-5D9361A5BBFF}.PdfForgeDebug|Any CPU.ActiveCfg = Debug|Any CPU
		{003D88D9-C0AB-4BEE-971E-5D9361A5BBFF}.PdfForgeDebug|Any CPU.Build.0 = Debug|Any CPU
		{003D88D9-C0AB-4BEE-971E-5D9361A5BBFF}.PdfForgeDevel|Any CPU.ActiveCfg = Release|Any CPU
		{003D88D9-C0AB-4BEE-971E-5D9361A5BBFF}.PdfForgeDevel|Any CPU.Build.0 = Release|Any CPU
		{003D88D9-C0AB-4BEE-971E-5D9361A5BBFF}.PdfForgeRelease|Any CPU.ActiveCfg = Release|Any CPU
		{003D88D9-C0AB-4BEE-971E-5D9361A5BBFF}.PdfForgeRelease|Any CPU.Build.0 = Release|Any CPU
		{003D88D9-C0AB-4BEE-971E-5D9361A5BBFF}.PdfForgeStage|Any CPU.ActiveCfg = Release|Any CPU
		{003D88D9-C0AB-4BEE-971E-5D9361A5BBFF}.PdfForgeStage|Any CPU.Build.0 = Release|Any CPU
		{003D88D9-C0AB-4BEE-971E-5D9361A5BBFF}.PdfSamDebug|Any CPU.ActiveCfg = Debug|Any CPU
		{003D88D9-C0AB-4BEE-971E-5D9361A5BBFF}.PdfSamDebug|Any CPU.Build.0 = Debug|Any CPU
		{003D88D9-C0AB-4BEE-971E-5D9361A5BBFF}.PdfSamRelease|Any CPU.ActiveCfg = Release|Any CPU
		{003D88D9-C0AB-4BEE-971E-5D9361A5BBFF}.PdfSamRelease|Any CPU.Build.0 = Release|Any CPU
		{003D88D9-C0AB-4BEE-971E-5D9361A5BBFF}.PdfSamStage|Any CPU.ActiveCfg = Release|Any CPU
		{003D88D9-C0AB-4BEE-971E-5D9361A5BBFF}.PdfSamStage|Any CPU.Build.0 = Release|Any CPU
		{003D88D9-C0AB-4BEE-971E-5D9361A5BBFF}.Release|Any CPU.ActiveCfg = Release|Any CPU
		{003D88D9-C0AB-4BEE-971E-5D9361A5BBFF}.Release|Any CPU.Build.0 = Release|Any CPU
		{AB4C0BAA-407A-447D-A8AA-3CB7C0D8EAE1}.Debug|Any CPU.ActiveCfg = Debug|Any CPU
		{AB4C0BAA-407A-447D-A8AA-3CB7C0D8EAE1}.Debug|Any CPU.Build.0 = Debug|Any CPU
		{AB4C0BAA-407A-447D-A8AA-3CB7C0D8EAE1}.LuluSoftDebug|Any CPU.ActiveCfg = Debug|Any CPU
		{AB4C0BAA-407A-447D-A8AA-3CB7C0D8EAE1}.LuluSoftDebug|Any CPU.Build.0 = Debug|Any CPU
		{AB4C0BAA-407A-447D-A8AA-3CB7C0D8EAE1}.LuluSoftDevel|Any CPU.ActiveCfg = Release|Any CPU
		{AB4C0BAA-407A-447D-A8AA-3CB7C0D8EAE1}.LuluSoftDevel|Any CPU.Build.0 = Release|Any CPU
		{AB4C0BAA-407A-447D-A8AA-3CB7C0D8EAE1}.LuluSoftRelease|Any CPU.ActiveCfg = Release|Any CPU
		{AB4C0BAA-407A-447D-A8AA-3CB7C0D8EAE1}.LuluSoftRelease|Any CPU.Build.0 = Release|Any CPU
		{AB4C0BAA-407A-447D-A8AA-3CB7C0D8EAE1}.LuluSoftStage|Any CPU.ActiveCfg = Release|Any CPU
		{AB4C0BAA-407A-447D-A8AA-3CB7C0D8EAE1}.LuluSoftStage|Any CPU.Build.0 = Release|Any CPU
		{AB4C0BAA-407A-447D-A8AA-3CB7C0D8EAE1}.PdfForgeDebug|Any CPU.ActiveCfg = Debug|Any CPU
		{AB4C0BAA-407A-447D-A8AA-3CB7C0D8EAE1}.PdfForgeDebug|Any CPU.Build.0 = Debug|Any CPU
		{AB4C0BAA-407A-447D-A8AA-3CB7C0D8EAE1}.PdfForgeDevel|Any CPU.ActiveCfg = Release|Any CPU
		{AB4C0BAA-407A-447D-A8AA-3CB7C0D8EAE1}.PdfForgeDevel|Any CPU.Build.0 = Release|Any CPU
		{AB4C0BAA-407A-447D-A8AA-3CB7C0D8EAE1}.PdfForgeRelease|Any CPU.ActiveCfg = Release|Any CPU
		{AB4C0BAA-407A-447D-A8AA-3CB7C0D8EAE1}.PdfForgeRelease|Any CPU.Build.0 = Release|Any CPU
		{AB4C0BAA-407A-447D-A8AA-3CB7C0D8EAE1}.PdfForgeStage|Any CPU.ActiveCfg = Release|Any CPU
		{AB4C0BAA-407A-447D-A8AA-3CB7C0D8EAE1}.PdfForgeStage|Any CPU.Build.0 = Release|Any CPU
		{AB4C0BAA-407A-447D-A8AA-3CB7C0D8EAE1}.PdfSamDebug|Any CPU.ActiveCfg = Debug|Any CPU
		{AB4C0BAA-407A-447D-A8AA-3CB7C0D8EAE1}.PdfSamDebug|Any CPU.Build.0 = Debug|Any CPU
		{AB4C0BAA-407A-447D-A8AA-3CB7C0D8EAE1}.PdfSamRelease|Any CPU.ActiveCfg = Release|Any CPU
		{AB4C0BAA-407A-447D-A8AA-3CB7C0D8EAE1}.PdfSamRelease|Any CPU.Build.0 = Release|Any CPU
		{AB4C0BAA-407A-447D-A8AA-3CB7C0D8EAE1}.PdfSamStage|Any CPU.ActiveCfg = Release|Any CPU
		{AB4C0BAA-407A-447D-A8AA-3CB7C0D8EAE1}.PdfSamStage|Any CPU.Build.0 = Release|Any CPU
		{AB4C0BAA-407A-447D-A8AA-3CB7C0D8EAE1}.Release|Any CPU.ActiveCfg = Release|Any CPU
		{AB4C0BAA-407A-447D-A8AA-3CB7C0D8EAE1}.Release|Any CPU.Build.0 = Release|Any CPU
		{E14BF87F-6BCE-4925-BCCB-7958B90E7989}.Debug|Any CPU.ActiveCfg = Debug|Any CPU
		{E14BF87F-6BCE-4925-BCCB-7958B90E7989}.Debug|Any CPU.Build.0 = Debug|Any CPU
		{E14BF87F-6BCE-4925-BCCB-7958B90E7989}.LuluSoftDebug|Any CPU.ActiveCfg = Debug|Any CPU
		{E14BF87F-6BCE-4925-BCCB-7958B90E7989}.LuluSoftDebug|Any CPU.Build.0 = Debug|Any CPU
		{E14BF87F-6BCE-4925-BCCB-7958B90E7989}.LuluSoftDevel|Any CPU.ActiveCfg = Release|Any CPU
		{E14BF87F-6BCE-4925-BCCB-7958B90E7989}.LuluSoftDevel|Any CPU.Build.0 = Release|Any CPU
		{E14BF87F-6BCE-4925-BCCB-7958B90E7989}.LuluSoftRelease|Any CPU.ActiveCfg = Release|Any CPU
		{E14BF87F-6BCE-4925-BCCB-7958B90E7989}.LuluSoftRelease|Any CPU.Build.0 = Release|Any CPU
		{E14BF87F-6BCE-4925-BCCB-7958B90E7989}.LuluSoftStage|Any CPU.ActiveCfg = Release|Any CPU
		{E14BF87F-6BCE-4925-BCCB-7958B90E7989}.LuluSoftStage|Any CPU.Build.0 = Release|Any CPU
		{E14BF87F-6BCE-4925-BCCB-7958B90E7989}.PdfForgeDebug|Any CPU.ActiveCfg = Debug|Any CPU
		{E14BF87F-6BCE-4925-BCCB-7958B90E7989}.PdfForgeDebug|Any CPU.Build.0 = Debug|Any CPU
		{E14BF87F-6BCE-4925-BCCB-7958B90E7989}.PdfForgeDevel|Any CPU.ActiveCfg = Release|Any CPU
		{E14BF87F-6BCE-4925-BCCB-7958B90E7989}.PdfForgeDevel|Any CPU.Build.0 = Release|Any CPU
		{E14BF87F-6BCE-4925-BCCB-7958B90E7989}.PdfForgeRelease|Any CPU.ActiveCfg = Release|Any CPU
		{E14BF87F-6BCE-4925-BCCB-7958B90E7989}.PdfForgeRelease|Any CPU.Build.0 = Release|Any CPU
		{E14BF87F-6BCE-4925-BCCB-7958B90E7989}.PdfForgeStage|Any CPU.ActiveCfg = Release|Any CPU
		{E14BF87F-6BCE-4925-BCCB-7958B90E7989}.PdfForgeStage|Any CPU.Build.0 = Release|Any CPU
		{E14BF87F-6BCE-4925-BCCB-7958B90E7989}.PdfSamDebug|Any CPU.ActiveCfg = Debug|Any CPU
		{E14BF87F-6BCE-4925-BCCB-7958B90E7989}.PdfSamDebug|Any CPU.Build.0 = Debug|Any CPU
		{E14BF87F-6BCE-4925-BCCB-7958B90E7989}.PdfSamRelease|Any CPU.ActiveCfg = Release|Any CPU
		{E14BF87F-6BCE-4925-BCCB-7958B90E7989}.PdfSamRelease|Any CPU.Build.0 = Release|Any CPU
		{E14BF87F-6BCE-4925-BCCB-7958B90E7989}.PdfSamStage|Any CPU.ActiveCfg = Release|Any CPU
		{E14BF87F-6BCE-4925-BCCB-7958B90E7989}.PdfSamStage|Any CPU.Build.0 = Release|Any CPU
		{E14BF87F-6BCE-4925-BCCB-7958B90E7989}.Release|Any CPU.ActiveCfg = Release|Any CPU
		{E14BF87F-6BCE-4925-BCCB-7958B90E7989}.Release|Any CPU.Build.0 = Release|Any CPU
		{8638100F-2493-4A03-A0DF-05EB7EC34282}.Debug|Any CPU.ActiveCfg = LuluSoftDebug|Any CPU
		{8638100F-2493-4A03-A0DF-05EB7EC34282}.Debug|Any CPU.Build.0 = LuluSoftDebug|Any CPU
		{8638100F-2493-4A03-A0DF-05EB7EC34282}.LuluSoftDebug|Any CPU.ActiveCfg = LuluSoftDebug|Any CPU
		{8638100F-2493-4A03-A0DF-05EB7EC34282}.LuluSoftDebug|Any CPU.Build.0 = LuluSoftDebug|Any CPU
		{8638100F-2493-4A03-A0DF-05EB7EC34282}.LuluSoftDevel|Any CPU.ActiveCfg = LuluSoftDebug|Any CPU
		{8638100F-2493-4A03-A0DF-05EB7EC34282}.LuluSoftRelease|Any CPU.ActiveCfg = LuluSoftDebug|Any CPU
		{8638100F-2493-4A03-A0DF-05EB7EC34282}.LuluSoftStage|Any CPU.ActiveCfg = LuluSoftDebug|Any CPU
		{8638100F-2493-4A03-A0DF-05EB7EC34282}.PdfForgeDebug|Any CPU.ActiveCfg = PdfForgeDebug|Any CPU
		{8638100F-2493-4A03-A0DF-05EB7EC34282}.PdfForgeDebug|Any CPU.Build.0 = PdfForgeDebug|Any CPU
		{8638100F-2493-4A03-A0DF-05EB7EC34282}.PdfForgeDevel|Any CPU.ActiveCfg = PdfForgeDebug|Any CPU
		{8638100F-2493-4A03-A0DF-05EB7EC34282}.PdfForgeRelease|Any CPU.ActiveCfg = PdfForgeDebug|Any CPU
		{8638100F-2493-4A03-A0DF-05EB7EC34282}.PdfForgeStage|Any CPU.ActiveCfg = PdfForgeDebug|Any CPU
		{8638100F-2493-4A03-A0DF-05EB7EC34282}.PdfSamDebug|Any CPU.ActiveCfg = LuluSoftDebug|Any CPU
		{8638100F-2493-4A03-A0DF-05EB7EC34282}.PdfSamDebug|Any CPU.Build.0 = LuluSoftDebug|Any CPU
		{8638100F-2493-4A03-A0DF-05EB7EC34282}.PdfSamRelease|Any CPU.ActiveCfg = PdfSamDebug|Any CPU
		{8638100F-2493-4A03-A0DF-05EB7EC34282}.PdfSamStage|Any CPU.ActiveCfg = PdfSamDebug|Any CPU
		{8638100F-2493-4A03-A0DF-05EB7EC34282}.Release|Any CPU.ActiveCfg = LuluSoftDebug|Any CPU
		{8638100F-2493-4A03-A0DF-05EB7EC34282}.Release|Any CPU.Build.0 = LuluSoftDebug|Any CPU
		{CCE67EF5-A900-48CE-BF76-4E858EBF9E88}.Debug|Any CPU.ActiveCfg = LuluSoftDebug|Any CPU
		{CCE67EF5-A900-48CE-BF76-4E858EBF9E88}.Debug|Any CPU.Build.0 = LuluSoftDebug|Any CPU
		{CCE67EF5-A900-48CE-BF76-4E858EBF9E88}.LuluSoftDebug|Any CPU.ActiveCfg = LuluSoftDebug|Any CPU
		{CCE67EF5-A900-48CE-BF76-4E858EBF9E88}.LuluSoftDebug|Any CPU.Build.0 = LuluSoftDebug|Any CPU
		{CCE67EF5-A900-48CE-BF76-4E858EBF9E88}.LuluSoftDevel|Any CPU.ActiveCfg = LuluSoftDevel|Any CPU
		{CCE67EF5-A900-48CE-BF76-4E858EBF9E88}.LuluSoftDevel|Any CPU.Build.0 = LuluSoftDevel|Any CPU
		{CCE67EF5-A900-48CE-BF76-4E858EBF9E88}.LuluSoftRelease|Any CPU.ActiveCfg = LuluSoftRelease|Any CPU
		{CCE67EF5-A900-48CE-BF76-4E858EBF9E88}.LuluSoftRelease|Any CPU.Build.0 = LuluSoftRelease|Any CPU
		{CCE67EF5-A900-48CE-BF76-4E858EBF9E88}.LuluSoftStage|Any CPU.ActiveCfg = LuluSoftStage|Any CPU
		{CCE67EF5-A900-48CE-BF76-4E858EBF9E88}.LuluSoftStage|Any CPU.Build.0 = LuluSoftStage|Any CPU
		{CCE67EF5-A900-48CE-BF76-4E858EBF9E88}.PdfForgeDebug|Any CPU.ActiveCfg = LuluSoftDebug|Any CPU
		{CCE67EF5-A900-48CE-BF76-4E858EBF9E88}.PdfForgeDebug|Any CPU.Build.0 = LuluSoftDebug|Any CPU
		{CCE67EF5-A900-48CE-BF76-4E858EBF9E88}.PdfForgeDevel|Any CPU.ActiveCfg = LuluSoftRelease|Any CPU
		{CCE67EF5-A900-48CE-BF76-4E858EBF9E88}.PdfForgeDevel|Any CPU.Build.0 = LuluSoftRelease|Any CPU
		{CCE67EF5-A900-48CE-BF76-4E858EBF9E88}.PdfForgeRelease|Any CPU.ActiveCfg = LuluSoftRelease|Any CPU
		{CCE67EF5-A900-48CE-BF76-4E858EBF9E88}.PdfForgeRelease|Any CPU.Build.0 = LuluSoftRelease|Any CPU
		{CCE67EF5-A900-48CE-BF76-4E858EBF9E88}.PdfForgeStage|Any CPU.ActiveCfg = LuluSoftRelease|Any CPU
		{CCE67EF5-A900-48CE-BF76-4E858EBF9E88}.PdfForgeStage|Any CPU.Build.0 = LuluSoftRelease|Any CPU
		{CCE67EF5-A900-48CE-BF76-4E858EBF9E88}.PdfSamDebug|Any CPU.ActiveCfg = LuluSoftDebug|Any CPU
		{CCE67EF5-A900-48CE-BF76-4E858EBF9E88}.PdfSamRelease|Any CPU.ActiveCfg = LuluSoftRelease|Any CPU
		{CCE67EF5-A900-48CE-BF76-4E858EBF9E88}.PdfSamStage|Any CPU.ActiveCfg = LuluSoftStage|Any CPU
		{CCE67EF5-A900-48CE-BF76-4E858EBF9E88}.Release|Any CPU.ActiveCfg = LuluSoftRelease|Any CPU
		{CCE67EF5-A900-48CE-BF76-4E858EBF9E88}.Release|Any CPU.Build.0 = LuluSoftRelease|Any CPU
		{B2852F29-2BC2-4E6E-B5CD-1C1670F72ECC}.Debug|Any CPU.ActiveCfg = Debug|Any CPU
		{B2852F29-2BC2-4E6E-B5CD-1C1670F72ECC}.Debug|Any CPU.Build.0 = Debug|Any CPU
		{B2852F29-2BC2-4E6E-B5CD-1C1670F72ECC}.LuluSoftDebug|Any CPU.ActiveCfg = Debug|Any CPU
		{B2852F29-2BC2-4E6E-B5CD-1C1670F72ECC}.LuluSoftDebug|Any CPU.Build.0 = Debug|Any CPU
		{B2852F29-2BC2-4E6E-B5CD-1C1670F72ECC}.LuluSoftDevel|Any CPU.ActiveCfg = Release|Any CPU
		{B2852F29-2BC2-4E6E-B5CD-1C1670F72ECC}.LuluSoftDevel|Any CPU.Build.0 = Release|Any CPU
		{B2852F29-2BC2-4E6E-B5CD-1C1670F72ECC}.LuluSoftRelease|Any CPU.ActiveCfg = Release|Any CPU
		{B2852F29-2BC2-4E6E-B5CD-1C1670F72ECC}.LuluSoftRelease|Any CPU.Build.0 = Release|Any CPU
		{B2852F29-2BC2-4E6E-B5CD-1C1670F72ECC}.LuluSoftStage|Any CPU.ActiveCfg = Release|Any CPU
		{B2852F29-2BC2-4E6E-B5CD-1C1670F72ECC}.LuluSoftStage|Any CPU.Build.0 = Release|Any CPU
		{B2852F29-2BC2-4E6E-B5CD-1C1670F72ECC}.PdfForgeDebug|Any CPU.ActiveCfg = Debug|Any CPU
		{B2852F29-2BC2-4E6E-B5CD-1C1670F72ECC}.PdfForgeDebug|Any CPU.Build.0 = Debug|Any CPU
		{B2852F29-2BC2-4E6E-B5CD-1C1670F72ECC}.PdfForgeDevel|Any CPU.ActiveCfg = Release|Any CPU
		{B2852F29-2BC2-4E6E-B5CD-1C1670F72ECC}.PdfForgeDevel|Any CPU.Build.0 = Release|Any CPU
		{B2852F29-2BC2-4E6E-B5CD-1C1670F72ECC}.PdfForgeRelease|Any CPU.ActiveCfg = Release|Any CPU
		{B2852F29-2BC2-4E6E-B5CD-1C1670F72ECC}.PdfForgeRelease|Any CPU.Build.0 = Release|Any CPU
		{B2852F29-2BC2-4E6E-B5CD-1C1670F72ECC}.PdfForgeStage|Any CPU.ActiveCfg = Release|Any CPU
		{B2852F29-2BC2-4E6E-B5CD-1C1670F72ECC}.PdfForgeStage|Any CPU.Build.0 = Release|Any CPU
		{B2852F29-2BC2-4E6E-B5CD-1C1670F72ECC}.PdfSamDebug|Any CPU.ActiveCfg = Debug|Any CPU
		{B2852F29-2BC2-4E6E-B5CD-1C1670F72ECC}.PdfSamDebug|Any CPU.Build.0 = Debug|Any CPU
		{B2852F29-2BC2-4E6E-B5CD-1C1670F72ECC}.PdfSamRelease|Any CPU.ActiveCfg = Release|Any CPU
		{B2852F29-2BC2-4E6E-B5CD-1C1670F72ECC}.PdfSamRelease|Any CPU.Build.0 = Release|Any CPU
		{B2852F29-2BC2-4E6E-B5CD-1C1670F72ECC}.PdfSamStage|Any CPU.ActiveCfg = Release|Any CPU
		{B2852F29-2BC2-4E6E-B5CD-1C1670F72ECC}.PdfSamStage|Any CPU.Build.0 = Release|Any CPU
		{B2852F29-2BC2-4E6E-B5CD-1C1670F72ECC}.Release|Any CPU.ActiveCfg = Release|Any CPU
		{B2852F29-2BC2-4E6E-B5CD-1C1670F72ECC}.Release|Any CPU.Build.0 = Release|Any CPU
		{DA21AC3B-BFFB-4582-B0F5-B24229138B93}.Debug|Any CPU.ActiveCfg = Debug|Any CPU
		{DA21AC3B-BFFB-4582-B0F5-B24229138B93}.Debug|Any CPU.Build.0 = Debug|Any CPU
		{DA21AC3B-BFFB-4582-B0F5-B24229138B93}.LuluSoftDebug|Any CPU.ActiveCfg = Debug|Any CPU
		{DA21AC3B-BFFB-4582-B0F5-B24229138B93}.LuluSoftDebug|Any CPU.Build.0 = Debug|Any CPU
		{DA21AC3B-BFFB-4582-B0F5-B24229138B93}.LuluSoftDevel|Any CPU.ActiveCfg = Release|Any CPU
		{DA21AC3B-BFFB-4582-B0F5-B24229138B93}.LuluSoftDevel|Any CPU.Build.0 = Release|Any CPU
		{DA21AC3B-BFFB-4582-B0F5-B24229138B93}.LuluSoftRelease|Any CPU.ActiveCfg = Release|Any CPU
		{DA21AC3B-BFFB-4582-B0F5-B24229138B93}.LuluSoftRelease|Any CPU.Build.0 = Release|Any CPU
		{DA21AC3B-BFFB-4582-B0F5-B24229138B93}.LuluSoftStage|Any CPU.ActiveCfg = Release|Any CPU
		{DA21AC3B-BFFB-4582-B0F5-B24229138B93}.LuluSoftStage|Any CPU.Build.0 = Release|Any CPU
		{DA21AC3B-BFFB-4582-B0F5-B24229138B93}.PdfForgeDebug|Any CPU.ActiveCfg = Debug|Any CPU
		{DA21AC3B-BFFB-4582-B0F5-B24229138B93}.PdfForgeDebug|Any CPU.Build.0 = Debug|Any CPU
		{DA21AC3B-BFFB-4582-B0F5-B24229138B93}.PdfForgeDevel|Any CPU.ActiveCfg = Release|Any CPU
		{DA21AC3B-BFFB-4582-B0F5-B24229138B93}.PdfForgeDevel|Any CPU.Build.0 = Release|Any CPU
		{DA21AC3B-BFFB-4582-B0F5-B24229138B93}.PdfForgeRelease|Any CPU.ActiveCfg = Release|Any CPU
		{DA21AC3B-BFFB-4582-B0F5-B24229138B93}.PdfForgeRelease|Any CPU.Build.0 = Release|Any CPU
		{DA21AC3B-BFFB-4582-B0F5-B24229138B93}.PdfForgeStage|Any CPU.ActiveCfg = Release|Any CPU
		{DA21AC3B-BFFB-4582-B0F5-B24229138B93}.PdfForgeStage|Any CPU.Build.0 = Release|Any CPU
		{DA21AC3B-BFFB-4582-B0F5-B24229138B93}.PdfSamDebug|Any CPU.ActiveCfg = Debug|Any CPU
		{DA21AC3B-BFFB-4582-B0F5-B24229138B93}.PdfSamDebug|Any CPU.Build.0 = Debug|Any CPU
		{DA21AC3B-BFFB-4582-B0F5-B24229138B93}.PdfSamRelease|Any CPU.ActiveCfg = Release|Any CPU
		{DA21AC3B-BFFB-4582-B0F5-B24229138B93}.PdfSamRelease|Any CPU.Build.0 = Release|Any CPU
		{DA21AC3B-BFFB-4582-B0F5-B24229138B93}.PdfSamStage|Any CPU.ActiveCfg = Release|Any CPU
		{DA21AC3B-BFFB-4582-B0F5-B24229138B93}.PdfSamStage|Any CPU.Build.0 = Release|Any CPU
		{DA21AC3B-BFFB-4582-B0F5-B24229138B93}.Release|Any CPU.ActiveCfg = Release|Any CPU
		{DA21AC3B-BFFB-4582-B0F5-B24229138B93}.Release|Any CPU.Build.0 = Release|Any CPU
		{BD1A549A-C760-4C6C-A02A-0BD289AB67DE}.Debug|Any CPU.ActiveCfg = Debug|Any CPU
		{BD1A549A-C760-4C6C-A02A-0BD289AB67DE}.Debug|Any CPU.Build.0 = Debug|Any CPU
		{BD1A549A-C760-4C6C-A02A-0BD289AB67DE}.LuluSoftDebug|Any CPU.ActiveCfg = Debug|Any CPU
		{BD1A549A-C760-4C6C-A02A-0BD289AB67DE}.LuluSoftDebug|Any CPU.Build.0 = Debug|Any CPU
		{BD1A549A-C760-4C6C-A02A-0BD289AB67DE}.LuluSoftDevel|Any CPU.ActiveCfg = Release|Any CPU
		{BD1A549A-C760-4C6C-A02A-0BD289AB67DE}.LuluSoftRelease|Any CPU.ActiveCfg = Release|Any CPU
		{BD1A549A-C760-4C6C-A02A-0BD289AB67DE}.LuluSoftStage|Any CPU.ActiveCfg = Release|Any CPU
		{BD1A549A-C760-4C6C-A02A-0BD289AB67DE}.PdfForgeDebug|Any CPU.ActiveCfg = Debug|Any CPU
		{BD1A549A-C760-4C6C-A02A-0BD289AB67DE}.PdfForgeDebug|Any CPU.Build.0 = Debug|Any CPU
		{BD1A549A-C760-4C6C-A02A-0BD289AB67DE}.PdfForgeDevel|Any CPU.ActiveCfg = Release|Any CPU
		{BD1A549A-C760-4C6C-A02A-0BD289AB67DE}.PdfForgeRelease|Any CPU.ActiveCfg = Release|Any CPU
		{BD1A549A-C760-4C6C-A02A-0BD289AB67DE}.PdfForgeStage|Any CPU.ActiveCfg = Release|Any CPU
		{BD1A549A-C760-4C6C-A02A-0BD289AB67DE}.PdfSamDebug|Any CPU.ActiveCfg = Debug|Any CPU
		{BD1A549A-C760-4C6C-A02A-0BD289AB67DE}.PdfSamDebug|Any CPU.Build.0 = Debug|Any CPU
		{BD1A549A-C760-4C6C-A02A-0BD289AB67DE}.PdfSamRelease|Any CPU.ActiveCfg = Release|Any CPU
		{BD1A549A-C760-4C6C-A02A-0BD289AB67DE}.PdfSamStage|Any CPU.ActiveCfg = Release|Any CPU
		{BD1A549A-C760-4C6C-A02A-0BD289AB67DE}.Release|Any CPU.ActiveCfg = Release|Any CPU
		{BD1A549A-C760-4C6C-A02A-0BD289AB67DE}.Release|Any CPU.Build.0 = Release|Any CPU
		{65315A36-43F8-4B94-A997-41CE9535EC21}.Debug|Any CPU.ActiveCfg = Debug|Any CPU
		{65315A36-43F8-4B94-A997-41CE9535EC21}.Debug|Any CPU.Build.0 = Debug|Any CPU
		{65315A36-43F8-4B94-A997-41CE9535EC21}.LuluSoftDebug|Any CPU.ActiveCfg = Debug|Any CPU
		{65315A36-43F8-4B94-A997-41CE9535EC21}.LuluSoftDebug|Any CPU.Build.0 = Debug|Any CPU
		{65315A36-43F8-4B94-A997-41CE9535EC21}.LuluSoftDevel|Any CPU.ActiveCfg = Release|Any CPU
		{65315A36-43F8-4B94-A997-41CE9535EC21}.LuluSoftDevel|Any CPU.Build.0 = Release|Any CPU
		{65315A36-43F8-4B94-A997-41CE9535EC21}.LuluSoftRelease|Any CPU.ActiveCfg = Release|Any CPU
		{65315A36-43F8-4B94-A997-41CE9535EC21}.LuluSoftRelease|Any CPU.Build.0 = Release|Any CPU
		{65315A36-43F8-4B94-A997-41CE9535EC21}.LuluSoftStage|Any CPU.ActiveCfg = Release|Any CPU
		{65315A36-43F8-4B94-A997-41CE9535EC21}.LuluSoftStage|Any CPU.Build.0 = Release|Any CPU
		{65315A36-43F8-4B94-A997-41CE9535EC21}.PdfForgeDebug|Any CPU.ActiveCfg = Debug|Any CPU
		{65315A36-43F8-4B94-A997-41CE9535EC21}.PdfForgeDebug|Any CPU.Build.0 = Debug|Any CPU
		{65315A36-43F8-4B94-A997-41CE9535EC21}.PdfForgeDevel|Any CPU.ActiveCfg = Release|Any CPU
		{65315A36-43F8-4B94-A997-41CE9535EC21}.PdfForgeDevel|Any CPU.Build.0 = Release|Any CPU
		{65315A36-43F8-4B94-A997-41CE9535EC21}.PdfForgeRelease|Any CPU.ActiveCfg = Release|Any CPU
		{65315A36-43F8-4B94-A997-41CE9535EC21}.PdfForgeRelease|Any CPU.Build.0 = Release|Any CPU
		{65315A36-43F8-4B94-A997-41CE9535EC21}.PdfForgeStage|Any CPU.ActiveCfg = Release|Any CPU
		{65315A36-43F8-4B94-A997-41CE9535EC21}.PdfForgeStage|Any CPU.Build.0 = Release|Any CPU
		{65315A36-43F8-4B94-A997-41CE9535EC21}.PdfSamDebug|Any CPU.ActiveCfg = Debug|Any CPU
		{65315A36-43F8-4B94-A997-41CE9535EC21}.PdfSamDebug|Any CPU.Build.0 = Debug|Any CPU
		{65315A36-43F8-4B94-A997-41CE9535EC21}.PdfSamRelease|Any CPU.ActiveCfg = Release|Any CPU
		{65315A36-43F8-4B94-A997-41CE9535EC21}.PdfSamRelease|Any CPU.Build.0 = Release|Any CPU
		{65315A36-43F8-4B94-A997-41CE9535EC21}.PdfSamStage|Any CPU.ActiveCfg = Release|Any CPU
		{65315A36-43F8-4B94-A997-41CE9535EC21}.PdfSamStage|Any CPU.Build.0 = Release|Any CPU
		{65315A36-43F8-4B94-A997-41CE9535EC21}.Release|Any CPU.ActiveCfg = Release|Any CPU
		{65315A36-43F8-4B94-A997-41CE9535EC21}.Release|Any CPU.Build.0 = Release|Any CPU
		{F70657B5-8A52-4847-B497-63961B93523F}.Debug|Any CPU.ActiveCfg = LuluSoftDebug|Any CPU
		{F70657B5-8A52-4847-B497-63961B93523F}.Debug|Any CPU.Build.0 = LuluSoftDebug|Any CPU
		{F70657B5-8A52-4847-B497-63961B93523F}.LuluSoftDebug|Any CPU.ActiveCfg = LuluSoftDebug|Any CPU
		{F70657B5-8A52-4847-B497-63961B93523F}.LuluSoftDebug|Any CPU.Build.0 = LuluSoftDebug|Any CPU
		{F70657B5-8A52-4847-B497-63961B93523F}.LuluSoftDevel|Any CPU.ActiveCfg = LuluSoftDevel|Any CPU
		{F70657B5-8A52-4847-B497-63961B93523F}.LuluSoftDevel|Any CPU.Build.0 = LuluSoftDevel|Any CPU
		{F70657B5-8A52-4847-B497-63961B93523F}.LuluSoftRelease|Any CPU.ActiveCfg = LuluSoftRelease|Any CPU
		{F70657B5-8A52-4847-B497-63961B93523F}.LuluSoftRelease|Any CPU.Build.0 = LuluSoftRelease|Any CPU
		{F70657B5-8A52-4847-B497-63961B93523F}.LuluSoftStage|Any CPU.ActiveCfg = LuluSoftStage|Any CPU
		{F70657B5-8A52-4847-B497-63961B93523F}.LuluSoftStage|Any CPU.Build.0 = LuluSoftStage|Any CPU
		{F70657B5-8A52-4847-B497-63961B93523F}.PdfForgeDebug|Any CPU.ActiveCfg = PdfForgeDebug|Any CPU
		{F70657B5-8A52-4847-B497-63961B93523F}.PdfForgeDebug|Any CPU.Build.0 = PdfForgeDebug|Any CPU
		{F70657B5-8A52-4847-B497-63961B93523F}.PdfForgeDevel|Any CPU.ActiveCfg = PdfForgeDevel|Any CPU
		{F70657B5-8A52-4847-B497-63961B93523F}.PdfForgeDevel|Any CPU.Build.0 = PdfForgeDevel|Any CPU
		{F70657B5-8A52-4847-B497-63961B93523F}.PdfForgeRelease|Any CPU.ActiveCfg = PdfForgeRelease|Any CPU
		{F70657B5-8A52-4847-B497-63961B93523F}.PdfForgeRelease|Any CPU.Build.0 = PdfForgeRelease|Any CPU
		{F70657B5-8A52-4847-B497-63961B93523F}.PdfForgeStage|Any CPU.ActiveCfg = PdfForgeStage|Any CPU
		{F70657B5-8A52-4847-B497-63961B93523F}.PdfForgeStage|Any CPU.Build.0 = PdfForgeStage|Any CPU
		{F70657B5-8A52-4847-B497-63961B93523F}.PdfSamDebug|Any CPU.ActiveCfg = LuluSoftDebug|Any CPU
		{F70657B5-8A52-4847-B497-63961B93523F}.PdfSamDebug|Any CPU.Build.0 = LuluSoftDebug|Any CPU
		{F70657B5-8A52-4847-B497-63961B93523F}.PdfSamRelease|Any CPU.ActiveCfg = PdfSamRelease|Any CPU
		{F70657B5-8A52-4847-B497-63961B93523F}.PdfSamRelease|Any CPU.Build.0 = PdfSamRelease|Any CPU
		{F70657B5-8A52-4847-B497-63961B93523F}.PdfSamStage|Any CPU.ActiveCfg = PdfSamStage|Any CPU
		{F70657B5-8A52-4847-B497-63961B93523F}.PdfSamStage|Any CPU.Build.0 = PdfSamStage|Any CPU
		{F70657B5-8A52-4847-B497-63961B93523F}.Release|Any CPU.ActiveCfg = LuluSoftRelease|Any CPU
		{F70657B5-8A52-4847-B497-63961B93523F}.Release|Any CPU.Build.0 = LuluSoftRelease|Any CPU
		{3067537F-D626-4960-B58A-BA1CA57C0428}.Debug|Any CPU.ActiveCfg = Debug|Any CPU
		{3067537F-D626-4960-B58A-BA1CA57C0428}.Debug|Any CPU.Build.0 = Debug|Any CPU
		{3067537F-D626-4960-B58A-BA1CA57C0428}.LuluSoftDebug|Any CPU.ActiveCfg = Debug|Any CPU
		{3067537F-D626-4960-B58A-BA1CA57C0428}.LuluSoftDebug|Any CPU.Build.0 = Debug|Any CPU
		{3067537F-D626-4960-B58A-BA1CA57C0428}.LuluSoftDevel|Any CPU.ActiveCfg = Release|Any CPU
		{3067537F-D626-4960-B58A-BA1CA57C0428}.LuluSoftDevel|Any CPU.Build.0 = Release|Any CPU
		{3067537F-D626-4960-B58A-BA1CA57C0428}.LuluSoftRelease|Any CPU.ActiveCfg = Release|Any CPU
		{3067537F-D626-4960-B58A-BA1CA57C0428}.LuluSoftRelease|Any CPU.Build.0 = Release|Any CPU
		{3067537F-D626-4960-B58A-BA1CA57C0428}.LuluSoftStage|Any CPU.ActiveCfg = Release|Any CPU
		{3067537F-D626-4960-B58A-BA1CA57C0428}.LuluSoftStage|Any CPU.Build.0 = Release|Any CPU
		{3067537F-D626-4960-B58A-BA1CA57C0428}.PdfForgeDebug|Any CPU.ActiveCfg = Debug|Any CPU
		{3067537F-D626-4960-B58A-BA1CA57C0428}.PdfForgeDebug|Any CPU.Build.0 = Debug|Any CPU
		{3067537F-D626-4960-B58A-BA1CA57C0428}.PdfForgeDevel|Any CPU.ActiveCfg = Release|Any CPU
		{3067537F-D626-4960-B58A-BA1CA57C0428}.PdfForgeDevel|Any CPU.Build.0 = Release|Any CPU
		{3067537F-D626-4960-B58A-BA1CA57C0428}.PdfForgeRelease|Any CPU.ActiveCfg = Release|Any CPU
		{3067537F-D626-4960-B58A-BA1CA57C0428}.PdfForgeRelease|Any CPU.Build.0 = Release|Any CPU
		{3067537F-D626-4960-B58A-BA1CA57C0428}.PdfForgeStage|Any CPU.ActiveCfg = Release|Any CPU
		{3067537F-D626-4960-B58A-BA1CA57C0428}.PdfForgeStage|Any CPU.Build.0 = Release|Any CPU
		{3067537F-D626-4960-B58A-BA1CA57C0428}.PdfSamDebug|Any CPU.ActiveCfg = Debug|Any CPU
		{3067537F-D626-4960-B58A-BA1CA57C0428}.PdfSamRelease|Any CPU.ActiveCfg = Release|Any CPU
		{3067537F-D626-4960-B58A-BA1CA57C0428}.PdfSamStage|Any CPU.ActiveCfg = Release|Any CPU
		{3067537F-D626-4960-B58A-BA1CA57C0428}.Release|Any CPU.ActiveCfg = Release|Any CPU
		{3067537F-D626-4960-B58A-BA1CA57C0428}.Release|Any CPU.Build.0 = Release|Any CPU
		{FC52E71B-2CA1-4A22-AEE3-FB1176DCE86B}.Debug|Any CPU.ActiveCfg = Debug|Any CPU
		{FC52E71B-2CA1-4A22-AEE3-FB1176DCE86B}.Debug|Any CPU.Build.0 = Debug|Any CPU
		{FC52E71B-2CA1-4A22-AEE3-FB1176DCE86B}.LuluSoftDebug|Any CPU.ActiveCfg = Debug|Any CPU
		{FC52E71B-2CA1-4A22-AEE3-FB1176DCE86B}.LuluSoftDebug|Any CPU.Build.0 = Debug|Any CPU
		{FC52E71B-2CA1-4A22-AEE3-FB1176DCE86B}.LuluSoftDevel|Any CPU.ActiveCfg = Release|Any CPU
		{FC52E71B-2CA1-4A22-AEE3-FB1176DCE86B}.LuluSoftDevel|Any CPU.Build.0 = Release|Any CPU
		{FC52E71B-2CA1-4A22-AEE3-FB1176DCE86B}.LuluSoftRelease|Any CPU.ActiveCfg = Release|Any CPU
		{FC52E71B-2CA1-4A22-AEE3-FB1176DCE86B}.LuluSoftRelease|Any CPU.Build.0 = Release|Any CPU
		{FC52E71B-2CA1-4A22-AEE3-FB1176DCE86B}.LuluSoftStage|Any CPU.ActiveCfg = Release|Any CPU
		{FC52E71B-2CA1-4A22-AEE3-FB1176DCE86B}.LuluSoftStage|Any CPU.Build.0 = Release|Any CPU
		{FC52E71B-2CA1-4A22-AEE3-FB1176DCE86B}.PdfForgeDebug|Any CPU.ActiveCfg = Debug|Any CPU
		{FC52E71B-2CA1-4A22-AEE3-FB1176DCE86B}.PdfForgeDebug|Any CPU.Build.0 = Debug|Any CPU
		{FC52E71B-2CA1-4A22-AEE3-FB1176DCE86B}.PdfForgeDevel|Any CPU.ActiveCfg = Release|Any CPU
		{FC52E71B-2CA1-4A22-AEE3-FB1176DCE86B}.PdfForgeDevel|Any CPU.Build.0 = Release|Any CPU
		{FC52E71B-2CA1-4A22-AEE3-FB1176DCE86B}.PdfForgeRelease|Any CPU.ActiveCfg = Release|Any CPU
		{FC52E71B-2CA1-4A22-AEE3-FB1176DCE86B}.PdfForgeRelease|Any CPU.Build.0 = Release|Any CPU
		{FC52E71B-2CA1-4A22-AEE3-FB1176DCE86B}.PdfForgeStage|Any CPU.ActiveCfg = Release|Any CPU
		{FC52E71B-2CA1-4A22-AEE3-FB1176DCE86B}.PdfForgeStage|Any CPU.Build.0 = Release|Any CPU
		{FC52E71B-2CA1-4A22-AEE3-FB1176DCE86B}.PdfSamDebug|Any CPU.ActiveCfg = Debug|Any CPU
		{FC52E71B-2CA1-4A22-AEE3-FB1176DCE86B}.PdfSamDebug|Any CPU.Build.0 = Debug|Any CPU
		{FC52E71B-2CA1-4A22-AEE3-FB1176DCE86B}.PdfSamRelease|Any CPU.ActiveCfg = Release|Any CPU
		{FC52E71B-2CA1-4A22-AEE3-FB1176DCE86B}.PdfSamRelease|Any CPU.Build.0 = Release|Any CPU
		{FC52E71B-2CA1-4A22-AEE3-FB1176DCE86B}.PdfSamStage|Any CPU.ActiveCfg = Release|Any CPU
		{FC52E71B-2CA1-4A22-AEE3-FB1176DCE86B}.PdfSamStage|Any CPU.Build.0 = Release|Any CPU
		{FC52E71B-2CA1-4A22-AEE3-FB1176DCE86B}.Release|Any CPU.ActiveCfg = Release|Any CPU
		{FC52E71B-2CA1-4A22-AEE3-FB1176DCE86B}.Release|Any CPU.Build.0 = Release|Any CPU
	EndGlobalSection
	GlobalSection(SolutionProperties) = preSolution
		HideSolutionNode = FALSE
	EndGlobalSection
	GlobalSection(NestedProjects) = preSolution
		{2CDF86CA-2935-4BC8-BE24-82CC3C3233E7} = {61B9A36E-94AC-4CB9-A86F-753689A89A56}
		{5DC7DC14-0DC4-4708-927E-B930F656C5B7} = {61B9A36E-94AC-4CB9-A86F-753689A89A56}
		{C12739AC-8765-4386-B955-F827B2BEFF6C} = {61B9A36E-94AC-4CB9-A86F-753689A89A56}
		{8638100F-2493-4A03-A0DF-05EB7EC34282} = {61B9A36E-94AC-4CB9-A86F-753689A89A56}
		{65315A36-43F8-4B94-A997-41CE9535EC21} = {61B9A36E-94AC-4CB9-A86F-753689A89A56}
		{F70657B5-8A52-4847-B497-63961B93523F} = {61B9A36E-94AC-4CB9-A86F-753689A89A56}
	EndGlobalSection
	GlobalSection(ExtensibilityGlobals) = postSolution
		SolutionGuid = {C30503A3-FA1D-47F1-A129-7C42C9C5B3D7}
	EndGlobalSection
EndGlobal
